
Microsoft Visual Studio Solution File, Format Version 12.00
# Visual Studio Version 16
Project("{8BC9CEB8-8B4A-11D0-8D11-00A0C91BC942}") = "ALL_BUILD", "ALL_BUILD.vcxproj", "{DE38E46B-8E01-33EB-A7E1-9D5435353C92}"
	ProjectSection(ProjectDependencies) = postProject
		{58CCCBB1-A410-3300-9E16-540FFE4F1926} = {58CCCBB1-A410-3300-9E16-540FFE4F1926}
		{439F3712-B22D-3571-98C1-A952D24394F7} = {439F3712-B22D-3571-98C1-A952D24394F7}
		{3B19303C-F464-352E-871E-3F2159C804DE} = {3B19303C-F464-352E-871E-3F2159C804DE}
		{DBC41461-08AB-3181-AB18-4F899B3A75ED} = {DBC41461-08AB-3181-AB18-4F899B3A75ED}
		{5E1CDAA7-4942-3B46-A75A-6796227492DB} = {5E1CDAA7-4942-3B46-A75A-6796227492DB}
		{F3DEF9D7-A56A-3095-839F-4FC1509FA3B9} = {F3DEF9D7-A56A-3095-839F-4FC1509FA3B9}
		{76D17E01-D777-34AC-92FD-E6A3B7478834} = {76D17E01-D777-34AC-92FD-E6A3B7478834}
		{9C42C84C-B36C-35A4-93AD-333B0DD5F850} = {9C42C84C-B36C-35A4-93AD-333B0DD5F850}
		{D5781AFB-8EFE-370A-A625-84E705430630} = {D5781AFB-8EFE-370A-A625-84E705430630}
		{CF9E6C7B-71E4-3B1F-A0F1-9A3BE8CAEDB5} = {CF9E6C7B-71E4-3B1F-A0F1-9A3BE8CAEDB5}
		{5E51D26A-2EAA-394E-860A-8779411AB4D8} = {5E51D26A-2EAA-394E-860A-8779411AB4D8}
		{905E10D1-D361-36E3-9D9D-073088B9317E} = {905E10D1-D361-36E3-9D9D-073088B9317E}
		{71635036-A4FE-3CE4-AF9F-3B4F03FA34E9} = {71635036-A4FE-3CE4-AF9F-3B4F03FA34E9}
		{8EA71F7B-C656-3704-AC04-22C333E2E040} = {8EA71F7B-C656-3704-AC04-22C333E2E040}
		{6BC725A3-C780-384A-930A-3A10C2926F2E} = {6BC725A3-C780-384A-930A-3A10C2926F2E}
	EndProjectSection
EndProject
Project("{8BC9CEB8-8B4A-11D0-8D11-00A0C91BC942}") = "Continuous", "Continuous.vcxproj", "{0CE47AF2-83C9-3A5C-ABC0-3879684D5E78}"
	ProjectSection(ProjectDependencies) = postProject
		{58CCCBB1-A410-3300-9E16-540FFE4F1926} = {58CCCBB1-A410-3300-9E16-540FFE4F1926}
	EndProjectSection
EndProject
Project("{8BC9CEB8-8B4A-11D0-8D11-00A0C91BC942}") = "Experimental", "Experimental.vcxproj", "{31894EBE-9C1F-3F56-B8C2-C22D66A1C4FA}"
	ProjectSection(ProjectDependencies) = postProject
		{58CCCBB1-A410-3300-9E16-540FFE4F1926} = {58CCCBB1-A410-3300-9E16-540FFE4F1926}
	EndProjectSection
EndProject
Project("{8BC9CEB8-8B4A-11D0-8D11-00A0C91BC942}") = "INSTALL", "INSTALL.vcxproj", "{1185E3F7-EBE9-3A92-A9E6-963E283FFA1B}"
	ProjectSection(ProjectDependencies) = postProject
		{DE38E46B-8E01-33EB-A7E1-9D5435353C92} = {DE38E46B-8E01-33EB-A7E1-9D5435353C92}
		{58CCCBB1-A410-3300-9E16-540FFE4F1926} = {58CCCBB1-A410-3300-9E16-540FFE4F1926}
	EndProjectSection
EndProject
Project("{8BC9CEB8-8B4A-11D0-8D11-00A0C91BC942}") = "Nightly", "Nightly.vcxproj", "{54E22E0F-7283-3BE9-989D-3C2AA1646E0D}"
	ProjectSection(ProjectDependencies) = postProject
		{58CCCBB1-A410-3300-9E16-540FFE4F1926} = {58CCCBB1-A410-3300-9E16-540FFE4F1926}
	EndProjectSection
EndProject
Project("{8BC9CEB8-8B4A-11D0-8D11-00A0C91BC942}") = "NightlyMemoryCheck", "NightlyMemoryCheck.vcxproj", "{B2002254-1188-35B4-8159-2E0EB5FE297A}"
	ProjectSection(ProjectDependencies) = postProject
		{58CCCBB1-A410-3300-9E16-540FFE4F1926} = {58CCCBB1-A410-3300-9E16-540FFE4F1926}
	EndProjectSection
EndProject
Project("{8BC9CEB8-8B4A-11D0-8D11-00A0C91BC942}") = "RUN_TESTS", "RUN_TESTS.vcxproj", "{F71B2EEF-D939-3CF5-9780-0BA8D50DE9B0}"
	ProjectSection(ProjectDependencies) = postProject
		{58CCCBB1-A410-3300-9E16-540FFE4F1926} = {58CCCBB1-A410-3300-9E16-540FFE4F1926}
	EndProjectSection
EndProject
Project("{8BC9CEB8-8B4A-11D0-8D11-00A0C91BC942}") = "ZERO_CHECK", "ZERO_CHECK.vcxproj", "{58CCCBB1-A410-3300-9E16-540FFE4F1926}"
	ProjectSection(ProjectDependencies) = postProject
	EndProjectSection
EndProject
Project("{8BC9CEB8-8B4A-11D0-8D11-00A0C91BC942}") = "example-deconstructor", "tests\example-deconstructor.vcxproj", "{439F3712-B22D-3571-98C1-A952D24394F7}"
	ProjectSection(ProjectDependencies) = postProject
		{58CCCBB1-A410-3300-9E16-540FFE4F1926} = {58CCCBB1-A410-3300-9E16-540FFE4F1926}
		{6BC725A3-C780-384A-930A-3A10C2926F2E} = {6BC725A3-C780-384A-930A-3A10C2926F2E}
	EndProjectSection
EndProject
Project("{8BC9CEB8-8B4A-11D0-8D11-00A0C91BC942}") = "example-deconstructor-alt", "tests\example-deconstructor-alt.vcxproj", "{3B19303C-F464-352E-871E-3F2159C804DE}"
	ProjectSection(ProjectDependencies) = postProject
		{58CCCBB1-A410-3300-9E16-540FFE4F1926} = {58CCCBB1-A410-3300-9E16-540FFE4F1926}
		{6BC725A3-C780-384A-930A-3A10C2926F2E} = {6BC725A3-C780-384A-930A-3A10C2926F2E}
	EndProjectSection
EndProject
Project("{8BC9CEB8-8B4A-11D0-8D11-00A0C91BC942}") = "example-reformatter", "tests\example-reformatter.vcxproj", "{DBC41461-08AB-3181-AB18-4F899B3A75ED}"
	ProjectSection(ProjectDependencies) = postProject
		{58CCCBB1-A410-3300-9E16-540FFE4F1926} = {58CCCBB1-A410-3300-9E16-540FFE4F1926}
		{6BC725A3-C780-384A-930A-3A10C2926F2E} = {6BC725A3-C780-384A-930A-3A10C2926F2E}
	EndProjectSection
EndProject
Project("{8BC9CEB8-8B4A-11D0-8D11-00A0C91BC942}") = "example-reformatter-alt", "tests\example-reformatter-alt.vcxproj", "{5E1CDAA7-4942-3B46-A75A-6796227492DB}"
	ProjectSection(ProjectDependencies) = postProject
		{58CCCBB1-A410-3300-9E16-540FFE4F1926} = {58CCCBB1-A410-3300-9E16-540FFE4F1926}
		{6BC725A3-C780-384A-930A-3A10C2926F2E} = {6BC725A3-C780-384A-930A-3A10C2926F2E}
	EndProjectSection
EndProject
Project("{8BC9CEB8-8B4A-11D0-8D11-00A0C91BC942}") = "run-dumper", "tests\run-dumper.vcxproj", "{F3DEF9D7-A56A-3095-839F-4FC1509FA3B9}"
	ProjectSection(ProjectDependencies) = postProject
		{58CCCBB1-A410-3300-9E16-540FFE4F1926} = {58CCCBB1-A410-3300-9E16-540FFE4F1926}
		{6BC725A3-C780-384A-930A-3A10C2926F2E} = {6BC725A3-C780-384A-930A-3A10C2926F2E}
	EndProjectSection
EndProject
Project("{8BC9CEB8-8B4A-11D0-8D11-00A0C91BC942}") = "run-emitter", "tests\run-emitter.vcxproj", "{76D17E01-D777-34AC-92FD-E6A3B7478834}"
	ProjectSection(ProjectDependencies) = postProject
		{58CCCBB1-A410-3300-9E16-540FFE4F1926} = {58CCCBB1-A410-3300-9E16-540FFE4F1926}
		{6BC725A3-C780-384A-930A-3A10C2926F2E} = {6BC725A3-C780-384A-930A-3A10C2926F2E}
	EndProjectSection
EndProject
Project("{8BC9CEB8-8B4A-11D0-8D11-00A0C91BC942}") = "run-emitter-test-suite", "tests\run-emitter-test-suite.vcxproj", "{9C42C84C-B36C-35A4-93AD-333B0DD5F850}"
	ProjectSection(ProjectDependencies) = postProject
		{58CCCBB1-A410-3300-9E16-540FFE4F1926} = {58CCCBB1-A410-3300-9E16-540FFE4F1926}
		{6BC725A3-C780-384A-930A-3A10C2926F2E} = {6BC725A3-C780-384A-930A-3A10C2926F2E}
	EndProjectSection
EndProject
Project("{8BC9CEB8-8B4A-11D0-8D11-00A0C91BC942}") = "run-loader", "tests\run-loader.vcxproj", "{D5781AFB-8EFE-370A-A625-84E705430630}"
	ProjectSection(ProjectDependencies) = postProject
		{58CCCBB1-A410-3300-9E16-540FFE4F1926} = {58CCCBB1-A410-3300-9E16-540FFE4F1926}
		{6BC725A3-C780-384A-930A-3A10C2926F2E} = {6BC725A3-C780-384A-930A-3A10C2926F2E}
	EndProjectSection
EndProject
Project("{8BC9CEB8-8B4A-11D0-8D11-00A0C91BC942}") = "run-parser", "tests\run-parser.vcxproj", "{CF9E6C7B-71E4-3B1F-A0F1-9A3BE8CAEDB5}"
	ProjectSection(ProjectDependencies) = postProject
		{58CCCBB1-A410-3300-9E16-540FFE4F1926} = {58CCCBB1-A410-3300-9E16-540FFE4F1926}
		{6BC725A3-C780-384A-930A-3A10C2926F2E} = {6BC725A3-C780-384A-930A-3A10C2926F2E}
	EndProjectSection
EndProject
Project("{8BC9CEB8-8B4A-11D0-8D11-00A0C91BC942}") = "run-parser-test-suite", "tests\run-parser-test-suite.vcxproj", "{5E51D26A-2EAA-394E-860A-8779411AB4D8}"
	ProjectSection(ProjectDependencies) = postProject
		{58CCCBB1-A410-3300-9E16-540FFE4F1926} = {58CCCBB1-A410-3300-9E16-540FFE4F1926}
		{6BC725A3-C780-384A-930A-3A10C2926F2E} = {6BC725A3-C780-384A-930A-3A10C2926F2E}
	EndProjectSection
EndProject
Project("{8BC9CEB8-8B4A-11D0-8D11-00A0C91BC942}") = "run-scanner", "tests\run-scanner.vcxproj", "{905E10D1-D361-36E3-9D9D-073088B9317E}"
	ProjectSection(ProjectDependencies) = postProject
		{58CCCBB1-A410-3300-9E16-540FFE4F1926} = {58CCCBB1-A410-3300-9E16-540FFE4F1926}
		{6BC725A3-C780-384A-930A-3A10C2926F2E} = {6BC725A3-C780-384A-930A-3A10C2926F2E}
	EndProjectSection
EndProject
Project("{8BC9CEB8-8B4A-11D0-8D11-00A0C91BC942}") = "test-reader", "tests\test-reader.vcxproj", "{71635036-A4FE-3CE4-AF9F-3B4F03FA34E9}"
	ProjectSection(ProjectDependencies) = postProject
		{58CCCBB1-A410-3300-9E16-540FFE4F1926} = {58CCCBB1-A410-3300-9E16-540FFE4F1926}
		{6BC725A3-C780-384A-930A-3A10C2926F2E} = {6BC725A3-C780-384A-930A-3A10C2926F2E}
	EndProjectSection
EndProject
Project("{8BC9CEB8-8B4A-11D0-8D11-00A0C91BC942}") = "test-version", "tests\test-version.vcxproj", "{8EA71F7B-C656-3704-AC04-22C333E2E040}"
	ProjectSection(ProjectDependencies) = postProject
		{58CCCBB1-A410-3300-9E16-540FFE4F1926} = {58CCCBB1-A410-3300-9E16-540FFE4F1926}
		{6BC725A3-C780-384A-930A-3A10C2926F2E} = {6BC725A3-C780-384A-930A-3A10C2926F2E}
	EndProjectSection
EndProject
Project("{8BC9CEB8-8B4A-11D0-8D11-00A0C91BC942}") = "yaml", "yaml.vcxproj", "{6BC725A3-C780-384A-930A-3A10C2926F2E}"
	ProjectSection(ProjectDependencies) = postProject
		{58CCCBB1-A410-3300-9E16-540FFE4F1926} = {58CCCBB1-A410-3300-9E16-540FFE4F1926}
	EndProjectSection
EndProject
Global
	GlobalSection(SolutionConfigurationPlatforms) = preSolution
		Debug|x64 = Debug|x64
		Release|x64 = Release|x64
		MinSizeRel|x64 = MinSizeRel|x64
		RelWithDebInfo|x64 = RelWithDebInfo|x64
	EndGlobalSection
	GlobalSection(ProjectConfigurationPlatforms) = postSolution
		{DE38E46B-8E01-33EB-A7E1-9D5435353C92}.Debug|x64.ActiveCfg = Debug|x64
		{DE38E46B-8E01-33EB-A7E1-9D5435353C92}.Debug|x64.Build.0 = Debug|x64
		{DE38E46B-8E01-33EB-A7E1-9D5435353C92}.Release|x64.ActiveCfg = Release|x64
		{DE38E46B-8E01-33EB-A7E1-9D5435353C92}.Release|x64.Build.0 = Release|x64
		{DE38E46B-8E01-33EB-A7E1-9D5435353C92}.MinSizeRel|x64.ActiveCfg = MinSizeRel|x64
		{DE38E46B-8E01-33EB-A7E1-9D5435353C92}.MinSizeRel|x64.Build.0 = MinSizeRel|x64
		{DE38E46B-8E01-33EB-A7E1-9D5435353C92}.RelWithDebInfo|x64.ActiveCfg = RelWithDebInfo|x64
		{DE38E46B-8E01-33EB-A7E1-9D5435353C92}.RelWithDebInfo|x64.Build.0 = RelWithDebInfo|x64
		{0CE47AF2-83C9-3A5C-ABC0-3879684D5E78}.Debug|x64.ActiveCfg = Debug|x64
		{0CE47AF2-83C9-3A5C-ABC0-3879684D5E78}.Release|x64.ActiveCfg = Release|x64
		{0CE47AF2-83C9-3A5C-ABC0-3879684D5E78}.MinSizeRel|x64.ActiveCfg = MinSizeRel|x64
		{0CE47AF2-83C9-3A5C-ABC0-3879684D5E78}.RelWithDebInfo|x64.ActiveCfg = RelWithDebInfo|x64
		{31894EBE-9C1F-3F56-B8C2-C22D66A1C4FA}.Debug|x64.ActiveCfg = Debug|x64
		{31894EBE-9C1F-3F56-B8C2-C22D66A1C4FA}.Release|x64.ActiveCfg = Release|x64
		{31894EBE-9C1F-3F56-B8C2-C22D66A1C4FA}.MinSizeRel|x64.ActiveCfg = MinSizeRel|x64
		{31894EBE-9C1F-3F56-B8C2-C22D66A1C4FA}.RelWithDebInfo|x64.ActiveCfg = RelWithDebInfo|x64
		{1185E3F7-EBE9-3A92-A9E6-963E283FFA1B}.Debug|x64.ActiveCfg = Debug|x64
		{1185E3F7-EBE9-3A92-A9E6-963E283FFA1B}.Release|x64.ActiveCfg = Release|x64
		{1185E3F7-EBE9-3A92-A9E6-963E283FFA1B}.MinSizeRel|x64.ActiveCfg = MinSizeRel|x64
		{1185E3F7-EBE9-3A92-A9E6-963E283FFA1B}.RelWithDebInfo|x64.ActiveCfg = RelWithDebInfo|x64
		{54E22E0F-7283-3BE9-989D-3C2AA1646E0D}.Debug|x64.ActiveCfg = Debug|x64
		{54E22E0F-7283-3BE9-989D-3C2AA1646E0D}.Release|x64.ActiveCfg = Release|x64
		{54E22E0F-7283-3BE9-989D-3C2AA1646E0D}.MinSizeRel|x64.ActiveCfg = MinSizeRel|x64
		{54E22E0F-7283-3BE9-989D-3C2AA1646E0D}.RelWithDebInfo|x64.ActiveCfg = RelWithDebInfo|x64
		{B2002254-1188-35B4-8159-2E0EB5FE297A}.Debug|x64.ActiveCfg = Debug|x64
		{B2002254-1188-35B4-8159-2E0EB5FE297A}.Release|x64.ActiveCfg = Release|x64
		{B2002254-1188-35B4-8159-2E0EB5FE297A}.MinSizeRel|x64.ActiveCfg = MinSizeRel|x64
		{B2002254-1188-35B4-8159-2E0EB5FE297A}.RelWithDebInfo|x64.ActiveCfg = RelWithDebInfo|x64
		{F71B2EEF-D939-3CF5-9780-0BA8D50DE9B0}.Debug|x64.ActiveCfg = Debug|x64
		{F71B2EEF-D939-3CF5-9780-0BA8D50DE9B0}.Release|x64.ActiveCfg = Release|x64
		{F71B2EEF-D939-3CF5-9780-0BA8D50DE9B0}.MinSizeRel|x64.ActiveCfg = MinSizeRel|x64
		{F71B2EEF-D939-3CF5-9780-0BA8D50DE9B0}.RelWithDebInfo|x64.ActiveCfg = RelWithDebInfo|x64
		{58CCCBB1-A410-3300-9E16-540FFE4F1926}.Debug|x64.ActiveCfg = Debug|x64
		{58CCCBB1-A410-3300-9E16-540FFE4F1926}.Debug|x64.Build.0 = Debug|x64
		{58CCCBB1-A410-3300-9E16-540FFE4F1926}.Release|x64.ActiveCfg = Release|x64
		{58CCCBB1-A410-3300-9E16-540FFE4F1926}.Release|x64.Build.0 = Release|x64
		{58CCCBB1-A410-3300-9E16-540FFE4F1926}.MinSizeRel|x64.ActiveCfg = MinSizeRel|x64
		{58CCCBB1-A410-3300-9E16-540FFE4F1926}.MinSizeRel|x64.Build.0 = MinSizeRel|x64
		{58CCCBB1-A410-3300-9E16-540FFE4F1926}.RelWithDebInfo|x64.ActiveCfg = RelWithDebInfo|x64
		{58CCCBB1-A410-3300-9E16-540FFE4F1926}.RelWithDebInfo|x64.Build.0 = RelWithDebInfo|x64
		{439F3712-B22D-3571-98C1-A952D24394F7}.Debug|x64.ActiveCfg = Debug|x64
		{439F3712-B22D-3571-98C1-A952D24394F7}.Debug|x64.Build.0 = Debug|x64
		{439F3712-B22D-3571-98C1-A952D24394F7}.Release|x64.ActiveCfg = Release|x64
		{439F3712-B22D-3571-98C1-A952D24394F7}.Release|x64.Build.0 = Release|x64
		{439F3712-B22D-3571-98C1-A952D24394F7}.MinSizeRel|x64.ActiveCfg = MinSizeRel|x64
		{439F3712-B22D-3571-98C1-A952D24394F7}.MinSizeRel|x64.Build.0 = MinSizeRel|x64
		{439F3712-B22D-3571-98C1-A952D24394F7}.RelWithDebInfo|x64.ActiveCfg = RelWithDebInfo|x64
		{439F3712-B22D-3571-98C1-A952D24394F7}.RelWithDebInfo|x64.Build.0 = RelWithDebInfo|x64
		{3B19303C-F464-352E-871E-3F2159C804DE}.Debug|x64.ActiveCfg = Debug|x64
		{3B19303C-F464-352E-871E-3F2159C804DE}.Debug|x64.Build.0 = Debug|x64
		{3B19303C-F464-352E-871E-3F2159C804DE}.Release|x64.ActiveCfg = Release|x64
		{3B19303C-F464-352E-871E-3F2159C804DE}.Release|x64.Build.0 = Release|x64
		{3B19303C-F464-352E-871E-3F2159C804DE}.MinSizeRel|x64.ActiveCfg = MinSizeRel|x64
		{3B19303C-F464-352E-871E-3F2159C804DE}.MinSizeRel|x64.Build.0 = MinSizeRel|x64
		{3B19303C-F464-352E-871E-3F2159C804DE}.RelWithDebInfo|x64.ActiveCfg = RelWithDebInfo|x64
		{3B19303C-F464-352E-871E-3F2159C804DE}.RelWithDebInfo|x64.Build.0 = RelWithDebInfo|x64
		{DBC41461-08AB-3181-AB18-4F899B3A75ED}.Debug|x64.ActiveCfg = Debug|x64
		{DBC41461-08AB-3181-AB18-4F899B3A75ED}.Debug|x64.Build.0 = Debug|x64
		{DBC41461-08AB-3181-AB18-4F899B3A75ED}.Release|x64.ActiveCfg = Release|x64
		{DBC41461-08AB-3181-AB18-4F899B3A75ED}.Release|x64.Build.0 = Release|x64
		{DBC41461-08AB-3181-AB18-4F899B3A75ED}.MinSizeRel|x64.ActiveCfg = MinSizeRel|x64
		{DBC41461-08AB-3181-AB18-4F899B3A75ED}.MinSizeRel|x64.Build.0 = MinSizeRel|x64
		{DBC41461-08AB-3181-AB18-4F899B3A75ED}.RelWithDebInfo|x64.ActiveCfg = RelWithDebInfo|x64
		{DBC41461-08AB-3181-AB18-4F899B3A75ED}.RelWithDebInfo|x64.Build.0 = RelWithDebInfo|x64
		{5E1CDAA7-4942-3B46-A75A-6796227492DB}.Debug|x64.ActiveCfg = Debug|x64
		{5E1CDAA7-4942-3B46-A75A-6796227492DB}.Debug|x64.Build.0 = Debug|x64
		{5E1CDAA7-4942-3B46-A75A-6796227492DB}.Release|x64.ActiveCfg = Release|x64
		{5E1CDAA7-4942-3B46-A75A-6796227492DB}.Release|x64.Build.0 = Release|x64
		{5E1CDAA7-4942-3B46-A75A-6796227492DB}.MinSizeRel|x64.ActiveCfg = MinSizeRel|x64
		{5E1CDAA7-4942-3B46-A75A-6796227492DB}.MinSizeRel|x64.Build.0 = MinSizeRel|x64
		{5E1CDAA7-4942-3B46-A75A-6796227492DB}.RelWithDebInfo|x64.ActiveCfg = RelWithDebInfo|x64
		{5E1CDAA7-4942-3B46-A75A-6796227492DB}.RelWithDebInfo|x64.Build.0 = RelWithDebInfo|x64
		{F3DEF9D7-A56A-3095-839F-4FC1509FA3B9}.Debug|x64.ActiveCfg = Debug|x64
		{F3DEF9D7-A56A-3095-839F-4FC1509FA3B9}.Debug|x64.Build.0 = Debug|x64
		{F3DEF9D7-A56A-3095-839F-4FC1509FA3B9}.Release|x64.ActiveCfg = Release|x64
		{F3DEF9D7-A56A-3095-839F-4FC1509FA3B9}.Release|x64.Build.0 = Release|x64
		{F3DEF9D7-A56A-3095-839F-4FC1509FA3B9}.MinSizeRel|x64.ActiveCfg = MinSizeRel|x64
		{F3DEF9D7-A56A-3095-839F-4FC1509FA3B9}.MinSizeRel|x64.Build.0 = MinSizeRel|x64
		{F3DEF9D7-A56A-3095-839F-4FC1509FA3B9}.RelWithDebInfo|x64.ActiveCfg = RelWithDebInfo|x64
		{F3DEF9D7-A56A-3095-839F-4FC1509FA3B9}.RelWithDebInfo|x64.Build.0 = RelWithDebInfo|x64
		{76D17E01-D777-34AC-92FD-E6A3B7478834}.Debug|x64.ActiveCfg = Debug|x64
		{76D17E01-D777-34AC-92FD-E6A3B7478834}.Debug|x64.Build.0 = Debug|x64
		{76D17E01-D777-34AC-92FD-E6A3B7478834}.Release|x64.ActiveCfg = Release|x64
		{76D17E01-D777-34AC-92FD-E6A3B7478834}.Release|x64.Build.0 = Release|x64
		{76D17E01-D777-34AC-92FD-E6A3B7478834}.MinSizeRel|x64.ActiveCfg = MinSizeRel|x64
		{76D17E01-D777-34AC-92FD-E6A3B7478834}.MinSizeRel|x64.Build.0 = MinSizeRel|x64
		{76D17E01-D777-34AC-92FD-E6A3B7478834}.RelWithDebInfo|x64.ActiveCfg = RelWithDebInfo|x64
		{76D17E01-D777-34AC-92FD-E6A3B7478834}.RelWithDebInfo|x64.Build.0 = RelWithDebInfo|x64
		{9C42C84C-B36C-35A4-93AD-333B0DD5F850}.Debug|x64.ActiveCfg = Debug|x64
		{9C42C84C-B36C-35A4-93AD-333B0DD5F850}.Debug|x64.Build.0 = Debug|x64
		{9C42C84C-B36C-35A4-93AD-333B0DD5F850}.Release|x64.ActiveCfg = Release|x64
		{9C42C84C-B36C-35A4-93AD-333B0DD5F850}.Release|x64.Build.0 = Release|x64
		{9C42C84C-B36C-35A4-93AD-333B0DD5F850}.MinSizeRel|x64.ActiveCfg = MinSizeRel|x64
		{9C42C84C-B36C-35A4-93AD-333B0DD5F850}.MinSizeRel|x64.Build.0 = MinSizeRel|x64
		{9C42C84C-B36C-35A4-93AD-333B0DD5F850}.RelWithDebInfo|x64.ActiveCfg = RelWithDebInfo|x64
		{9C42C84C-B36C-35A4-93AD-333B0DD5F850}.RelWithDebInfo|x64.Build.0 = RelWithDebInfo|x64
		{D5781AFB-8EFE-370A-A625-84E705430630}.Debug|x64.ActiveCfg = Debug|x64
		{D5781AFB-8EFE-370A-A625-84E705430630}.Debug|x64.Build.0 = Debug|x64
		{D5781AFB-8EFE-370A-A625-84E705430630}.Release|x64.ActiveCfg = Release|x64
		{D5781AFB-8EFE-370A-A625-84E705430630}.Release|x64.Build.0 = Release|x64
		{D5781AFB-8EFE-370A-A625-84E705430630}.MinSizeRel|x64.ActiveCfg = MinSizeRel|x64
		{D5781AFB-8EFE-370A-A625-84E705430630}.MinSizeRel|x64.Build.0 = MinSizeRel|x64
		{D5781AFB-8EFE-370A-A625-84E705430630}.RelWithDebInfo|x64.ActiveCfg = RelWithDebInfo|x64
		{D5781AFB-8EFE-370A-A625-84E705430630}.RelWithDebInfo|x64.Build.0 = RelWithDebInfo|x64
		{CF9E6C7B-71E4-3B1F-A0F1-9A3BE8CAEDB5}.Debug|x64.ActiveCfg = Debug|x64
		{CF9E6C7B-71E4-3B1F-A0F1-9A3BE8CAEDB5}.Debug|x64.Build.0 = Debug|x64
		{CF9E6C7B-71E4-3B1F-A0F1-9A3BE8CAEDB5}.Release|x64.ActiveCfg = Release|x64
		{CF9E6C7B-71E4-3B1F-A0F1-9A3BE8CAEDB5}.Release|x64.Build.0 = Release|x64
		{CF9E6C7B-71E4-3B1F-A0F1-9A3BE8CAEDB5}.MinSizeRel|x64.ActiveCfg = MinSizeRel|x64
		{CF9E6C7B-71E4-3B1F-A0F1-9A3BE8CAEDB5}.MinSizeRel|x64.Build.0 = MinSizeRel|x64
		{CF9E6C7B-71E4-3B1F-A0F1-9A3BE8CAEDB5}.RelWithDebInfo|x64.ActiveCfg = RelWithDebInfo|x64
		{CF9E6C7B-71E4-3B1F-A0F1-9A3BE8CAEDB5}.RelWithDebInfo|x64.Build.0 = RelWithDebInfo|x64
		{5E51D26A-2EAA-394E-860A-8779411AB4D8}.Debug|x64.ActiveCfg = Debug|x64
		{5E51D26A-2EAA-394E-860A-8779411AB4D8}.Debug|x64.Build.0 = Debug|x64
		{5E51D26A-2EAA-394E-860A-8779411AB4D8}.Release|x64.ActiveCfg = Release|x64
		{5E51D26A-2EAA-394E-860A-8779411AB4D8}.Release|x64.Build.0 = Release|x64
		{5E51D26A-2EAA-394E-860A-8779411AB4D8}.MinSizeRel|x64.ActiveCfg = MinSizeRel|x64
		{5E51D26A-2EAA-394E-860A-8779411AB4D8}.MinSizeRel|x64.Build.0 = MinSizeRel|x64
		{5E51D26A-2EAA-394E-860A-8779411AB4D8}.RelWithDebInfo|x64.ActiveCfg = RelWithDebInfo|x64
		{5E51D26A-2EAA-394E-860A-8779411AB4D8}.RelWithDebInfo|x64.Build.0 = RelWithDebInfo|x64
		{905E10D1-D361-36E3-9D9D-073088B9317E}.Debug|x64.ActiveCfg = Debug|x64
		{905E10D1-D361-36E3-9D9D-073088B9317E}.Debug|x64.Build.0 = Debug|x64
		{905E10D1-D361-36E3-9D9D-073088B9317E}.Release|x64.ActiveCfg = Release|x64
		{905E10D1-D361-36E3-9D9D-073088B9317E}.Release|x64.Build.0 = Release|x64
		{905E10D1-D361-36E3-9D9D-073088B9317E}.MinSizeRel|x64.ActiveCfg = MinSizeRel|x64
		{905E10D1-D361-36E3-9D9D-073088B9317E}.MinSizeRel|x64.Build.0 = MinSizeRel|x64
		{905E10D1-D361-36E3-9D9D-073088B9317E}.RelWithDebInfo|x64.ActiveCfg = RelWithDebInfo|x64
		{905E10D1-D361-36E3-9D9D-073088B9317E}.RelWithDebInfo|x64.Build.0 = RelWithDebInfo|x64
		{71635036-A4FE-3CE4-AF9F-3B4F03FA34E9}.Debug|x64.ActiveCfg = Debug|x64
		{71635036-A4FE-3CE4-AF9F-3B4F03FA34E9}.Debug|x64.Build.0 = Debug|x64
		{71635036-A4FE-3CE4-AF9F-3B4F03FA34E9}.Release|x64.ActiveCfg = Release|x64
		{71635036-A4FE-3CE4-AF9F-3B4F03FA34E9}.Release|x64.Build.0 = Release|x64
		{71635036-A4FE-3CE4-AF9F-3B4F03FA34E9}.MinSizeRel|x64.ActiveCfg = MinSizeRel|x64
		{71635036-A4FE-3CE4-AF9F-3B4F03FA34E9}.MinSizeRel|x64.Build.0 = MinSizeRel|x64
		{71635036-A4FE-3CE4-AF9F-3B4F03FA34E9}.RelWithDebInfo|x64.ActiveCfg = RelWithDebInfo|x64
		{71635036-A4FE-3CE4-AF9F-3B4F03FA34E9}.RelWithDebInfo|x64.Build.0 = RelWithDebInfo|x64
		{8EA71F7B-C656-3704-AC04-22C333E2E040}.Debug|x64.ActiveCfg = Debug|x64
		{8EA71F7B-C656-3704-AC04-22C333E2E040}.Debug|x64.Build.0 = Debug|x64
		{8EA71F7B-C656-3704-AC04-22C333E2E040}.Release|x64.ActiveCfg = Release|x64
		{8EA71F7B-C656-3704-AC04-22C333E2E040}.Release|x64.Build.0 = Release|x64
		{8EA71F7B-C656-3704-AC04-22C333E2E040}.MinSizeRel|x64.ActiveCfg = MinSizeRel|x64
		{8EA71F7B-C656-3704-AC04-22C333E2E040}.MinSizeRel|x64.Build.0 = MinSizeRel|x64
		{8EA71F7B-C656-3704-AC04-22C333E2E040}.RelWithDebInfo|x64.ActiveCfg = RelWithDebInfo|x64
		{8EA71F7B-C656-3704-AC04-22C333E2E040}.RelWithDebInfo|x64.Build.0 = RelWithDebInfo|x64
		{6BC725A3-C780-384A-930A-3A10C2926F2E}.Debug|x64.ActiveCfg = Debug|x64
		{6BC725A3-C780-384A-930A-3A10C2926F2E}.Debug|x64.Build.0 = Debug|x64
		{6BC725A3-C780-384A-930A-3A10C2926F2E}.Release|x64.ActiveCfg = Release|x64
		{6BC725A3-C780-384A-930A-3A10C2926F2E}.Release|x64.Build.0 = Release|x64
		{6BC725A3-C780-384A-930A-3A10C2926F2E}.MinSizeRel|x64.ActiveCfg = MinSizeRel|x64
		{6BC725A3-C780-384A-930A-3A10C2926F2E}.MinSizeRel|x64.Build.0 = MinSizeRel|x64
		{6BC725A3-C780-384A-930A-3A10C2926F2E}.RelWithDebInfo|x64.ActiveCfg = RelWithDebInfo|x64
		{6BC725A3-C780-384A-930A-3A10C2926F2E}.RelWithDebInfo|x64.Build.0 = RelWithDebInfo|x64
	EndGlobalSection
	GlobalSection(ExtensibilityGlobals) = postSolution
		SolutionGuid = {DBBE7720-68B4-3B8F-8732-D1EDD86EB792}
	EndGlobalSection
	GlobalSection(ExtensibilityAddIns) = postSolution
	EndGlobalSection
EndGlobal
