<?xml version="1.0" encoding="utf-8"?>
<Project ToolsVersion="16.0" xmlns="http://schemas.microsoft.com/developer/msbuild/2003">
  <ItemGroup>
    <ClCompile Include="D:\code\git\github\winlibyaml\trunk\libyaml\src\api.c">
      <Filter>Source Files</Filter>
    </ClCompile>
    <ClCompile Include="D:\code\git\github\winlibyaml\trunk\libyaml\src\dumper.c">
      <Filter>Source Files</Filter>
    </ClCompile>
    <ClCompile Include="D:\code\git\github\winlibyaml\trunk\libyaml\src\emitter.c">
      <Filter>Source Files</Filter>
    </ClCompile>
    <ClCompile Include="D:\code\git\github\winlibyaml\trunk\libyaml\src\loader.c">
      <Filter>Source Files</Filter>
    </ClCompile>
    <ClCompile Include="D:\code\git\github\winlibyaml\trunk\libyaml\src\parser.c">
      <Filter>Source Files</Filter>
    </ClCompile>
    <ClCompile Include="D:\code\git\github\winlibyaml\trunk\libyaml\src\reader.c">
      <Filter>Source Files</Filter>
    </ClCompile>
    <ClCompile Include="D:\code\git\github\winlibyaml\trunk\libyaml\src\scanner.c">
      <Filter>Source Files</Filter>
    </ClCompile>
    <ClCompile Include="D:\code\git\github\winlibyaml\trunk\libyaml\src\writer.c">
      <Filter>Source Files</Filter>
    </ClCompile>
  </ItemGroup>
  <ItemGroup>
    <CustomBuild Include="D:\code\git\github\winlibyaml\trunk\libyaml\CMakeLists.txt" />
  </ItemGroup>
  <ItemGroup>
    <Filter Include="Source Files">
      <UniqueIdentifier>{EB95FFA2-5295-3DCD-961D-6A33F0B219B8}</UniqueIdentifier>
    </Filter>
  </ItemGroup>
</Project>
