<?xml version="1.0" encoding="utf-8"?>
<Project ToolsVersion="17.0" xmlns="http://schemas.microsoft.com/developer/msbuild/2003">
  <ItemGroup>
    <ClCompile Include="D:\git\github\windows\libs\winlibyaml\trunk\yaml-cpp\util\read.cpp">
      <Filter>Source Files</Filter>
    </ClCompile>
  </ItemGroup>
  <ItemGroup>
    <CustomBuild Include="D:\git\github\windows\libs\winlibyaml\trunk\yaml-cpp\util\CMakeLists.txt" />
  </ItemGroup>
  <ItemGroup>
    <Filter Include="Source Files">
      <UniqueIdentifier>{1F8B478E-6CDC-3EF9-B2E8-CB30B6521689}</UniqueIdentifier>
    </Filter>
  </ItemGroup>
</Project>
