
Microsoft Visual Studio Solution File, Format Version 12.00
# Visual Studio Version 16
Project("{8BC9CEB8-8B4A-11D0-8D11-00A0C91BC942}") = "ALL_BUILD", "ALL_BUILD.vcxproj", "{FB930A96-0468-3068-82A1-29C72664283B}"
	ProjectSection(ProjectDependencies) = postProject
		{94791116-8AFA-346B-A065-18C0B03089FF} = {94791116-8AFA-346B-A065-18C0B03089FF}
		{03598803-CC99-38B6-BDB1-FDDBE6C0FDA8} = {03598803-CC99-38B6-BDB1-FDDBE6C0FDA8}
		{E3DDBB91-6344-3F62-B0B8-8F61EF1C7889} = {E3DDBB91-6344-3F62-B0B8-8F61EF1C7889}
		{E5C37F4B-9300-3569-B4CF-4A346F1965ED} = {E5C37F4B-9300-3569-B4CF-4A346F1965ED}
		{8434822C-E9FE-37F0-9ECA-291F6FF599BD} = {8434822C-E9FE-37F0-9ECA-291F6FF599BD}
		{9A63C453-3E8C-35CF-8E0D-EDAC3B9D092F} = {9A63C453-3E8C-35CF-8E0D-EDAC3B9D092F}
		{C3A8576D-1595-3647-BCE8-4BAD7EE06565} = {C3A8576D-1595-3647-BCE8-4BAD7EE06565}
		{11B7A539-C732-3D36-B217-98A3125621AC} = {11B7A539-C732-3D36-B217-98A3125621AC}
		{F73808AE-796E-35AA-BA2D-B6444FB4D942} = {F73808AE-796E-35AA-BA2D-B6444FB4D942}
		{FD91B4F0-CB5C-3DC0-9926-27C7E63E1A59} = {FD91B4F0-CB5C-3DC0-9926-27C7E63E1A59}
		{561967A7-36A8-382C-A063-F6F54DBB87AA} = {561967A7-36A8-382C-A063-F6F54DBB87AA}
		{C110ADEE-0A33-3C88-866D-0246FAAC643C} = {C110ADEE-0A33-3C88-866D-0246FAAC643C}
		{A502C7C7-D921-38F2-B3A4-49876B52BB2B} = {A502C7C7-D921-38F2-B3A4-49876B52BB2B}
		{CCE09069-55A7-3FBD-9206-6B9120B7B436} = {CCE09069-55A7-3FBD-9206-6B9120B7B436}
		{27BB28DD-D16E-31D5-8B9C-221FF46AC46B} = {27BB28DD-D16E-31D5-8B9C-221FF46AC46B}
		{11C1E949-BEE3-3E59-BB95-3AB077D9ADE2} = {11C1E949-BEE3-3E59-BB95-3AB077D9ADE2}
		{C2DAA58A-96C4-35C9-AAE0-492BB6673F9A} = {C2DAA58A-96C4-35C9-AAE0-492BB6673F9A}
		{3426077F-7228-38B4-8AD0-91B2D760ACC0} = {3426077F-7228-38B4-8AD0-91B2D760ACC0}
		{062C5856-E85E-3F0F-8DDF-5F8EF2B4FCF8} = {062C5856-E85E-3F0F-8DDF-5F8EF2B4FCF8}
		{2A6F64AB-BFEA-38D8-A042-7C1C69A1C2B0} = {2A6F64AB-BFEA-38D8-A042-7C1C69A1C2B0}
		{44F01DCA-CAA5-36B9-95C8-C08B4D24149A} = {44F01DCA-CAA5-36B9-95C8-C08B4D24149A}
		{7D899764-2F89-3AD9-BED0-64687B79DE8A} = {7D899764-2F89-3AD9-BED0-64687B79DE8A}
		{3347CCEC-2952-3EB2-8CF5-489A9AE2C1F1} = {3347CCEC-2952-3EB2-8CF5-489A9AE2C1F1}
		{821BB603-87C8-36C4-8792-E57A2DBE1C49} = {821BB603-87C8-36C4-8792-E57A2DBE1C49}
		{EF7DE6EF-8962-3A6D-9AD1-816912BE0BA5} = {EF7DE6EF-8962-3A6D-9AD1-816912BE0BA5}
		{EF498169-E739-3CB5-8596-AC68F6E4F8CC} = {EF498169-E739-3CB5-8596-AC68F6E4F8CC}
		{B652A66B-DF8F-3E83-8C9C-B60EC43423A9} = {B652A66B-DF8F-3E83-8C9C-B60EC43423A9}
		{CF211248-7A3B-34EC-987A-85B1D788E7C6} = {CF211248-7A3B-34EC-987A-85B1D788E7C6}
		{B1BB89EB-2A09-335A-9766-B661CB259354} = {B1BB89EB-2A09-335A-9766-B661CB259354}
		{2578F302-5DB7-3821-9054-36762E25E476} = {2578F302-5DB7-3821-9054-36762E25E476}
		{F51AD173-2FC0-3B31-930B-CE9C2636F8B3} = {F51AD173-2FC0-3B31-930B-CE9C2636F8B3}
		{E188C05C-3DA2-3A3A-B49F-92438B5FFEEA} = {E188C05C-3DA2-3A3A-B49F-92438B5FFEEA}
		{898A4DA0-56AD-39FD-8860-67A51EDE0EC5} = {898A4DA0-56AD-39FD-8860-67A51EDE0EC5}
		{FABE8B03-58EA-3691-8F2D-AA43E9D5F0B5} = {FABE8B03-58EA-3691-8F2D-AA43E9D5F0B5}
		{6F53DF34-F1A4-3DB2-A7E5-F6F9A6A01C47} = {6F53DF34-F1A4-3DB2-A7E5-F6F9A6A01C47}
		{DE1D4401-C15D-3A18-9607-54D5C567AD74} = {DE1D4401-C15D-3A18-9607-54D5C567AD74}
		{50F59B98-6B13-3830-973D-97C510DF4D2E} = {50F59B98-6B13-3830-973D-97C510DF4D2E}
		{2AAABA91-EE8B-30CD-B986-837A3235BABA} = {2AAABA91-EE8B-30CD-B986-837A3235BABA}
		{E64D34FD-0460-3557-A828-351C41B22504} = {E64D34FD-0460-3557-A828-351C41B22504}
		{A3F6FA14-3B7E-368C-9842-81F545E8EC63} = {A3F6FA14-3B7E-368C-9842-81F545E8EC63}
		{FBFDFA20-9D36-33FC-B07C-BFAE7C67FB25} = {FBFDFA20-9D36-33FC-B07C-BFAE7C67FB25}
		{43553575-C6B4-3F81-9CCC-FE998FD01A63} = {43553575-C6B4-3F81-9CCC-FE998FD01A63}
		{FD9408E9-82EF-3802-B97C-8790D6B3DCCA} = {FD9408E9-82EF-3802-B97C-8790D6B3DCCA}
		{A6177CEF-A69F-389B-AA7E-E98339AE6084} = {A6177CEF-A69F-389B-AA7E-E98339AE6084}
		{DA8ECF02-503C-3501-A142-3AB092798B30} = {DA8ECF02-503C-3501-A142-3AB092798B30}
		{661BB6BF-D934-3083-82ED-D6D356EA571C} = {661BB6BF-D934-3083-82ED-D6D356EA571C}
		{2D6D7257-51C6-3EF0-A192-1CC73B2A0521} = {2D6D7257-51C6-3EF0-A192-1CC73B2A0521}
		{AC51F142-7438-3D27-8981-FAB4E3B608D3} = {AC51F142-7438-3D27-8981-FAB4E3B608D3}
		{43BA5109-1B79-3C08-BDEF-913D1D8C7821} = {43BA5109-1B79-3C08-BDEF-913D1D8C7821}
		{21095F79-11C8-3D4D-B609-090B014BD6AE} = {21095F79-11C8-3D4D-B609-090B014BD6AE}
		{468BF725-30D5-3AF4-9805-EE9A3BFEC290} = {468BF725-30D5-3AF4-9805-EE9A3BFEC290}
		{D7D34BEE-2493-3125-A37D-290C9F3E076D} = {D7D34BEE-2493-3125-A37D-290C9F3E076D}
		{3992837D-FC94-3286-8726-AF04F15DA82F} = {3992837D-FC94-3286-8726-AF04F15DA82F}
	EndProjectSection
EndProject
Project("{8BC9CEB8-8B4A-11D0-8D11-00A0C91BC942}") = "INSTALL", "INSTALL.vcxproj", "{46530BFB-B300-39C6-AE61-0C18DDCF6728}"
	ProjectSection(ProjectDependencies) = postProject
		{FB930A96-0468-3068-82A1-29C72664283B} = {FB930A96-0468-3068-82A1-29C72664283B}
		{94791116-8AFA-346B-A065-18C0B03089FF} = {94791116-8AFA-346B-A065-18C0B03089FF}
	EndProjectSection
EndProject
Project("{8BC9CEB8-8B4A-11D0-8D11-00A0C91BC942}") = "PACKAGE", "PACKAGE.vcxproj", "{569652CD-2BF7-39C6-B6CB-83FE1C8CD937}"
	ProjectSection(ProjectDependencies) = postProject
		{FB930A96-0468-3068-82A1-29C72664283B} = {FB930A96-0468-3068-82A1-29C72664283B}
		{94791116-8AFA-346B-A065-18C0B03089FF} = {94791116-8AFA-346B-A065-18C0B03089FF}
	EndProjectSection
EndProject
Project("{8BC9CEB8-8B4A-11D0-8D11-00A0C91BC942}") = "RUN_TESTS", "RUN_TESTS.vcxproj", "{92E95080-3B40-3746-BE05-282AC46AC55A}"
	ProjectSection(ProjectDependencies) = postProject
		{94791116-8AFA-346B-A065-18C0B03089FF} = {94791116-8AFA-346B-A065-18C0B03089FF}
	EndProjectSection
EndProject
Project("{8BC9CEB8-8B4A-11D0-8D11-00A0C91BC942}") = "ZERO_CHECK", "ZERO_CHECK.vcxproj", "{94791116-8AFA-346B-A065-18C0B03089FF}"
	ProjectSection(ProjectDependencies) = postProject
	EndProjectSection
EndProject
Project("{8BC9CEB8-8B4A-11D0-8D11-00A0C91BC942}") = "clean-coverage", "tests\clean-coverage.vcxproj", "{D0B0CC28-6AA5-30FB-BA8F-AE76B371AA56}"
	ProjectSection(ProjectDependencies) = postProject
		{94791116-8AFA-346B-A065-18C0B03089FF} = {94791116-8AFA-346B-A065-18C0B03089FF}
	EndProjectSection
EndProject
Project("{8BC9CEB8-8B4A-11D0-8D11-00A0C91BC942}") = "copy_example_dependencies", "example\copy_example_dependencies.vcxproj", "{980FBC1A-CAA7-3FC3-8CE1-948948E8078A}"
	ProjectSection(ProjectDependencies) = postProject
		{94791116-8AFA-346B-A065-18C0B03089FF} = {94791116-8AFA-346B-A065-18C0B03089FF}
		{E3DDBB91-6344-3F62-B0B8-8F61EF1C7889} = {E3DDBB91-6344-3F62-B0B8-8F61EF1C7889}
	EndProjectSection
EndProject
Project("{8BC9CEB8-8B4A-11D0-8D11-00A0C91BC942}") = "copy_test_dependencies", "tests\copy_test_dependencies.vcxproj", "{15BF8CEB-233B-39FE-B133-C26B01914860}"
	ProjectSection(ProjectDependencies) = postProject
		{94791116-8AFA-346B-A065-18C0B03089FF} = {94791116-8AFA-346B-A065-18C0B03089FF}
		{E3DDBB91-6344-3F62-B0B8-8F61EF1C7889} = {E3DDBB91-6344-3F62-B0B8-8F61EF1C7889}
	EndProjectSection
EndProject
Project("{8BC9CEB8-8B4A-11D0-8D11-00A0C91BC942}") = "coverage", "tests\coverage.vcxproj", "{B4B1A9F8-F3AB-3A7A-B175-9229D3D6AD07}"
	ProjectSection(ProjectDependencies) = postProject
		{94791116-8AFA-346B-A065-18C0B03089FF} = {94791116-8AFA-346B-A065-18C0B03089FF}
	EndProjectSection
EndProject
Project("{8BC9CEB8-8B4A-11D0-8D11-00A0C91BC942}") = "direct_tcpip", "example\direct_tcpip.vcxproj", "{03598803-CC99-38B6-BDB1-FDDBE6C0FDA8}"
	ProjectSection(ProjectDependencies) = postProject
		{94791116-8AFA-346B-A065-18C0B03089FF} = {94791116-8AFA-346B-A065-18C0B03089FF}
		{980FBC1A-CAA7-3FC3-8CE1-948948E8078A} = {980FBC1A-CAA7-3FC3-8CE1-948948E8078A}
		{E3DDBB91-6344-3F62-B0B8-8F61EF1C7889} = {E3DDBB91-6344-3F62-B0B8-8F61EF1C7889}
	EndProjectSection
EndProject
Project("{8BC9CEB8-8B4A-11D0-8D11-00A0C91BC942}") = "libssh2_shared", "src\libssh2_shared.vcxproj", "{E3DDBB91-6344-3F62-B0B8-8F61EF1C7889}"
	ProjectSection(ProjectDependencies) = postProject
		{94791116-8AFA-346B-A065-18C0B03089FF} = {94791116-8AFA-346B-A065-18C0B03089FF}
	EndProjectSection
EndProject
Project("{8BC9CEB8-8B4A-11D0-8D11-00A0C91BC942}") = "libssh2_static", "src\libssh2_static.vcxproj", "{E5C37F4B-9300-3569-B4CF-4A346F1965ED}"
	ProjectSection(ProjectDependencies) = postProject
		{94791116-8AFA-346B-A065-18C0B03089FF} = {94791116-8AFA-346B-A065-18C0B03089FF}
	EndProjectSection
EndProject
Project("{8BC9CEB8-8B4A-11D0-8D11-00A0C91BC942}") = "runner", "tests\runner.vcxproj", "{8434822C-E9FE-37F0-9ECA-291F6FF599BD}"
	ProjectSection(ProjectDependencies) = postProject
		{94791116-8AFA-346B-A065-18C0B03089FF} = {94791116-8AFA-346B-A065-18C0B03089FF}
	EndProjectSection
EndProject
Project("{8BC9CEB8-8B4A-11D0-8D11-00A0C91BC942}") = "scp", "example\scp.vcxproj", "{9A63C453-3E8C-35CF-8E0D-EDAC3B9D092F}"
	ProjectSection(ProjectDependencies) = postProject
		{94791116-8AFA-346B-A065-18C0B03089FF} = {94791116-8AFA-346B-A065-18C0B03089FF}
		{980FBC1A-CAA7-3FC3-8CE1-948948E8078A} = {980FBC1A-CAA7-3FC3-8CE1-948948E8078A}
		{E3DDBB91-6344-3F62-B0B8-8F61EF1C7889} = {E3DDBB91-6344-3F62-B0B8-8F61EF1C7889}
	EndProjectSection
EndProject
Project("{8BC9CEB8-8B4A-11D0-8D11-00A0C91BC942}") = "scp_nonblock", "example\scp_nonblock.vcxproj", "{C3A8576D-1595-3647-BCE8-4BAD7EE06565}"
	ProjectSection(ProjectDependencies) = postProject
		{94791116-8AFA-346B-A065-18C0B03089FF} = {94791116-8AFA-346B-A065-18C0B03089FF}
		{980FBC1A-CAA7-3FC3-8CE1-948948E8078A} = {980FBC1A-CAA7-3FC3-8CE1-948948E8078A}
		{E3DDBB91-6344-3F62-B0B8-8F61EF1C7889} = {E3DDBB91-6344-3F62-B0B8-8F61EF1C7889}
	EndProjectSection
EndProject
Project("{8BC9CEB8-8B4A-11D0-8D11-00A0C91BC942}") = "scp_write", "example\scp_write.vcxproj", "{11B7A539-C732-3D36-B217-98A3125621AC}"
	ProjectSection(ProjectDependencies) = postProject
		{94791116-8AFA-346B-A065-18C0B03089FF} = {94791116-8AFA-346B-A065-18C0B03089FF}
		{980FBC1A-CAA7-3FC3-8CE1-948948E8078A} = {980FBC1A-CAA7-3FC3-8CE1-948948E8078A}
		{E3DDBB91-6344-3F62-B0B8-8F61EF1C7889} = {E3DDBB91-6344-3F62-B0B8-8F61EF1C7889}
	EndProjectSection
EndProject
Project("{8BC9CEB8-8B4A-11D0-8D11-00A0C91BC942}") = "scp_write_nonblock", "example\scp_write_nonblock.vcxproj", "{F73808AE-796E-35AA-BA2D-B6444FB4D942}"
	ProjectSection(ProjectDependencies) = postProject
		{94791116-8AFA-346B-A065-18C0B03089FF} = {94791116-8AFA-346B-A065-18C0B03089FF}
		{980FBC1A-CAA7-3FC3-8CE1-948948E8078A} = {980FBC1A-CAA7-3FC3-8CE1-948948E8078A}
		{E3DDBB91-6344-3F62-B0B8-8F61EF1C7889} = {E3DDBB91-6344-3F62-B0B8-8F61EF1C7889}
	EndProjectSection
EndProject
Project("{8BC9CEB8-8B4A-11D0-8D11-00A0C91BC942}") = "sftp", "example\sftp.vcxproj", "{FD91B4F0-CB5C-3DC0-9926-27C7E63E1A59}"
	ProjectSection(ProjectDependencies) = postProject
		{94791116-8AFA-346B-A065-18C0B03089FF} = {94791116-8AFA-346B-A065-18C0B03089FF}
		{980FBC1A-CAA7-3FC3-8CE1-948948E8078A} = {980FBC1A-CAA7-3FC3-8CE1-948948E8078A}
		{E3DDBB91-6344-3F62-B0B8-8F61EF1C7889} = {E3DDBB91-6344-3F62-B0B8-8F61EF1C7889}
	EndProjectSection
EndProject
Project("{8BC9CEB8-8B4A-11D0-8D11-00A0C91BC942}") = "sftp_RW_nonblock", "example\sftp_RW_nonblock.vcxproj", "{561967A7-36A8-382C-A063-F6F54DBB87AA}"
	ProjectSection(ProjectDependencies) = postProject
		{94791116-8AFA-346B-A065-18C0B03089FF} = {94791116-8AFA-346B-A065-18C0B03089FF}
		{980FBC1A-CAA7-3FC3-8CE1-948948E8078A} = {980FBC1A-CAA7-3FC3-8CE1-948948E8078A}
		{E3DDBB91-6344-3F62-B0B8-8F61EF1C7889} = {E3DDBB91-6344-3F62-B0B8-8F61EF1C7889}
	EndProjectSection
EndProject
Project("{8BC9CEB8-8B4A-11D0-8D11-00A0C91BC942}") = "sftp_append", "example\sftp_append.vcxproj", "{C110ADEE-0A33-3C88-866D-0246FAAC643C}"
	ProjectSection(ProjectDependencies) = postProject
		{94791116-8AFA-346B-A065-18C0B03089FF} = {94791116-8AFA-346B-A065-18C0B03089FF}
		{980FBC1A-CAA7-3FC3-8CE1-948948E8078A} = {980FBC1A-CAA7-3FC3-8CE1-948948E8078A}
		{E3DDBB91-6344-3F62-B0B8-8F61EF1C7889} = {E3DDBB91-6344-3F62-B0B8-8F61EF1C7889}
	EndProjectSection
EndProject
Project("{8BC9CEB8-8B4A-11D0-8D11-00A0C91BC942}") = "sftp_mkdir", "example\sftp_mkdir.vcxproj", "{A502C7C7-D921-38F2-B3A4-49876B52BB2B}"
	ProjectSection(ProjectDependencies) = postProject
		{94791116-8AFA-346B-A065-18C0B03089FF} = {94791116-8AFA-346B-A065-18C0B03089FF}
		{980FBC1A-CAA7-3FC3-8CE1-948948E8078A} = {980FBC1A-CAA7-3FC3-8CE1-948948E8078A}
		{E3DDBB91-6344-3F62-B0B8-8F61EF1C7889} = {E3DDBB91-6344-3F62-B0B8-8F61EF1C7889}
	EndProjectSection
EndProject
Project("{8BC9CEB8-8B4A-11D0-8D11-00A0C91BC942}") = "sftp_mkdir_nonblock", "example\sftp_mkdir_nonblock.vcxproj", "{CCE09069-55A7-3FBD-9206-6B9120B7B436}"
	ProjectSection(ProjectDependencies) = postProject
		{94791116-8AFA-346B-A065-18C0B03089FF} = {94791116-8AFA-346B-A065-18C0B03089FF}
		{980FBC1A-CAA7-3FC3-8CE1-948948E8078A} = {980FBC1A-CAA7-3FC3-8CE1-948948E8078A}
		{E3DDBB91-6344-3F62-B0B8-8F61EF1C7889} = {E3DDBB91-6344-3F62-B0B8-8F61EF1C7889}
	EndProjectSection
EndProject
Project("{8BC9CEB8-8B4A-11D0-8D11-00A0C91BC942}") = "sftp_nonblock", "example\sftp_nonblock.vcxproj", "{27BB28DD-D16E-31D5-8B9C-221FF46AC46B}"
	ProjectSection(ProjectDependencies) = postProject
		{94791116-8AFA-346B-A065-18C0B03089FF} = {94791116-8AFA-346B-A065-18C0B03089FF}
		{980FBC1A-CAA7-3FC3-8CE1-948948E8078A} = {980FBC1A-CAA7-3FC3-8CE1-948948E8078A}
		{E3DDBB91-6344-3F62-B0B8-8F61EF1C7889} = {E3DDBB91-6344-3F62-B0B8-8F61EF1C7889}
	EndProjectSection
EndProject
Project("{8BC9CEB8-8B4A-11D0-8D11-00A0C91BC942}") = "sftp_write", "example\sftp_write.vcxproj", "{11C1E949-BEE3-3E59-BB95-3AB077D9ADE2}"
	ProjectSection(ProjectDependencies) = postProject
		{94791116-8AFA-346B-A065-18C0B03089FF} = {94791116-8AFA-346B-A065-18C0B03089FF}
		{980FBC1A-CAA7-3FC3-8CE1-948948E8078A} = {980FBC1A-CAA7-3FC3-8CE1-948948E8078A}
		{E3DDBB91-6344-3F62-B0B8-8F61EF1C7889} = {E3DDBB91-6344-3F62-B0B8-8F61EF1C7889}
	EndProjectSection
EndProject
Project("{8BC9CEB8-8B4A-11D0-8D11-00A0C91BC942}") = "sftp_write_nonblock", "example\sftp_write_nonblock.vcxproj", "{C2DAA58A-96C4-35C9-AAE0-492BB6673F9A}"
	ProjectSection(ProjectDependencies) = postProject
		{94791116-8AFA-346B-A065-18C0B03089FF} = {94791116-8AFA-346B-A065-18C0B03089FF}
		{980FBC1A-CAA7-3FC3-8CE1-948948E8078A} = {980FBC1A-CAA7-3FC3-8CE1-948948E8078A}
		{E3DDBB91-6344-3F62-B0B8-8F61EF1C7889} = {E3DDBB91-6344-3F62-B0B8-8F61EF1C7889}
	EndProjectSection
EndProject
Project("{8BC9CEB8-8B4A-11D0-8D11-00A0C91BC942}") = "sftp_write_sliding", "example\sftp_write_sliding.vcxproj", "{3426077F-7228-38B4-8AD0-91B2D760ACC0}"
	ProjectSection(ProjectDependencies) = postProject
		{94791116-8AFA-346B-A065-18C0B03089FF} = {94791116-8AFA-346B-A065-18C0B03089FF}
		{980FBC1A-CAA7-3FC3-8CE1-948948E8078A} = {980FBC1A-CAA7-3FC3-8CE1-948948E8078A}
		{E3DDBB91-6344-3F62-B0B8-8F61EF1C7889} = {E3DDBB91-6344-3F62-B0B8-8F61EF1C7889}
	EndProjectSection
EndProject
Project("{8BC9CEB8-8B4A-11D0-8D11-00A0C91BC942}") = "sftpdir", "example\sftpdir.vcxproj", "{062C5856-E85E-3F0F-8DDF-5F8EF2B4FCF8}"
	ProjectSection(ProjectDependencies) = postProject
		{94791116-8AFA-346B-A065-18C0B03089FF} = {94791116-8AFA-346B-A065-18C0B03089FF}
		{980FBC1A-CAA7-3FC3-8CE1-948948E8078A} = {980FBC1A-CAA7-3FC3-8CE1-948948E8078A}
		{E3DDBB91-6344-3F62-B0B8-8F61EF1C7889} = {E3DDBB91-6344-3F62-B0B8-8F61EF1C7889}
	EndProjectSection
EndProject
Project("{8BC9CEB8-8B4A-11D0-8D11-00A0C91BC942}") = "sftpdir_nonblock", "example\sftpdir_nonblock.vcxproj", "{2A6F64AB-BFEA-38D8-A042-7C1C69A1C2B0}"
	ProjectSection(ProjectDependencies) = postProject
		{94791116-8AFA-346B-A065-18C0B03089FF} = {94791116-8AFA-346B-A065-18C0B03089FF}
		{980FBC1A-CAA7-3FC3-8CE1-948948E8078A} = {980FBC1A-CAA7-3FC3-8CE1-948948E8078A}
		{E3DDBB91-6344-3F62-B0B8-8F61EF1C7889} = {E3DDBB91-6344-3F62-B0B8-8F61EF1C7889}
	EndProjectSection
EndProject
Project("{8BC9CEB8-8B4A-11D0-8D11-00A0C91BC942}") = "ssh2", "example\ssh2.vcxproj", "{44F01DCA-CAA5-36B9-95C8-C08B4D24149A}"
	ProjectSection(ProjectDependencies) = postProject
		{94791116-8AFA-346B-A065-18C0B03089FF} = {94791116-8AFA-346B-A065-18C0B03089FF}
		{980FBC1A-CAA7-3FC3-8CE1-948948E8078A} = {980FBC1A-CAA7-3FC3-8CE1-948948E8078A}
		{E3DDBB91-6344-3F62-B0B8-8F61EF1C7889} = {E3DDBB91-6344-3F62-B0B8-8F61EF1C7889}
	EndProjectSection
EndProject
Project("{8BC9CEB8-8B4A-11D0-8D11-00A0C91BC942}") = "ssh2_agent", "example\ssh2_agent.vcxproj", "{7D899764-2F89-3AD9-BED0-64687B79DE8A}"
	ProjectSection(ProjectDependencies) = postProject
		{94791116-8AFA-346B-A065-18C0B03089FF} = {94791116-8AFA-346B-A065-18C0B03089FF}
		{980FBC1A-CAA7-3FC3-8CE1-948948E8078A} = {980FBC1A-CAA7-3FC3-8CE1-948948E8078A}
		{E3DDBB91-6344-3F62-B0B8-8F61EF1C7889} = {E3DDBB91-6344-3F62-B0B8-8F61EF1C7889}
	EndProjectSection
EndProject
Project("{8BC9CEB8-8B4A-11D0-8D11-00A0C91BC942}") = "ssh2_agent_forwarding", "example\ssh2_agent_forwarding.vcxproj", "{3347CCEC-2952-3EB2-8CF5-489A9AE2C1F1}"
	ProjectSection(ProjectDependencies) = postProject
		{94791116-8AFA-346B-A065-18C0B03089FF} = {94791116-8AFA-346B-A065-18C0B03089FF}
		{980FBC1A-CAA7-3FC3-8CE1-948948E8078A} = {980FBC1A-CAA7-3FC3-8CE1-948948E8078A}
		{E3DDBB91-6344-3F62-B0B8-8F61EF1C7889} = {E3DDBB91-6344-3F62-B0B8-8F61EF1C7889}
	EndProjectSection
EndProject
Project("{8BC9CEB8-8B4A-11D0-8D11-00A0C91BC942}") = "ssh2_echo", "example\ssh2_echo.vcxproj", "{821BB603-87C8-36C4-8792-E57A2DBE1C49}"
	ProjectSection(ProjectDependencies) = postProject
		{94791116-8AFA-346B-A065-18C0B03089FF} = {94791116-8AFA-346B-A065-18C0B03089FF}
		{980FBC1A-CAA7-3FC3-8CE1-948948E8078A} = {980FBC1A-CAA7-3FC3-8CE1-948948E8078A}
		{E3DDBB91-6344-3F62-B0B8-8F61EF1C7889} = {E3DDBB91-6344-3F62-B0B8-8F61EF1C7889}
	EndProjectSection
EndProject
Project("{8BC9CEB8-8B4A-11D0-8D11-00A0C91BC942}") = "ssh2_exec", "example\ssh2_exec.vcxproj", "{EF7DE6EF-8962-3A6D-9AD1-816912BE0BA5}"
	ProjectSection(ProjectDependencies) = postProject
		{94791116-8AFA-346B-A065-18C0B03089FF} = {94791116-8AFA-346B-A065-18C0B03089FF}
		{980FBC1A-CAA7-3FC3-8CE1-948948E8078A} = {980FBC1A-CAA7-3FC3-8CE1-948948E8078A}
		{E3DDBB91-6344-3F62-B0B8-8F61EF1C7889} = {E3DDBB91-6344-3F62-B0B8-8F61EF1C7889}
	EndProjectSection
EndProject
Project("{8BC9CEB8-8B4A-11D0-8D11-00A0C91BC942}") = "subsystem_netconf", "example\subsystem_netconf.vcxproj", "{EF498169-E739-3CB5-8596-AC68F6E4F8CC}"
	ProjectSection(ProjectDependencies) = postProject
		{94791116-8AFA-346B-A065-18C0B03089FF} = {94791116-8AFA-346B-A065-18C0B03089FF}
		{980FBC1A-CAA7-3FC3-8CE1-948948E8078A} = {980FBC1A-CAA7-3FC3-8CE1-948948E8078A}
		{E3DDBB91-6344-3F62-B0B8-8F61EF1C7889} = {E3DDBB91-6344-3F62-B0B8-8F61EF1C7889}
	EndProjectSection
EndProject
Project("{8BC9CEB8-8B4A-11D0-8D11-00A0C91BC942}") = "tcpip-forward", "example\tcpip-forward.vcxproj", "{B652A66B-DF8F-3E83-8C9C-B60EC43423A9}"
	ProjectSection(ProjectDependencies) = postProject
		{94791116-8AFA-346B-A065-18C0B03089FF} = {94791116-8AFA-346B-A065-18C0B03089FF}
		{980FBC1A-CAA7-3FC3-8CE1-948948E8078A} = {980FBC1A-CAA7-3FC3-8CE1-948948E8078A}
		{E3DDBB91-6344-3F62-B0B8-8F61EF1C7889} = {E3DDBB91-6344-3F62-B0B8-8F61EF1C7889}
	EndProjectSection
EndProject
Project("{8BC9CEB8-8B4A-11D0-8D11-00A0C91BC942}") = "test_aa_warmup", "tests\test_aa_warmup.vcxproj", "{CF211248-7A3B-34EC-987A-85B1D788E7C6}"
	ProjectSection(ProjectDependencies) = postProject
		{94791116-8AFA-346B-A065-18C0B03089FF} = {94791116-8AFA-346B-A065-18C0B03089FF}
		{15BF8CEB-233B-39FE-B133-C26B01914860} = {15BF8CEB-233B-39FE-B133-C26B01914860}
		{E3DDBB91-6344-3F62-B0B8-8F61EF1C7889} = {E3DDBB91-6344-3F62-B0B8-8F61EF1C7889}
		{8434822C-E9FE-37F0-9ECA-291F6FF599BD} = {8434822C-E9FE-37F0-9ECA-291F6FF599BD}
	EndProjectSection
EndProject
Project("{8BC9CEB8-8B4A-11D0-8D11-00A0C91BC942}") = "test_agent_forward_ok", "tests\test_agent_forward_ok.vcxproj", "{B1BB89EB-2A09-335A-9766-B661CB259354}"
	ProjectSection(ProjectDependencies) = postProject
		{94791116-8AFA-346B-A065-18C0B03089FF} = {94791116-8AFA-346B-A065-18C0B03089FF}
		{15BF8CEB-233B-39FE-B133-C26B01914860} = {15BF8CEB-233B-39FE-B133-C26B01914860}
		{E3DDBB91-6344-3F62-B0B8-8F61EF1C7889} = {E3DDBB91-6344-3F62-B0B8-8F61EF1C7889}
		{8434822C-E9FE-37F0-9ECA-291F6FF599BD} = {8434822C-E9FE-37F0-9ECA-291F6FF599BD}
	EndProjectSection
EndProject
Project("{8BC9CEB8-8B4A-11D0-8D11-00A0C91BC942}") = "test_auth_keyboard_fail", "tests\test_auth_keyboard_fail.vcxproj", "{2578F302-5DB7-3821-9054-36762E25E476}"
	ProjectSection(ProjectDependencies) = postProject
		{94791116-8AFA-346B-A065-18C0B03089FF} = {94791116-8AFA-346B-A065-18C0B03089FF}
		{15BF8CEB-233B-39FE-B133-C26B01914860} = {15BF8CEB-233B-39FE-B133-C26B01914860}
		{E3DDBB91-6344-3F62-B0B8-8F61EF1C7889} = {E3DDBB91-6344-3F62-B0B8-8F61EF1C7889}
		{8434822C-E9FE-37F0-9ECA-291F6FF599BD} = {8434822C-E9FE-37F0-9ECA-291F6FF599BD}
	EndProjectSection
EndProject
Project("{8BC9CEB8-8B4A-11D0-8D11-00A0C91BC942}") = "test_auth_keyboard_info_request", "tests\test_auth_keyboard_info_request.vcxproj", "{F51AD173-2FC0-3B31-930B-CE9C2636F8B3}"
	ProjectSection(ProjectDependencies) = postProject
		{94791116-8AFA-346B-A065-18C0B03089FF} = {94791116-8AFA-346B-A065-18C0B03089FF}
		{15BF8CEB-233B-39FE-B133-C26B01914860} = {15BF8CEB-233B-39FE-B133-C26B01914860}
		{E5C37F4B-9300-3569-B4CF-4A346F1965ED} = {E5C37F4B-9300-3569-B4CF-4A346F1965ED}
		{8434822C-E9FE-37F0-9ECA-291F6FF599BD} = {8434822C-E9FE-37F0-9ECA-291F6FF599BD}
	EndProjectSection
EndProject
Project("{8BC9CEB8-8B4A-11D0-8D11-00A0C91BC942}") = "test_auth_keyboard_ok", "tests\test_auth_keyboard_ok.vcxproj", "{E188C05C-3DA2-3A3A-B49F-92438B5FFEEA}"
	ProjectSection(ProjectDependencies) = postProject
		{94791116-8AFA-346B-A065-18C0B03089FF} = {94791116-8AFA-346B-A065-18C0B03089FF}
		{15BF8CEB-233B-39FE-B133-C26B01914860} = {15BF8CEB-233B-39FE-B133-C26B01914860}
		{E3DDBB91-6344-3F62-B0B8-8F61EF1C7889} = {E3DDBB91-6344-3F62-B0B8-8F61EF1C7889}
		{8434822C-E9FE-37F0-9ECA-291F6FF599BD} = {8434822C-E9FE-37F0-9ECA-291F6FF599BD}
	EndProjectSection
EndProject
Project("{8BC9CEB8-8B4A-11D0-8D11-00A0C91BC942}") = "test_auth_password_fail_password", "tests\test_auth_password_fail_password.vcxproj", "{898A4DA0-56AD-39FD-8860-67A51EDE0EC5}"
	ProjectSection(ProjectDependencies) = postProject
		{94791116-8AFA-346B-A065-18C0B03089FF} = {94791116-8AFA-346B-A065-18C0B03089FF}
		{15BF8CEB-233B-39FE-B133-C26B01914860} = {15BF8CEB-233B-39FE-B133-C26B01914860}
		{E3DDBB91-6344-3F62-B0B8-8F61EF1C7889} = {E3DDBB91-6344-3F62-B0B8-8F61EF1C7889}
		{8434822C-E9FE-37F0-9ECA-291F6FF599BD} = {8434822C-E9FE-37F0-9ECA-291F6FF599BD}
	EndProjectSection
EndProject
Project("{8BC9CEB8-8B4A-11D0-8D11-00A0C91BC942}") = "test_auth_password_fail_username", "tests\test_auth_password_fail_username.vcxproj", "{FABE8B03-58EA-3691-8F2D-AA43E9D5F0B5}"
	ProjectSection(ProjectDependencies) = postProject
		{94791116-8AFA-346B-A065-18C0B03089FF} = {94791116-8AFA-346B-A065-18C0B03089FF}
		{15BF8CEB-233B-39FE-B133-C26B01914860} = {15BF8CEB-233B-39FE-B133-C26B01914860}
		{E3DDBB91-6344-3F62-B0B8-8F61EF1C7889} = {E3DDBB91-6344-3F62-B0B8-8F61EF1C7889}
		{8434822C-E9FE-37F0-9ECA-291F6FF599BD} = {8434822C-E9FE-37F0-9ECA-291F6FF599BD}
	EndProjectSection
EndProject
Project("{8BC9CEB8-8B4A-11D0-8D11-00A0C91BC942}") = "test_auth_password_ok", "tests\test_auth_password_ok.vcxproj", "{6F53DF34-F1A4-3DB2-A7E5-F6F9A6A01C47}"
	ProjectSection(ProjectDependencies) = postProject
		{94791116-8AFA-346B-A065-18C0B03089FF} = {94791116-8AFA-346B-A065-18C0B03089FF}
		{15BF8CEB-233B-39FE-B133-C26B01914860} = {15BF8CEB-233B-39FE-B133-C26B01914860}
		{E3DDBB91-6344-3F62-B0B8-8F61EF1C7889} = {E3DDBB91-6344-3F62-B0B8-8F61EF1C7889}
		{8434822C-E9FE-37F0-9ECA-291F6FF599BD} = {8434822C-E9FE-37F0-9ECA-291F6FF599BD}
	EndProjectSection
EndProject
Project("{8BC9CEB8-8B4A-11D0-8D11-00A0C91BC942}") = "test_auth_pubkey_fail", "tests\test_auth_pubkey_fail.vcxproj", "{DE1D4401-C15D-3A18-9607-54D5C567AD74}"
	ProjectSection(ProjectDependencies) = postProject
		{94791116-8AFA-346B-A065-18C0B03089FF} = {94791116-8AFA-346B-A065-18C0B03089FF}
		{15BF8CEB-233B-39FE-B133-C26B01914860} = {15BF8CEB-233B-39FE-B133-C26B01914860}
		{E3DDBB91-6344-3F62-B0B8-8F61EF1C7889} = {E3DDBB91-6344-3F62-B0B8-8F61EF1C7889}
		{8434822C-E9FE-37F0-9ECA-291F6FF599BD} = {8434822C-E9FE-37F0-9ECA-291F6FF599BD}
	EndProjectSection
EndProject
Project("{8BC9CEB8-8B4A-11D0-8D11-00A0C91BC942}") = "test_auth_pubkey_ok_dsa", "tests\test_auth_pubkey_ok_dsa.vcxproj", "{50F59B98-6B13-3830-973D-97C510DF4D2E}"
	ProjectSection(ProjectDependencies) = postProject
		{94791116-8AFA-346B-A065-18C0B03089FF} = {94791116-8AFA-346B-A065-18C0B03089FF}
		{15BF8CEB-233B-39FE-B133-C26B01914860} = {15BF8CEB-233B-39FE-B133-C26B01914860}
		{E3DDBB91-6344-3F62-B0B8-8F61EF1C7889} = {E3DDBB91-6344-3F62-B0B8-8F61EF1C7889}
		{8434822C-E9FE-37F0-9ECA-291F6FF599BD} = {8434822C-E9FE-37F0-9ECA-291F6FF599BD}
	EndProjectSection
EndProject
Project("{8BC9CEB8-8B4A-11D0-8D11-00A0C91BC942}") = "test_auth_pubkey_ok_ecdsa", "tests\test_auth_pubkey_ok_ecdsa.vcxproj", "{2AAABA91-EE8B-30CD-B986-837A3235BABA}"
	ProjectSection(ProjectDependencies) = postProject
		{94791116-8AFA-346B-A065-18C0B03089FF} = {94791116-8AFA-346B-A065-18C0B03089FF}
		{15BF8CEB-233B-39FE-B133-C26B01914860} = {15BF8CEB-233B-39FE-B133-C26B01914860}
		{E3DDBB91-6344-3F62-B0B8-8F61EF1C7889} = {E3DDBB91-6344-3F62-B0B8-8F61EF1C7889}
		{8434822C-E9FE-37F0-9ECA-291F6FF599BD} = {8434822C-E9FE-37F0-9ECA-291F6FF599BD}
	EndProjectSection
EndProject
Project("{8BC9CEB8-8B4A-11D0-8D11-00A0C91BC942}") = "test_auth_pubkey_ok_ecdsa_signed", "tests\test_auth_pubkey_ok_ecdsa_signed.vcxproj", "{E64D34FD-0460-3557-A828-351C41B22504}"
	ProjectSection(ProjectDependencies) = postProject
		{94791116-8AFA-346B-A065-18C0B03089FF} = {94791116-8AFA-346B-A065-18C0B03089FF}
		{15BF8CEB-233B-39FE-B133-C26B01914860} = {15BF8CEB-233B-39FE-B133-C26B01914860}
		{E3DDBB91-6344-3F62-B0B8-8F61EF1C7889} = {E3DDBB91-6344-3F62-B0B8-8F61EF1C7889}
		{8434822C-E9FE-37F0-9ECA-291F6FF599BD} = {8434822C-E9FE-37F0-9ECA-291F6FF599BD}
	EndProjectSection
EndProject
Project("{8BC9CEB8-8B4A-11D0-8D11-00A0C91BC942}") = "test_auth_pubkey_ok_ed25519", "tests\test_auth_pubkey_ok_ed25519.vcxproj", "{A3F6FA14-3B7E-368C-9842-81F545E8EC63}"
	ProjectSection(ProjectDependencies) = postProject
		{94791116-8AFA-346B-A065-18C0B03089FF} = {94791116-8AFA-346B-A065-18C0B03089FF}
		{15BF8CEB-233B-39FE-B133-C26B01914860} = {15BF8CEB-233B-39FE-B133-C26B01914860}
		{E3DDBB91-6344-3F62-B0B8-8F61EF1C7889} = {E3DDBB91-6344-3F62-B0B8-8F61EF1C7889}
		{8434822C-E9FE-37F0-9ECA-291F6FF599BD} = {8434822C-E9FE-37F0-9ECA-291F6FF599BD}
	EndProjectSection
EndProject
Project("{8BC9CEB8-8B4A-11D0-8D11-00A0C91BC942}") = "test_auth_pubkey_ok_ed25519_encrypted", "tests\test_auth_pubkey_ok_ed25519_encrypted.vcxproj", "{FBFDFA20-9D36-33FC-B07C-BFAE7C67FB25}"
	ProjectSection(ProjectDependencies) = postProject
		{94791116-8AFA-346B-A065-18C0B03089FF} = {94791116-8AFA-346B-A065-18C0B03089FF}
		{15BF8CEB-233B-39FE-B133-C26B01914860} = {15BF8CEB-233B-39FE-B133-C26B01914860}
		{E3DDBB91-6344-3F62-B0B8-8F61EF1C7889} = {E3DDBB91-6344-3F62-B0B8-8F61EF1C7889}
		{8434822C-E9FE-37F0-9ECA-291F6FF599BD} = {8434822C-E9FE-37F0-9ECA-291F6FF599BD}
	EndProjectSection
EndProject
Project("{8BC9CEB8-8B4A-11D0-8D11-00A0C91BC942}") = "test_auth_pubkey_ok_ed25519_mem", "tests\test_auth_pubkey_ok_ed25519_mem.vcxproj", "{43553575-C6B4-3F81-9CCC-FE998FD01A63}"
	ProjectSection(ProjectDependencies) = postProject
		{94791116-8AFA-346B-A065-18C0B03089FF} = {94791116-8AFA-346B-A065-18C0B03089FF}
		{15BF8CEB-233B-39FE-B133-C26B01914860} = {15BF8CEB-233B-39FE-B133-C26B01914860}
		{E3DDBB91-6344-3F62-B0B8-8F61EF1C7889} = {E3DDBB91-6344-3F62-B0B8-8F61EF1C7889}
		{8434822C-E9FE-37F0-9ECA-291F6FF599BD} = {8434822C-E9FE-37F0-9ECA-291F6FF599BD}
	EndProjectSection
EndProject
Project("{8BC9CEB8-8B4A-11D0-8D11-00A0C91BC942}") = "test_auth_pubkey_ok_rsa", "tests\test_auth_pubkey_ok_rsa.vcxproj", "{FD9408E9-82EF-3802-B97C-8790D6B3DCCA}"
	ProjectSection(ProjectDependencies) = postProject
		{94791116-8AFA-346B-A065-18C0B03089FF} = {94791116-8AFA-346B-A065-18C0B03089FF}
		{15BF8CEB-233B-39FE-B133-C26B01914860} = {15BF8CEB-233B-39FE-B133-C26B01914860}
		{E3DDBB91-6344-3F62-B0B8-8F61EF1C7889} = {E3DDBB91-6344-3F62-B0B8-8F61EF1C7889}
		{8434822C-E9FE-37F0-9ECA-291F6FF599BD} = {8434822C-E9FE-37F0-9ECA-291F6FF599BD}
	EndProjectSection
EndProject
Project("{8BC9CEB8-8B4A-11D0-8D11-00A0C91BC942}") = "test_auth_pubkey_ok_rsa_aes256gcm", "tests\test_auth_pubkey_ok_rsa_aes256gcm.vcxproj", "{A6177CEF-A69F-389B-AA7E-E98339AE6084}"
	ProjectSection(ProjectDependencies) = postProject
		{94791116-8AFA-346B-A065-18C0B03089FF} = {94791116-8AFA-346B-A065-18C0B03089FF}
		{15BF8CEB-233B-39FE-B133-C26B01914860} = {15BF8CEB-233B-39FE-B133-C26B01914860}
		{E3DDBB91-6344-3F62-B0B8-8F61EF1C7889} = {E3DDBB91-6344-3F62-B0B8-8F61EF1C7889}
		{8434822C-E9FE-37F0-9ECA-291F6FF599BD} = {8434822C-E9FE-37F0-9ECA-291F6FF599BD}
	EndProjectSection
EndProject
Project("{8BC9CEB8-8B4A-11D0-8D11-00A0C91BC942}") = "test_auth_pubkey_ok_rsa_encrypted", "tests\test_auth_pubkey_ok_rsa_encrypted.vcxproj", "{DA8ECF02-503C-3501-A142-3AB092798B30}"
	ProjectSection(ProjectDependencies) = postProject
		{94791116-8AFA-346B-A065-18C0B03089FF} = {94791116-8AFA-346B-A065-18C0B03089FF}
		{15BF8CEB-233B-39FE-B133-C26B01914860} = {15BF8CEB-233B-39FE-B133-C26B01914860}
		{E3DDBB91-6344-3F62-B0B8-8F61EF1C7889} = {E3DDBB91-6344-3F62-B0B8-8F61EF1C7889}
		{8434822C-E9FE-37F0-9ECA-291F6FF599BD} = {8434822C-E9FE-37F0-9ECA-291F6FF599BD}
	EndProjectSection
EndProject
Project("{8BC9CEB8-8B4A-11D0-8D11-00A0C91BC942}") = "test_auth_pubkey_ok_rsa_openssh", "tests\test_auth_pubkey_ok_rsa_openssh.vcxproj", "{661BB6BF-D934-3083-82ED-D6D356EA571C}"
	ProjectSection(ProjectDependencies) = postProject
		{94791116-8AFA-346B-A065-18C0B03089FF} = {94791116-8AFA-346B-A065-18C0B03089FF}
		{15BF8CEB-233B-39FE-B133-C26B01914860} = {15BF8CEB-233B-39FE-B133-C26B01914860}
		{E3DDBB91-6344-3F62-B0B8-8F61EF1C7889} = {E3DDBB91-6344-3F62-B0B8-8F61EF1C7889}
		{8434822C-E9FE-37F0-9ECA-291F6FF599BD} = {8434822C-E9FE-37F0-9ECA-291F6FF599BD}
	EndProjectSection
EndProject
Project("{8BC9CEB8-8B4A-11D0-8D11-00A0C91BC942}") = "test_auth_pubkey_ok_rsa_signed", "tests\test_auth_pubkey_ok_rsa_signed.vcxproj", "{2D6D7257-51C6-3EF0-A192-1CC73B2A0521}"
	ProjectSection(ProjectDependencies) = postProject
		{94791116-8AFA-346B-A065-18C0B03089FF} = {94791116-8AFA-346B-A065-18C0B03089FF}
		{15BF8CEB-233B-39FE-B133-C26B01914860} = {15BF8CEB-233B-39FE-B133-C26B01914860}
		{E3DDBB91-6344-3F62-B0B8-8F61EF1C7889} = {E3DDBB91-6344-3F62-B0B8-8F61EF1C7889}
		{8434822C-E9FE-37F0-9ECA-291F6FF599BD} = {8434822C-E9FE-37F0-9ECA-291F6FF599BD}
	EndProjectSection
EndProject
Project("{8BC9CEB8-8B4A-11D0-8D11-00A0C91BC942}") = "test_hostkey", "tests\test_hostkey.vcxproj", "{AC51F142-7438-3D27-8981-FAB4E3B608D3}"
	ProjectSection(ProjectDependencies) = postProject
		{94791116-8AFA-346B-A065-18C0B03089FF} = {94791116-8AFA-346B-A065-18C0B03089FF}
		{15BF8CEB-233B-39FE-B133-C26B01914860} = {15BF8CEB-233B-39FE-B133-C26B01914860}
		{E5C37F4B-9300-3569-B4CF-4A346F1965ED} = {E5C37F4B-9300-3569-B4CF-4A346F1965ED}
		{8434822C-E9FE-37F0-9ECA-291F6FF599BD} = {8434822C-E9FE-37F0-9ECA-291F6FF599BD}
	EndProjectSection
EndProject
Project("{8BC9CEB8-8B4A-11D0-8D11-00A0C91BC942}") = "test_hostkey_hash", "tests\test_hostkey_hash.vcxproj", "{43BA5109-1B79-3C08-BDEF-913D1D8C7821}"
	ProjectSection(ProjectDependencies) = postProject
		{94791116-8AFA-346B-A065-18C0B03089FF} = {94791116-8AFA-346B-A065-18C0B03089FF}
		{15BF8CEB-233B-39FE-B133-C26B01914860} = {15BF8CEB-233B-39FE-B133-C26B01914860}
		{E3DDBB91-6344-3F62-B0B8-8F61EF1C7889} = {E3DDBB91-6344-3F62-B0B8-8F61EF1C7889}
		{8434822C-E9FE-37F0-9ECA-291F6FF599BD} = {8434822C-E9FE-37F0-9ECA-291F6FF599BD}
	EndProjectSection
EndProject
Project("{8BC9CEB8-8B4A-11D0-8D11-00A0C91BC942}") = "test_read", "tests\test_read.vcxproj", "{21095F79-11C8-3D4D-B609-090B014BD6AE}"
	ProjectSection(ProjectDependencies) = postProject
		{94791116-8AFA-346B-A065-18C0B03089FF} = {94791116-8AFA-346B-A065-18C0B03089FF}
		{15BF8CEB-233B-39FE-B133-C26B01914860} = {15BF8CEB-233B-39FE-B133-C26B01914860}
		{E3DDBB91-6344-3F62-B0B8-8F61EF1C7889} = {E3DDBB91-6344-3F62-B0B8-8F61EF1C7889}
		{8434822C-E9FE-37F0-9ECA-291F6FF599BD} = {8434822C-E9FE-37F0-9ECA-291F6FF599BD}
	EndProjectSection
EndProject
Project("{8BC9CEB8-8B4A-11D0-8D11-00A0C91BC942}") = "test_simple", "tests\test_simple.vcxproj", "{468BF725-30D5-3AF4-9805-EE9A3BFEC290}"
	ProjectSection(ProjectDependencies) = postProject
		{94791116-8AFA-346B-A065-18C0B03089FF} = {94791116-8AFA-346B-A065-18C0B03089FF}
		{15BF8CEB-233B-39FE-B133-C26B01914860} = {15BF8CEB-233B-39FE-B133-C26B01914860}
		{E5C37F4B-9300-3569-B4CF-4A346F1965ED} = {E5C37F4B-9300-3569-B4CF-4A346F1965ED}
		{8434822C-E9FE-37F0-9ECA-291F6FF599BD} = {8434822C-E9FE-37F0-9ECA-291F6FF599BD}
	EndProjectSection
EndProject
Project("{8BC9CEB8-8B4A-11D0-8D11-00A0C91BC942}") = "test_ssh2", "tests\test_ssh2.vcxproj", "{D7D34BEE-2493-3125-A37D-290C9F3E076D}"
	ProjectSection(ProjectDependencies) = postProject
		{94791116-8AFA-346B-A065-18C0B03089FF} = {94791116-8AFA-346B-A065-18C0B03089FF}
		{15BF8CEB-233B-39FE-B133-C26B01914860} = {15BF8CEB-233B-39FE-B133-C26B01914860}
		{E3DDBB91-6344-3F62-B0B8-8F61EF1C7889} = {E3DDBB91-6344-3F62-B0B8-8F61EF1C7889}
		{8434822C-E9FE-37F0-9ECA-291F6FF599BD} = {8434822C-E9FE-37F0-9ECA-291F6FF599BD}
	EndProjectSection
EndProject
Project("{8BC9CEB8-8B4A-11D0-8D11-00A0C91BC942}") = "x11", "example\x11.vcxproj", "{3992837D-FC94-3286-8726-AF04F15DA82F}"
	ProjectSection(ProjectDependencies) = postProject
		{94791116-8AFA-346B-A065-18C0B03089FF} = {94791116-8AFA-346B-A065-18C0B03089FF}
		{980FBC1A-CAA7-3FC3-8CE1-948948E8078A} = {980FBC1A-CAA7-3FC3-8CE1-948948E8078A}
		{E3DDBB91-6344-3F62-B0B8-8F61EF1C7889} = {E3DDBB91-6344-3F62-B0B8-8F61EF1C7889}
	EndProjectSection
EndProject
Global
	GlobalSection(SolutionConfigurationPlatforms) = preSolution
		Debug|x64 = Debug|x64
		Release|x64 = Release|x64
		MinSizeRel|x64 = MinSizeRel|x64
		RelWithDebInfo|x64 = RelWithDebInfo|x64
	EndGlobalSection
	GlobalSection(ProjectConfigurationPlatforms) = postSolution
		{FB930A96-0468-3068-82A1-29C72664283B}.Debug|x64.ActiveCfg = Debug|x64
		{FB930A96-0468-3068-82A1-29C72664283B}.Debug|x64.Build.0 = Debug|x64
		{FB930A96-0468-3068-82A1-29C72664283B}.Release|x64.ActiveCfg = Release|x64
		{FB930A96-0468-3068-82A1-29C72664283B}.Release|x64.Build.0 = Release|x64
		{FB930A96-0468-3068-82A1-29C72664283B}.MinSizeRel|x64.ActiveCfg = MinSizeRel|x64
		{FB930A96-0468-3068-82A1-29C72664283B}.MinSizeRel|x64.Build.0 = MinSizeRel|x64
		{FB930A96-0468-3068-82A1-29C72664283B}.RelWithDebInfo|x64.ActiveCfg = RelWithDebInfo|x64
		{FB930A96-0468-3068-82A1-29C72664283B}.RelWithDebInfo|x64.Build.0 = RelWithDebInfo|x64
		{46530BFB-B300-39C6-AE61-0C18DDCF6728}.Debug|x64.ActiveCfg = Debug|x64
		{46530BFB-B300-39C6-AE61-0C18DDCF6728}.Release|x64.ActiveCfg = Release|x64
		{46530BFB-B300-39C6-AE61-0C18DDCF6728}.MinSizeRel|x64.ActiveCfg = MinSizeRel|x64
		{46530BFB-B300-39C6-AE61-0C18DDCF6728}.RelWithDebInfo|x64.ActiveCfg = RelWithDebInfo|x64
		{569652CD-2BF7-39C6-B6CB-83FE1C8CD937}.Debug|x64.ActiveCfg = Debug|x64
		{569652CD-2BF7-39C6-B6CB-83FE1C8CD937}.Release|x64.ActiveCfg = Release|x64
		{569652CD-2BF7-39C6-B6CB-83FE1C8CD937}.MinSizeRel|x64.ActiveCfg = MinSizeRel|x64
		{569652CD-2BF7-39C6-B6CB-83FE1C8CD937}.RelWithDebInfo|x64.ActiveCfg = RelWithDebInfo|x64
		{92E95080-3B40-3746-BE05-282AC46AC55A}.Debug|x64.ActiveCfg = Debug|x64
		{92E95080-3B40-3746-BE05-282AC46AC55A}.Release|x64.ActiveCfg = Release|x64
		{92E95080-3B40-3746-BE05-282AC46AC55A}.MinSizeRel|x64.ActiveCfg = MinSizeRel|x64
		{92E95080-3B40-3746-BE05-282AC46AC55A}.RelWithDebInfo|x64.ActiveCfg = RelWithDebInfo|x64
		{94791116-8AFA-346B-A065-18C0B03089FF}.Debug|x64.ActiveCfg = Debug|x64
		{94791116-8AFA-346B-A065-18C0B03089FF}.Debug|x64.Build.0 = Debug|x64
		{94791116-8AFA-346B-A065-18C0B03089FF}.Release|x64.ActiveCfg = Release|x64
		{94791116-8AFA-346B-A065-18C0B03089FF}.Release|x64.Build.0 = Release|x64
		{94791116-8AFA-346B-A065-18C0B03089FF}.MinSizeRel|x64.ActiveCfg = MinSizeRel|x64
		{94791116-8AFA-346B-A065-18C0B03089FF}.MinSizeRel|x64.Build.0 = MinSizeRel|x64
		{94791116-8AFA-346B-A065-18C0B03089FF}.RelWithDebInfo|x64.ActiveCfg = RelWithDebInfo|x64
		{94791116-8AFA-346B-A065-18C0B03089FF}.RelWithDebInfo|x64.Build.0 = RelWithDebInfo|x64
		{D0B0CC28-6AA5-30FB-BA8F-AE76B371AA56}.Debug|x64.ActiveCfg = Debug|x64
		{D0B0CC28-6AA5-30FB-BA8F-AE76B371AA56}.Release|x64.ActiveCfg = Release|x64
		{D0B0CC28-6AA5-30FB-BA8F-AE76B371AA56}.MinSizeRel|x64.ActiveCfg = MinSizeRel|x64
		{D0B0CC28-6AA5-30FB-BA8F-AE76B371AA56}.RelWithDebInfo|x64.ActiveCfg = RelWithDebInfo|x64
		{980FBC1A-CAA7-3FC3-8CE1-948948E8078A}.Debug|x64.ActiveCfg = Debug|x64
		{980FBC1A-CAA7-3FC3-8CE1-948948E8078A}.Debug|x64.Build.0 = Debug|x64
		{980FBC1A-CAA7-3FC3-8CE1-948948E8078A}.Release|x64.ActiveCfg = Release|x64
		{980FBC1A-CAA7-3FC3-8CE1-948948E8078A}.Release|x64.Build.0 = Release|x64
		{980FBC1A-CAA7-3FC3-8CE1-948948E8078A}.MinSizeRel|x64.ActiveCfg = MinSizeRel|x64
		{980FBC1A-CAA7-3FC3-8CE1-948948E8078A}.MinSizeRel|x64.Build.0 = MinSizeRel|x64
		{980FBC1A-CAA7-3FC3-8CE1-948948E8078A}.RelWithDebInfo|x64.ActiveCfg = RelWithDebInfo|x64
		{980FBC1A-CAA7-3FC3-8CE1-948948E8078A}.RelWithDebInfo|x64.Build.0 = RelWithDebInfo|x64
		{15BF8CEB-233B-39FE-B133-C26B01914860}.Debug|x64.ActiveCfg = Debug|x64
		{15BF8CEB-233B-39FE-B133-C26B01914860}.Debug|x64.Build.0 = Debug|x64
		{15BF8CEB-233B-39FE-B133-C26B01914860}.Release|x64.ActiveCfg = Release|x64
		{15BF8CEB-233B-39FE-B133-C26B01914860}.Release|x64.Build.0 = Release|x64
		{15BF8CEB-233B-39FE-B133-C26B01914860}.MinSizeRel|x64.ActiveCfg = MinSizeRel|x64
		{15BF8CEB-233B-39FE-B133-C26B01914860}.MinSizeRel|x64.Build.0 = MinSizeRel|x64
		{15BF8CEB-233B-39FE-B133-C26B01914860}.RelWithDebInfo|x64.ActiveCfg = RelWithDebInfo|x64
		{15BF8CEB-233B-39FE-B133-C26B01914860}.RelWithDebInfo|x64.Build.0 = RelWithDebInfo|x64
		{B4B1A9F8-F3AB-3A7A-B175-9229D3D6AD07}.Debug|x64.ActiveCfg = Debug|x64
		{B4B1A9F8-F3AB-3A7A-B175-9229D3D6AD07}.Release|x64.ActiveCfg = Release|x64
		{B4B1A9F8-F3AB-3A7A-B175-9229D3D6AD07}.MinSizeRel|x64.ActiveCfg = MinSizeRel|x64
		{B4B1A9F8-F3AB-3A7A-B175-9229D3D6AD07}.RelWithDebInfo|x64.ActiveCfg = RelWithDebInfo|x64
		{03598803-CC99-38B6-BDB1-FDDBE6C0FDA8}.Debug|x64.ActiveCfg = Debug|x64
		{03598803-CC99-38B6-BDB1-FDDBE6C0FDA8}.Debug|x64.Build.0 = Debug|x64
		{03598803-CC99-38B6-BDB1-FDDBE6C0FDA8}.Release|x64.ActiveCfg = Release|x64
		{03598803-CC99-38B6-BDB1-FDDBE6C0FDA8}.Release|x64.Build.0 = Release|x64
		{03598803-CC99-38B6-BDB1-FDDBE6C0FDA8}.MinSizeRel|x64.ActiveCfg = MinSizeRel|x64
		{03598803-CC99-38B6-BDB1-FDDBE6C0FDA8}.MinSizeRel|x64.Build.0 = MinSizeRel|x64
		{03598803-CC99-38B6-BDB1-FDDBE6C0FDA8}.RelWithDebInfo|x64.ActiveCfg = RelWithDebInfo|x64
		{03598803-CC99-38B6-BDB1-FDDBE6C0FDA8}.RelWithDebInfo|x64.Build.0 = RelWithDebInfo|x64
		{E3DDBB91-6344-3F62-B0B8-8F61EF1C7889}.Debug|x64.ActiveCfg = Debug|x64
		{E3DDBB91-6344-3F62-B0B8-8F61EF1C7889}.Debug|x64.Build.0 = Debug|x64
		{E3DDBB91-6344-3F62-B0B8-8F61EF1C7889}.Release|x64.ActiveCfg = Release|x64
		{E3DDBB91-6344-3F62-B0B8-8F61EF1C7889}.Release|x64.Build.0 = Release|x64
		{E3DDBB91-6344-3F62-B0B8-8F61EF1C7889}.MinSizeRel|x64.ActiveCfg = MinSizeRel|x64
		{E3DDBB91-6344-3F62-B0B8-8F61EF1C7889}.MinSizeRel|x64.Build.0 = MinSizeRel|x64
		{E3DDBB91-6344-3F62-B0B8-8F61EF1C7889}.RelWithDebInfo|x64.ActiveCfg = RelWithDebInfo|x64
		{E3DDBB91-6344-3F62-B0B8-8F61EF1C7889}.RelWithDebInfo|x64.Build.0 = RelWithDebInfo|x64
		{E5C37F4B-9300-3569-B4CF-4A346F1965ED}.Debug|x64.ActiveCfg = Debug|x64
		{E5C37F4B-9300-3569-B4CF-4A346F1965ED}.Debug|x64.Build.0 = Debug|x64
		{E5C37F4B-9300-3569-B4CF-4A346F1965ED}.Release|x64.ActiveCfg = Release|x64
		{E5C37F4B-9300-3569-B4CF-4A346F1965ED}.Release|x64.Build.0 = Release|x64
		{E5C37F4B-9300-3569-B4CF-4A346F1965ED}.MinSizeRel|x64.ActiveCfg = MinSizeRel|x64
		{E5C37F4B-9300-3569-B4CF-4A346F1965ED}.MinSizeRel|x64.Build.0 = MinSizeRel|x64
		{E5C37F4B-9300-3569-B4CF-4A346F1965ED}.RelWithDebInfo|x64.ActiveCfg = RelWithDebInfo|x64
		{E5C37F4B-9300-3569-B4CF-4A346F1965ED}.RelWithDebInfo|x64.Build.0 = RelWithDebInfo|x64
		{8434822C-E9FE-37F0-9ECA-291F6FF599BD}.Debug|x64.ActiveCfg = Debug|x64
		{8434822C-E9FE-37F0-9ECA-291F6FF599BD}.Debug|x64.Build.0 = Debug|x64
		{8434822C-E9FE-37F0-9ECA-291F6FF599BD}.Release|x64.ActiveCfg = Release|x64
		{8434822C-E9FE-37F0-9ECA-291F6FF599BD}.Release|x64.Build.0 = Release|x64
		{8434822C-E9FE-37F0-9ECA-291F6FF599BD}.MinSizeRel|x64.ActiveCfg = MinSizeRel|x64
		{8434822C-E9FE-37F0-9ECA-291F6FF599BD}.MinSizeRel|x64.Build.0 = MinSizeRel|x64
		{8434822C-E9FE-37F0-9ECA-291F6FF599BD}.RelWithDebInfo|x64.ActiveCfg = RelWithDebInfo|x64
		{8434822C-E9FE-37F0-9ECA-291F6FF599BD}.RelWithDebInfo|x64.Build.0 = RelWithDebInfo|x64
		{9A63C453-3E8C-35CF-8E0D-EDAC3B9D092F}.Debug|x64.ActiveCfg = Debug|x64
		{9A63C453-3E8C-35CF-8E0D-EDAC3B9D092F}.Debug|x64.Build.0 = Debug|x64
		{9A63C453-3E8C-35CF-8E0D-EDAC3B9D092F}.Release|x64.ActiveCfg = Release|x64
		{9A63C453-3E8C-35CF-8E0D-EDAC3B9D092F}.Release|x64.Build.0 = Release|x64
		{9A63C453-3E8C-35CF-8E0D-EDAC3B9D092F}.MinSizeRel|x64.ActiveCfg = MinSizeRel|x64
		{9A63C453-3E8C-35CF-8E0D-EDAC3B9D092F}.MinSizeRel|x64.Build.0 = MinSizeRel|x64
		{9A63C453-3E8C-35CF-8E0D-EDAC3B9D092F}.RelWithDebInfo|x64.ActiveCfg = RelWithDebInfo|x64
		{9A63C453-3E8C-35CF-8E0D-EDAC3B9D092F}.RelWithDebInfo|x64.Build.0 = RelWithDebInfo|x64
		{C3A8576D-1595-3647-BCE8-4BAD7EE06565}.Debug|x64.ActiveCfg = Debug|x64
		{C3A8576D-1595-3647-BCE8-4BAD7EE06565}.Debug|x64.Build.0 = Debug|x64
		{C3A8576D-1595-3647-BCE8-4BAD7EE06565}.Release|x64.ActiveCfg = Release|x64
		{C3A8576D-1595-3647-BCE8-4BAD7EE06565}.Release|x64.Build.0 = Release|x64
		{C3A8576D-1595-3647-BCE8-4BAD7EE06565}.MinSizeRel|x64.ActiveCfg = MinSizeRel|x64
		{C3A8576D-1595-3647-BCE8-4BAD7EE06565}.MinSizeRel|x64.Build.0 = MinSizeRel|x64
		{C3A8576D-1595-3647-BCE8-4BAD7EE06565}.RelWithDebInfo|x64.ActiveCfg = RelWithDebInfo|x64
		{C3A8576D-1595-3647-BCE8-4BAD7EE06565}.RelWithDebInfo|x64.Build.0 = RelWithDebInfo|x64
		{11B7A539-C732-3D36-B217-98A3125621AC}.Debug|x64.ActiveCfg = Debug|x64
		{11B7A539-C732-3D36-B217-98A3125621AC}.Debug|x64.Build.0 = Debug|x64
		{11B7A539-C732-3D36-B217-98A3125621AC}.Release|x64.ActiveCfg = Release|x64
		{11B7A539-C732-3D36-B217-98A3125621AC}.Release|x64.Build.0 = Release|x64
		{11B7A539-C732-3D36-B217-98A3125621AC}.MinSizeRel|x64.ActiveCfg = MinSizeRel|x64
		{11B7A539-C732-3D36-B217-98A3125621AC}.MinSizeRel|x64.Build.0 = MinSizeRel|x64
		{11B7A539-C732-3D36-B217-98A3125621AC}.RelWithDebInfo|x64.ActiveCfg = RelWithDebInfo|x64
		{11B7A539-C732-3D36-B217-98A3125621AC}.RelWithDebInfo|x64.Build.0 = RelWithDebInfo|x64
		{F73808AE-796E-35AA-BA2D-B6444FB4D942}.Debug|x64.ActiveCfg = Debug|x64
		{F73808AE-796E-35AA-BA2D-B6444FB4D942}.Debug|x64.Build.0 = Debug|x64
		{F73808AE-796E-35AA-BA2D-B6444FB4D942}.Release|x64.ActiveCfg = Release|x64
		{F73808AE-796E-35AA-BA2D-B6444FB4D942}.Release|x64.Build.0 = Release|x64
		{F73808AE-796E-35AA-BA2D-B6444FB4D942}.MinSizeRel|x64.ActiveCfg = MinSizeRel|x64
		{F73808AE-796E-35AA-BA2D-B6444FB4D942}.MinSizeRel|x64.Build.0 = MinSizeRel|x64
		{F73808AE-796E-35AA-BA2D-B6444FB4D942}.RelWithDebInfo|x64.ActiveCfg = RelWithDebInfo|x64
		{F73808AE-796E-35AA-BA2D-B6444FB4D942}.RelWithDebInfo|x64.Build.0 = RelWithDebInfo|x64
		{FD91B4F0-CB5C-3DC0-9926-27C7E63E1A59}.Debug|x64.ActiveCfg = Debug|x64
		{FD91B4F0-CB5C-3DC0-9926-27C7E63E1A59}.Debug|x64.Build.0 = Debug|x64
		{FD91B4F0-CB5C-3DC0-9926-27C7E63E1A59}.Release|x64.ActiveCfg = Release|x64
		{FD91B4F0-CB5C-3DC0-9926-27C7E63E1A59}.Release|x64.Build.0 = Release|x64
		{FD91B4F0-CB5C-3DC0-9926-27C7E63E1A59}.MinSizeRel|x64.ActiveCfg = MinSizeRel|x64
		{FD91B4F0-CB5C-3DC0-9926-27C7E63E1A59}.MinSizeRel|x64.Build.0 = MinSizeRel|x64
		{FD91B4F0-CB5C-3DC0-9926-27C7E63E1A59}.RelWithDebInfo|x64.ActiveCfg = RelWithDebInfo|x64
		{FD91B4F0-CB5C-3DC0-9926-27C7E63E1A59}.RelWithDebInfo|x64.Build.0 = RelWithDebInfo|x64
		{561967A7-36A8-382C-A063-F6F54DBB87AA}.Debug|x64.ActiveCfg = Debug|x64
		{561967A7-36A8-382C-A063-F6F54DBB87AA}.Debug|x64.Build.0 = Debug|x64
		{561967A7-36A8-382C-A063-F6F54DBB87AA}.Release|x64.ActiveCfg = Release|x64
		{561967A7-36A8-382C-A063-F6F54DBB87AA}.Release|x64.Build.0 = Release|x64
		{561967A7-36A8-382C-A063-F6F54DBB87AA}.MinSizeRel|x64.ActiveCfg = MinSizeRel|x64
		{561967A7-36A8-382C-A063-F6F54DBB87AA}.MinSizeRel|x64.Build.0 = MinSizeRel|x64
		{561967A7-36A8-382C-A063-F6F54DBB87AA}.RelWithDebInfo|x64.ActiveCfg = RelWithDebInfo|x64
		{561967A7-36A8-382C-A063-F6F54DBB87AA}.RelWithDebInfo|x64.Build.0 = RelWithDebInfo|x64
		{C110ADEE-0A33-3C88-866D-0246FAAC643C}.Debug|x64.ActiveCfg = Debug|x64
		{C110ADEE-0A33-3C88-866D-0246FAAC643C}.Debug|x64.Build.0 = Debug|x64
		{C110ADEE-0A33-3C88-866D-0246FAAC643C}.Release|x64.ActiveCfg = Release|x64
		{C110ADEE-0A33-3C88-866D-0246FAAC643C}.Release|x64.Build.0 = Release|x64
		{C110ADEE-0A33-3C88-866D-0246FAAC643C}.MinSizeRel|x64.ActiveCfg = MinSizeRel|x64
		{C110ADEE-0A33-3C88-866D-0246FAAC643C}.MinSizeRel|x64.Build.0 = MinSizeRel|x64
		{C110ADEE-0A33-3C88-866D-0246FAAC643C}.RelWithDebInfo|x64.ActiveCfg = RelWithDebInfo|x64
		{C110ADEE-0A33-3C88-866D-0246FAAC643C}.RelWithDebInfo|x64.Build.0 = RelWithDebInfo|x64
		{A502C7C7-D921-38F2-B3A4-49876B52BB2B}.Debug|x64.ActiveCfg = Debug|x64
		{A502C7C7-D921-38F2-B3A4-49876B52BB2B}.Debug|x64.Build.0 = Debug|x64
		{A502C7C7-D921-38F2-B3A4-49876B52BB2B}.Release|x64.ActiveCfg = Release|x64
		{A502C7C7-D921-38F2-B3A4-49876B52BB2B}.Release|x64.Build.0 = Release|x64
		{A502C7C7-D921-38F2-B3A4-49876B52BB2B}.MinSizeRel|x64.ActiveCfg = MinSizeRel|x64
		{A502C7C7-D921-38F2-B3A4-49876B52BB2B}.MinSizeRel|x64.Build.0 = MinSizeRel|x64
		{A502C7C7-D921-38F2-B3A4-49876B52BB2B}.RelWithDebInfo|x64.ActiveCfg = RelWithDebInfo|x64
		{A502C7C7-D921-38F2-B3A4-49876B52BB2B}.RelWithDebInfo|x64.Build.0 = RelWithDebInfo|x64
		{CCE09069-55A7-3FBD-9206-6B9120B7B436}.Debug|x64.ActiveCfg = Debug|x64
		{CCE09069-55A7-3FBD-9206-6B9120B7B436}.Debug|x64.Build.0 = Debug|x64
		{CCE09069-55A7-3FBD-9206-6B9120B7B436}.Release|x64.ActiveCfg = Release|x64
		{CCE09069-55A7-3FBD-9206-6B9120B7B436}.Release|x64.Build.0 = Release|x64
		{CCE09069-55A7-3FBD-9206-6B9120B7B436}.MinSizeRel|x64.ActiveCfg = MinSizeRel|x64
		{CCE09069-55A7-3FBD-9206-6B9120B7B436}.MinSizeRel|x64.Build.0 = MinSizeRel|x64
		{CCE09069-55A7-3FBD-9206-6B9120B7B436}.RelWithDebInfo|x64.ActiveCfg = RelWithDebInfo|x64
		{CCE09069-55A7-3FBD-9206-6B9120B7B436}.RelWithDebInfo|x64.Build.0 = RelWithDebInfo|x64
		{27BB28DD-D16E-31D5-8B9C-221FF46AC46B}.Debug|x64.ActiveCfg = Debug|x64
		{27BB28DD-D16E-31D5-8B9C-221FF46AC46B}.Debug|x64.Build.0 = Debug|x64
		{27BB28DD-D16E-31D5-8B9C-221FF46AC46B}.Release|x64.ActiveCfg = Release|x64
		{27BB28DD-D16E-31D5-8B9C-221FF46AC46B}.Release|x64.Build.0 = Release|x64
		{27BB28DD-D16E-31D5-8B9C-221FF46AC46B}.MinSizeRel|x64.ActiveCfg = MinSizeRel|x64
		{27BB28DD-D16E-31D5-8B9C-221FF46AC46B}.MinSizeRel|x64.Build.0 = MinSizeRel|x64
		{27BB28DD-D16E-31D5-8B9C-221FF46AC46B}.RelWithDebInfo|x64.ActiveCfg = RelWithDebInfo|x64
		{27BB28DD-D16E-31D5-8B9C-221FF46AC46B}.RelWithDebInfo|x64.Build.0 = RelWithDebInfo|x64
		{11C1E949-BEE3-3E59-BB95-3AB077D9ADE2}.Debug|x64.ActiveCfg = Debug|x64
		{11C1E949-BEE3-3E59-BB95-3AB077D9ADE2}.Debug|x64.Build.0 = Debug|x64
		{11C1E949-BEE3-3E59-BB95-3AB077D9ADE2}.Release|x64.ActiveCfg = Release|x64
		{11C1E949-BEE3-3E59-BB95-3AB077D9ADE2}.Release|x64.Build.0 = Release|x64
		{11C1E949-BEE3-3E59-BB95-3AB077D9ADE2}.MinSizeRel|x64.ActiveCfg = MinSizeRel|x64
		{11C1E949-BEE3-3E59-BB95-3AB077D9ADE2}.MinSizeRel|x64.Build.0 = MinSizeRel|x64
		{11C1E949-BEE3-3E59-BB95-3AB077D9ADE2}.RelWithDebInfo|x64.ActiveCfg = RelWithDebInfo|x64
		{11C1E949-BEE3-3E59-BB95-3AB077D9ADE2}.RelWithDebInfo|x64.Build.0 = RelWithDebInfo|x64
		{C2DAA58A-96C4-35C9-AAE0-492BB6673F9A}.Debug|x64.ActiveCfg = Debug|x64
		{C2DAA58A-96C4-35C9-AAE0-492BB6673F9A}.Debug|x64.Build.0 = Debug|x64
		{C2DAA58A-96C4-35C9-AAE0-492BB6673F9A}.Release|x64.ActiveCfg = Release|x64
		{C2DAA58A-96C4-35C9-AAE0-492BB6673F9A}.Release|x64.Build.0 = Release|x64
		{C2DAA58A-96C4-35C9-AAE0-492BB6673F9A}.MinSizeRel|x64.ActiveCfg = MinSizeRel|x64
		{C2DAA58A-96C4-35C9-AAE0-492BB6673F9A}.MinSizeRel|x64.Build.0 = MinSizeRel|x64
		{C2DAA58A-96C4-35C9-AAE0-492BB6673F9A}.RelWithDebInfo|x64.ActiveCfg = RelWithDebInfo|x64
		{C2DAA58A-96C4-35C9-AAE0-492BB6673F9A}.RelWithDebInfo|x64.Build.0 = RelWithDebInfo|x64
		{3426077F-7228-38B4-8AD0-91B2D760ACC0}.Debug|x64.ActiveCfg = Debug|x64
		{3426077F-7228-38B4-8AD0-91B2D760ACC0}.Debug|x64.Build.0 = Debug|x64
		{3426077F-7228-38B4-8AD0-91B2D760ACC0}.Release|x64.ActiveCfg = Release|x64
		{3426077F-7228-38B4-8AD0-91B2D760ACC0}.Release|x64.Build.0 = Release|x64
		{3426077F-7228-38B4-8AD0-91B2D760ACC0}.MinSizeRel|x64.ActiveCfg = MinSizeRel|x64
		{3426077F-7228-38B4-8AD0-91B2D760ACC0}.MinSizeRel|x64.Build.0 = MinSizeRel|x64
		{3426077F-7228-38B4-8AD0-91B2D760ACC0}.RelWithDebInfo|x64.ActiveCfg = RelWithDebInfo|x64
		{3426077F-7228-38B4-8AD0-91B2D760ACC0}.RelWithDebInfo|x64.Build.0 = RelWithDebInfo|x64
		{062C5856-E85E-3F0F-8DDF-5F8EF2B4FCF8}.Debug|x64.ActiveCfg = Debug|x64
		{062C5856-E85E-3F0F-8DDF-5F8EF2B4FCF8}.Debug|x64.Build.0 = Debug|x64
		{062C5856-E85E-3F0F-8DDF-5F8EF2B4FCF8}.Release|x64.ActiveCfg = Release|x64
		{062C5856-E85E-3F0F-8DDF-5F8EF2B4FCF8}.Release|x64.Build.0 = Release|x64
		{062C5856-E85E-3F0F-8DDF-5F8EF2B4FCF8}.MinSizeRel|x64.ActiveCfg = MinSizeRel|x64
		{062C5856-E85E-3F0F-8DDF-5F8EF2B4FCF8}.MinSizeRel|x64.Build.0 = MinSizeRel|x64
		{062C5856-E85E-3F0F-8DDF-5F8EF2B4FCF8}.RelWithDebInfo|x64.ActiveCfg = RelWithDebInfo|x64
		{062C5856-E85E-3F0F-8DDF-5F8EF2B4FCF8}.RelWithDebInfo|x64.Build.0 = RelWithDebInfo|x64
		{2A6F64AB-BFEA-38D8-A042-7C1C69A1C2B0}.Debug|x64.ActiveCfg = Debug|x64
		{2A6F64AB-BFEA-38D8-A042-7C1C69A1C2B0}.Debug|x64.Build.0 = Debug|x64
		{2A6F64AB-BFEA-38D8-A042-7C1C69A1C2B0}.Release|x64.ActiveCfg = Release|x64
		{2A6F64AB-BFEA-38D8-A042-7C1C69A1C2B0}.Release|x64.Build.0 = Release|x64
		{2A6F64AB-BFEA-38D8-A042-7C1C69A1C2B0}.MinSizeRel|x64.ActiveCfg = MinSizeRel|x64
		{2A6F64AB-BFEA-38D8-A042-7C1C69A1C2B0}.MinSizeRel|x64.Build.0 = MinSizeRel|x64
		{2A6F64AB-BFEA-38D8-A042-7C1C69A1C2B0}.RelWithDebInfo|x64.ActiveCfg = RelWithDebInfo|x64
		{2A6F64AB-BFEA-38D8-A042-7C1C69A1C2B0}.RelWithDebInfo|x64.Build.0 = RelWithDebInfo|x64
		{44F01DCA-CAA5-36B9-95C8-C08B4D24149A}.Debug|x64.ActiveCfg = Debug|x64
		{44F01DCA-CAA5-36B9-95C8-C08B4D24149A}.Debug|x64.Build.0 = Debug|x64
		{44F01DCA-CAA5-36B9-95C8-C08B4D24149A}.Release|x64.ActiveCfg = Release|x64
		{44F01DCA-CAA5-36B9-95C8-C08B4D24149A}.Release|x64.Build.0 = Release|x64
		{44F01DCA-CAA5-36B9-95C8-C08B4D24149A}.MinSizeRel|x64.ActiveCfg = MinSizeRel|x64
		{44F01DCA-CAA5-36B9-95C8-C08B4D24149A}.MinSizeRel|x64.Build.0 = MinSizeRel|x64
		{44F01DCA-CAA5-36B9-95C8-C08B4D24149A}.RelWithDebInfo|x64.ActiveCfg = RelWithDebInfo|x64
		{44F01DCA-CAA5-36B9-95C8-C08B4D24149A}.RelWithDebInfo|x64.Build.0 = RelWithDebInfo|x64
		{7D899764-2F89-3AD9-BED0-64687B79DE8A}.Debug|x64.ActiveCfg = Debug|x64
		{7D899764-2F89-3AD9-BED0-64687B79DE8A}.Debug|x64.Build.0 = Debug|x64
		{7D899764-2F89-3AD9-BED0-64687B79DE8A}.Release|x64.ActiveCfg = Release|x64
		{7D899764-2F89-3AD9-BED0-64687B79DE8A}.Release|x64.Build.0 = Release|x64
		{7D899764-2F89-3AD9-BED0-64687B79DE8A}.MinSizeRel|x64.ActiveCfg = MinSizeRel|x64
		{7D899764-2F89-3AD9-BED0-64687B79DE8A}.MinSizeRel|x64.Build.0 = MinSizeRel|x64
		{7D899764-2F89-3AD9-BED0-64687B79DE8A}.RelWithDebInfo|x64.ActiveCfg = RelWithDebInfo|x64
		{7D899764-2F89-3AD9-BED0-64687B79DE8A}.RelWithDebInfo|x64.Build.0 = RelWithDebInfo|x64
		{3347CCEC-2952-3EB2-8CF5-489A9AE2C1F1}.Debug|x64.ActiveCfg = Debug|x64
		{3347CCEC-2952-3EB2-8CF5-489A9AE2C1F1}.Debug|x64.Build.0 = Debug|x64
		{3347CCEC-2952-3EB2-8CF5-489A9AE2C1F1}.Release|x64.ActiveCfg = Release|x64
		{3347CCEC-2952-3EB2-8CF5-489A9AE2C1F1}.Release|x64.Build.0 = Release|x64
		{3347CCEC-2952-3EB2-8CF5-489A9AE2C1F1}.MinSizeRel|x64.ActiveCfg = MinSizeRel|x64
		{3347CCEC-2952-3EB2-8CF5-489A9AE2C1F1}.MinSizeRel|x64.Build.0 = MinSizeRel|x64
		{3347CCEC-2952-3EB2-8CF5-489A9AE2C1F1}.RelWithDebInfo|x64.ActiveCfg = RelWithDebInfo|x64
		{3347CCEC-2952-3EB2-8CF5-489A9AE2C1F1}.RelWithDebInfo|x64.Build.0 = RelWithDebInfo|x64
		{821BB603-87C8-36C4-8792-E57A2DBE1C49}.Debug|x64.ActiveCfg = Debug|x64
		{821BB603-87C8-36C4-8792-E57A2DBE1C49}.Debug|x64.Build.0 = Debug|x64
		{821BB603-87C8-36C4-8792-E57A2DBE1C49}.Release|x64.ActiveCfg = Release|x64
		{821BB603-87C8-36C4-8792-E57A2DBE1C49}.Release|x64.Build.0 = Release|x64
		{821BB603-87C8-36C4-8792-E57A2DBE1C49}.MinSizeRel|x64.ActiveCfg = MinSizeRel|x64
		{821BB603-87C8-36C4-8792-E57A2DBE1C49}.MinSizeRel|x64.Build.0 = MinSizeRel|x64
		{821BB603-87C8-36C4-8792-E57A2DBE1C49}.RelWithDebInfo|x64.ActiveCfg = RelWithDebInfo|x64
		{821BB603-87C8-36C4-8792-E57A2DBE1C49}.RelWithDebInfo|x64.Build.0 = RelWithDebInfo|x64
		{EF7DE6EF-8962-3A6D-9AD1-816912BE0BA5}.Debug|x64.ActiveCfg = Debug|x64
		{EF7DE6EF-8962-3A6D-9AD1-816912BE0BA5}.Debug|x64.Build.0 = Debug|x64
		{EF7DE6EF-8962-3A6D-9AD1-816912BE0BA5}.Release|x64.ActiveCfg = Release|x64
		{EF7DE6EF-8962-3A6D-9AD1-816912BE0BA5}.Release|x64.Build.0 = Release|x64
		{EF7DE6EF-8962-3A6D-9AD1-816912BE0BA5}.MinSizeRel|x64.ActiveCfg = MinSizeRel|x64
		{EF7DE6EF-8962-3A6D-9AD1-816912BE0BA5}.MinSizeRel|x64.Build.0 = MinSizeRel|x64
		{EF7DE6EF-8962-3A6D-9AD1-816912BE0BA5}.RelWithDebInfo|x64.ActiveCfg = RelWithDebInfo|x64
		{EF7DE6EF-8962-3A6D-9AD1-816912BE0BA5}.RelWithDebInfo|x64.Build.0 = RelWithDebInfo|x64
		{EF498169-E739-3CB5-8596-AC68F6E4F8CC}.Debug|x64.ActiveCfg = Debug|x64
		{EF498169-E739-3CB5-8596-AC68F6E4F8CC}.Debug|x64.Build.0 = Debug|x64
		{EF498169-E739-3CB5-8596-AC68F6E4F8CC}.Release|x64.ActiveCfg = Release|x64
		{EF498169-E739-3CB5-8596-AC68F6E4F8CC}.Release|x64.Build.0 = Release|x64
		{EF498169-E739-3CB5-8596-AC68F6E4F8CC}.MinSizeRel|x64.ActiveCfg = MinSizeRel|x64
		{EF498169-E739-3CB5-8596-AC68F6E4F8CC}.MinSizeRel|x64.Build.0 = MinSizeRel|x64
		{EF498169-E739-3CB5-8596-AC68F6E4F8CC}.RelWithDebInfo|x64.ActiveCfg = RelWithDebInfo|x64
		{EF498169-E739-3CB5-8596-AC68F6E4F8CC}.RelWithDebInfo|x64.Build.0 = RelWithDebInfo|x64
		{B652A66B-DF8F-3E83-8C9C-B60EC43423A9}.Debug|x64.ActiveCfg = Debug|x64
		{B652A66B-DF8F-3E83-8C9C-B60EC43423A9}.Debug|x64.Build.0 = Debug|x64
		{B652A66B-DF8F-3E83-8C9C-B60EC43423A9}.Release|x64.ActiveCfg = Release|x64
		{B652A66B-DF8F-3E83-8C9C-B60EC43423A9}.Release|x64.Build.0 = Release|x64
		{B652A66B-DF8F-3E83-8C9C-B60EC43423A9}.MinSizeRel|x64.ActiveCfg = MinSizeRel|x64
		{B652A66B-DF8F-3E83-8C9C-B60EC43423A9}.MinSizeRel|x64.Build.0 = MinSizeRel|x64
		{B652A66B-DF8F-3E83-8C9C-B60EC43423A9}.RelWithDebInfo|x64.ActiveCfg = RelWithDebInfo|x64
		{B652A66B-DF8F-3E83-8C9C-B60EC43423A9}.RelWithDebInfo|x64.Build.0 = RelWithDebInfo|x64
		{CF211248-7A3B-34EC-987A-85B1D788E7C6}.Debug|x64.ActiveCfg = Debug|x64
		{CF211248-7A3B-34EC-987A-85B1D788E7C6}.Debug|x64.Build.0 = Debug|x64
		{CF211248-7A3B-34EC-987A-85B1D788E7C6}.Release|x64.ActiveCfg = Release|x64
		{CF211248-7A3B-34EC-987A-85B1D788E7C6}.Release|x64.Build.0 = Release|x64
		{CF211248-7A3B-34EC-987A-85B1D788E7C6}.MinSizeRel|x64.ActiveCfg = MinSizeRel|x64
		{CF211248-7A3B-34EC-987A-85B1D788E7C6}.MinSizeRel|x64.Build.0 = MinSizeRel|x64
		{CF211248-7A3B-34EC-987A-85B1D788E7C6}.RelWithDebInfo|x64.ActiveCfg = RelWithDebInfo|x64
		{CF211248-7A3B-34EC-987A-85B1D788E7C6}.RelWithDebInfo|x64.Build.0 = RelWithDebInfo|x64
		{B1BB89EB-2A09-335A-9766-B661CB259354}.Debug|x64.ActiveCfg = Debug|x64
		{B1BB89EB-2A09-335A-9766-B661CB259354}.Debug|x64.Build.0 = Debug|x64
		{B1BB89EB-2A09-335A-9766-B661CB259354}.Release|x64.ActiveCfg = Release|x64
		{B1BB89EB-2A09-335A-9766-B661CB259354}.Release|x64.Build.0 = Release|x64
		{B1BB89EB-2A09-335A-9766-B661CB259354}.MinSizeRel|x64.ActiveCfg = MinSizeRel|x64
		{B1BB89EB-2A09-335A-9766-B661CB259354}.MinSizeRel|x64.Build.0 = MinSizeRel|x64
		{B1BB89EB-2A09-335A-9766-B661CB259354}.RelWithDebInfo|x64.ActiveCfg = RelWithDebInfo|x64
		{B1BB89EB-2A09-335A-9766-B661CB259354}.RelWithDebInfo|x64.Build.0 = RelWithDebInfo|x64
		{2578F302-5DB7-3821-9054-36762E25E476}.Debug|x64.ActiveCfg = Debug|x64
		{2578F302-5DB7-3821-9054-36762E25E476}.Debug|x64.Build.0 = Debug|x64
		{2578F302-5DB7-3821-9054-36762E25E476}.Release|x64.ActiveCfg = Release|x64
		{2578F302-5DB7-3821-9054-36762E25E476}.Release|x64.Build.0 = Release|x64
		{2578F302-5DB7-3821-9054-36762E25E476}.MinSizeRel|x64.ActiveCfg = MinSizeRel|x64
		{2578F302-5DB7-3821-9054-36762E25E476}.MinSizeRel|x64.Build.0 = MinSizeRel|x64
		{2578F302-5DB7-3821-9054-36762E25E476}.RelWithDebInfo|x64.ActiveCfg = RelWithDebInfo|x64
		{2578F302-5DB7-3821-9054-36762E25E476}.RelWithDebInfo|x64.Build.0 = RelWithDebInfo|x64
		{F51AD173-2FC0-3B31-930B-CE9C2636F8B3}.Debug|x64.ActiveCfg = Debug|x64
		{F51AD173-2FC0-3B31-930B-CE9C2636F8B3}.Debug|x64.Build.0 = Debug|x64
		{F51AD173-2FC0-3B31-930B-CE9C2636F8B3}.Release|x64.ActiveCfg = Release|x64
		{F51AD173-2FC0-3B31-930B-CE9C2636F8B3}.Release|x64.Build.0 = Release|x64
		{F51AD173-2FC0-3B31-930B-CE9C2636F8B3}.MinSizeRel|x64.ActiveCfg = MinSizeRel|x64
		{F51AD173-2FC0-3B31-930B-CE9C2636F8B3}.MinSizeRel|x64.Build.0 = MinSizeRel|x64
		{F51AD173-2FC0-3B31-930B-CE9C2636F8B3}.RelWithDebInfo|x64.ActiveCfg = RelWithDebInfo|x64
		{F51AD173-2FC0-3B31-930B-CE9C2636F8B3}.RelWithDebInfo|x64.Build.0 = RelWithDebInfo|x64
		{E188C05C-3DA2-3A3A-B49F-92438B5FFEEA}.Debug|x64.ActiveCfg = Debug|x64
		{E188C05C-3DA2-3A3A-B49F-92438B5FFEEA}.Debug|x64.Build.0 = Debug|x64
		{E188C05C-3DA2-3A3A-B49F-92438B5FFEEA}.Release|x64.ActiveCfg = Release|x64
		{E188C05C-3DA2-3A3A-B49F-92438B5FFEEA}.Release|x64.Build.0 = Release|x64
		{E188C05C-3DA2-3A3A-B49F-92438B5FFEEA}.MinSizeRel|x64.ActiveCfg = MinSizeRel|x64
		{E188C05C-3DA2-3A3A-B49F-92438B5FFEEA}.MinSizeRel|x64.Build.0 = MinSizeRel|x64
		{E188C05C-3DA2-3A3A-B49F-92438B5FFEEA}.RelWithDebInfo|x64.ActiveCfg = RelWithDebInfo|x64
		{E188C05C-3DA2-3A3A-B49F-92438B5FFEEA}.RelWithDebInfo|x64.Build.0 = RelWithDebInfo|x64
		{898A4DA0-56AD-39FD-8860-67A51EDE0EC5}.Debug|x64.ActiveCfg = Debug|x64
		{898A4DA0-56AD-39FD-8860-67A51EDE0EC5}.Debug|x64.Build.0 = Debug|x64
		{898A4DA0-56AD-39FD-8860-67A51EDE0EC5}.Release|x64.ActiveCfg = Release|x64
		{898A4DA0-56AD-39FD-8860-67A51EDE0EC5}.Release|x64.Build.0 = Release|x64
		{898A4DA0-56AD-39FD-8860-67A51EDE0EC5}.MinSizeRel|x64.ActiveCfg = MinSizeRel|x64
		{898A4DA0-56AD-39FD-8860-67A51EDE0EC5}.MinSizeRel|x64.Build.0 = MinSizeRel|x64
		{898A4DA0-56AD-39FD-8860-67A51EDE0EC5}.RelWithDebInfo|x64.ActiveCfg = RelWithDebInfo|x64
		{898A4DA0-56AD-39FD-8860-67A51EDE0EC5}.RelWithDebInfo|x64.Build.0 = RelWithDebInfo|x64
		{FABE8B03-58EA-3691-8F2D-AA43E9D5F0B5}.Debug|x64.ActiveCfg = Debug|x64
		{FABE8B03-58EA-3691-8F2D-AA43E9D5F0B5}.Debug|x64.Build.0 = Debug|x64
		{FABE8B03-58EA-3691-8F2D-AA43E9D5F0B5}.Release|x64.ActiveCfg = Release|x64
		{FABE8B03-58EA-3691-8F2D-AA43E9D5F0B5}.Release|x64.Build.0 = Release|x64
		{FABE8B03-58EA-3691-8F2D-AA43E9D5F0B5}.MinSizeRel|x64.ActiveCfg = MinSizeRel|x64
		{FABE8B03-58EA-3691-8F2D-AA43E9D5F0B5}.MinSizeRel|x64.Build.0 = MinSizeRel|x64
		{FABE8B03-58EA-3691-8F2D-AA43E9D5F0B5}.RelWithDebInfo|x64.ActiveCfg = RelWithDebInfo|x64
		{FABE8B03-58EA-3691-8F2D-AA43E9D5F0B5}.RelWithDebInfo|x64.Build.0 = RelWithDebInfo|x64
		{6F53DF34-F1A4-3DB2-A7E5-F6F9A6A01C47}.Debug|x64.ActiveCfg = Debug|x64
		{6F53DF34-F1A4-3DB2-A7E5-F6F9A6A01C47}.Debug|x64.Build.0 = Debug|x64
		{6F53DF34-F1A4-3DB2-A7E5-F6F9A6A01C47}.Release|x64.ActiveCfg = Release|x64
		{6F53DF34-F1A4-3DB2-A7E5-F6F9A6A01C47}.Release|x64.Build.0 = Release|x64
		{6F53DF34-F1A4-3DB2-A7E5-F6F9A6A01C47}.MinSizeRel|x64.ActiveCfg = MinSizeRel|x64
		{6F53DF34-F1A4-3DB2-A7E5-F6F9A6A01C47}.MinSizeRel|x64.Build.0 = MinSizeRel|x64
		{6F53DF34-F1A4-3DB2-A7E5-F6F9A6A01C47}.RelWithDebInfo|x64.ActiveCfg = RelWithDebInfo|x64
		{6F53DF34-F1A4-3DB2-A7E5-F6F9A6A01C47}.RelWithDebInfo|x64.Build.0 = RelWithDebInfo|x64
		{DE1D4401-C15D-3A18-9607-54D5C567AD74}.Debug|x64.ActiveCfg = Debug|x64
		{DE1D4401-C15D-3A18-9607-54D5C567AD74}.Debug|x64.Build.0 = Debug|x64
		{DE1D4401-C15D-3A18-9607-54D5C567AD74}.Release|x64.ActiveCfg = Release|x64
		{DE1D4401-C15D-3A18-9607-54D5C567AD74}.Release|x64.Build.0 = Release|x64
		{DE1D4401-C15D-3A18-9607-54D5C567AD74}.MinSizeRel|x64.ActiveCfg = MinSizeRel|x64
		{DE1D4401-C15D-3A18-9607-54D5C567AD74}.MinSizeRel|x64.Build.0 = MinSizeRel|x64
		{DE1D4401-C15D-3A18-9607-54D5C567AD74}.RelWithDebInfo|x64.ActiveCfg = RelWithDebInfo|x64
		{DE1D4401-C15D-3A18-9607-54D5C567AD74}.RelWithDebInfo|x64.Build.0 = RelWithDebInfo|x64
		{50F59B98-6B13-3830-973D-97C510DF4D2E}.Debug|x64.ActiveCfg = Debug|x64
		{50F59B98-6B13-3830-973D-97C510DF4D2E}.Debug|x64.Build.0 = Debug|x64
		{50F59B98-6B13-3830-973D-97C510DF4D2E}.Release|x64.ActiveCfg = Release|x64
		{50F59B98-6B13-3830-973D-97C510DF4D2E}.Release|x64.Build.0 = Release|x64
		{50F59B98-6B13-3830-973D-97C510DF4D2E}.MinSizeRel|x64.ActiveCfg = MinSizeRel|x64
		{50F59B98-6B13-3830-973D-97C510DF4D2E}.MinSizeRel|x64.Build.0 = MinSizeRel|x64
		{50F59B98-6B13-3830-973D-97C510DF4D2E}.RelWithDebInfo|x64.ActiveCfg = RelWithDebInfo|x64
		{50F59B98-6B13-3830-973D-97C510DF4D2E}.RelWithDebInfo|x64.Build.0 = RelWithDebInfo|x64
		{2AAABA91-EE8B-30CD-B986-837A3235BABA}.Debug|x64.ActiveCfg = Debug|x64
		{2AAABA91-EE8B-30CD-B986-837A3235BABA}.Debug|x64.Build.0 = Debug|x64
		{2AAABA91-EE8B-30CD-B986-837A3235BABA}.Release|x64.ActiveCfg = Release|x64
		{2AAABA91-EE8B-30CD-B986-837A3235BABA}.Release|x64.Build.0 = Release|x64
		{2AAABA91-EE8B-30CD-B986-837A3235BABA}.MinSizeRel|x64.ActiveCfg = MinSizeRel|x64
		{2AAABA91-EE8B-30CD-B986-837A3235BABA}.MinSizeRel|x64.Build.0 = MinSizeRel|x64
		{2AAABA91-EE8B-30CD-B986-837A3235BABA}.RelWithDebInfo|x64.ActiveCfg = RelWithDebInfo|x64
		{2AAABA91-EE8B-30CD-B986-837A3235BABA}.RelWithDebInfo|x64.Build.0 = RelWithDebInfo|x64
		{E64D34FD-0460-3557-A828-351C41B22504}.Debug|x64.ActiveCfg = Debug|x64
		{E64D34FD-0460-3557-A828-351C41B22504}.Debug|x64.Build.0 = Debug|x64
		{E64D34FD-0460-3557-A828-351C41B22504}.Release|x64.ActiveCfg = Release|x64
		{E64D34FD-0460-3557-A828-351C41B22504}.Release|x64.Build.0 = Release|x64
		{E64D34FD-0460-3557-A828-351C41B22504}.MinSizeRel|x64.ActiveCfg = MinSizeRel|x64
		{E64D34FD-0460-3557-A828-351C41B22504}.MinSizeRel|x64.Build.0 = MinSizeRel|x64
		{E64D34FD-0460-3557-A828-351C41B22504}.RelWithDebInfo|x64.ActiveCfg = RelWithDebInfo|x64
		{E64D34FD-0460-3557-A828-351C41B22504}.RelWithDebInfo|x64.Build.0 = RelWithDebInfo|x64
		{A3F6FA14-3B7E-368C-9842-81F545E8EC63}.Debug|x64.ActiveCfg = Debug|x64
		{A3F6FA14-3B7E-368C-9842-81F545E8EC63}.Debug|x64.Build.0 = Debug|x64
		{A3F6FA14-3B7E-368C-9842-81F545E8EC63}.Release|x64.ActiveCfg = Release|x64
		{A3F6FA14-3B7E-368C-9842-81F545E8EC63}.Release|x64.Build.0 = Release|x64
		{A3F6FA14-3B7E-368C-9842-81F545E8EC63}.MinSizeRel|x64.ActiveCfg = MinSizeRel|x64
		{A3F6FA14-3B7E-368C-9842-81F545E8EC63}.MinSizeRel|x64.Build.0 = MinSizeRel|x64
		{A3F6FA14-3B7E-368C-9842-81F545E8EC63}.RelWithDebInfo|x64.ActiveCfg = RelWithDebInfo|x64
		{A3F6FA14-3B7E-368C-9842-81F545E8EC63}.RelWithDebInfo|x64.Build.0 = RelWithDebInfo|x64
		{FBFDFA20-9D36-33FC-B07C-BFAE7C67FB25}.Debug|x64.ActiveCfg = Debug|x64
		{FBFDFA20-9D36-33FC-B07C-BFAE7C67FB25}.Debug|x64.Build.0 = Debug|x64
		{FBFDFA20-9D36-33FC-B07C-BFAE7C67FB25}.Release|x64.ActiveCfg = Release|x64
		{FBFDFA20-9D36-33FC-B07C-BFAE7C67FB25}.Release|x64.Build.0 = Release|x64
		{FBFDFA20-9D36-33FC-B07C-BFAE7C67FB25}.MinSizeRel|x64.ActiveCfg = MinSizeRel|x64
		{FBFDFA20-9D36-33FC-B07C-BFAE7C67FB25}.MinSizeRel|x64.Build.0 = MinSizeRel|x64
		{FBFDFA20-9D36-33FC-B07C-BFAE7C67FB25}.RelWithDebInfo|x64.ActiveCfg = RelWithDebInfo|x64
		{FBFDFA20-9D36-33FC-B07C-BFAE7C67FB25}.RelWithDebInfo|x64.Build.0 = RelWithDebInfo|x64
		{43553575-C6B4-3F81-9CCC-FE998FD01A63}.Debug|x64.ActiveCfg = Debug|x64
		{43553575-C6B4-3F81-9CCC-FE998FD01A63}.Debug|x64.Build.0 = Debug|x64
		{43553575-C6B4-3F81-9CCC-FE998FD01A63}.Release|x64.ActiveCfg = Release|x64
		{43553575-C6B4-3F81-9CCC-FE998FD01A63}.Release|x64.Build.0 = Release|x64
		{43553575-C6B4-3F81-9CCC-FE998FD01A63}.MinSizeRel|x64.ActiveCfg = MinSizeRel|x64
		{43553575-C6B4-3F81-9CCC-FE998FD01A63}.MinSizeRel|x64.Build.0 = MinSizeRel|x64
		{43553575-C6B4-3F81-9CCC-FE998FD01A63}.RelWithDebInfo|x64.ActiveCfg = RelWithDebInfo|x64
		{43553575-C6B4-3F81-9CCC-FE998FD01A63}.RelWithDebInfo|x64.Build.0 = RelWithDebInfo|x64
		{FD9408E9-82EF-3802-B97C-8790D6B3DCCA}.Debug|x64.ActiveCfg = Debug|x64
		{FD9408E9-82EF-3802-B97C-8790D6B3DCCA}.Debug|x64.Build.0 = Debug|x64
		{FD9408E9-82EF-3802-B97C-8790D6B3DCCA}.Release|x64.ActiveCfg = Release|x64
		{FD9408E9-82EF-3802-B97C-8790D6B3DCCA}.Release|x64.Build.0 = Release|x64
		{FD9408E9-82EF-3802-B97C-8790D6B3DCCA}.MinSizeRel|x64.ActiveCfg = MinSizeRel|x64
		{FD9408E9-82EF-3802-B97C-8790D6B3DCCA}.MinSizeRel|x64.Build.0 = MinSizeRel|x64
		{FD9408E9-82EF-3802-B97C-8790D6B3DCCA}.RelWithDebInfo|x64.ActiveCfg = RelWithDebInfo|x64
		{FD9408E9-82EF-3802-B97C-8790D6B3DCCA}.RelWithDebInfo|x64.Build.0 = RelWithDebInfo|x64
		{A6177CEF-A69F-389B-AA7E-E98339AE6084}.Debug|x64.ActiveCfg = Debug|x64
		{A6177CEF-A69F-389B-AA7E-E98339AE6084}.Debug|x64.Build.0 = Debug|x64
		{A6177CEF-A69F-389B-AA7E-E98339AE6084}.Release|x64.ActiveCfg = Release|x64
		{A6177CEF-A69F-389B-AA7E-E98339AE6084}.Release|x64.Build.0 = Release|x64
		{A6177CEF-A69F-389B-AA7E-E98339AE6084}.MinSizeRel|x64.ActiveCfg = MinSizeRel|x64
		{A6177CEF-A69F-389B-AA7E-E98339AE6084}.MinSizeRel|x64.Build.0 = MinSizeRel|x64
		{A6177CEF-A69F-389B-AA7E-E98339AE6084}.RelWithDebInfo|x64.ActiveCfg = RelWithDebInfo|x64
		{A6177CEF-A69F-389B-AA7E-E98339AE6084}.RelWithDebInfo|x64.Build.0 = RelWithDebInfo|x64
		{DA8ECF02-503C-3501-A142-3AB092798B30}.Debug|x64.ActiveCfg = Debug|x64
		{DA8ECF02-503C-3501-A142-3AB092798B30}.Debug|x64.Build.0 = Debug|x64
		{DA8ECF02-503C-3501-A142-3AB092798B30}.Release|x64.ActiveCfg = Release|x64
		{DA8ECF02-503C-3501-A142-3AB092798B30}.Release|x64.Build.0 = Release|x64
		{DA8ECF02-503C-3501-A142-3AB092798B30}.MinSizeRel|x64.ActiveCfg = MinSizeRel|x64
		{DA8ECF02-503C-3501-A142-3AB092798B30}.MinSizeRel|x64.Build.0 = MinSizeRel|x64
		{DA8ECF02-503C-3501-A142-3AB092798B30}.RelWithDebInfo|x64.ActiveCfg = RelWithDebInfo|x64
		{DA8ECF02-503C-3501-A142-3AB092798B30}.RelWithDebInfo|x64.Build.0 = RelWithDebInfo|x64
		{661BB6BF-D934-3083-82ED-D6D356EA571C}.Debug|x64.ActiveCfg = Debug|x64
		{661BB6BF-D934-3083-82ED-D6D356EA571C}.Debug|x64.Build.0 = Debug|x64
		{661BB6BF-D934-3083-82ED-D6D356EA571C}.Release|x64.ActiveCfg = Release|x64
		{661BB6BF-D934-3083-82ED-D6D356EA571C}.Release|x64.Build.0 = Release|x64
		{661BB6BF-D934-3083-82ED-D6D356EA571C}.MinSizeRel|x64.ActiveCfg = MinSizeRel|x64
		{661BB6BF-D934-3083-82ED-D6D356EA571C}.MinSizeRel|x64.Build.0 = MinSizeRel|x64
		{661BB6BF-D934-3083-82ED-D6D356EA571C}.RelWithDebInfo|x64.ActiveCfg = RelWithDebInfo|x64
		{661BB6BF-D934-3083-82ED-D6D356EA571C}.RelWithDebInfo|x64.Build.0 = RelWithDebInfo|x64
		{2D6D7257-51C6-3EF0-A192-1CC73B2A0521}.Debug|x64.ActiveCfg = Debug|x64
		{2D6D7257-51C6-3EF0-A192-1CC73B2A0521}.Debug|x64.Build.0 = Debug|x64
		{2D6D7257-51C6-3EF0-A192-1CC73B2A0521}.Release|x64.ActiveCfg = Release|x64
		{2D6D7257-51C6-3EF0-A192-1CC73B2A0521}.Release|x64.Build.0 = Release|x64
		{2D6D7257-51C6-3EF0-A192-1CC73B2A0521}.MinSizeRel|x64.ActiveCfg = MinSizeRel|x64
		{2D6D7257-51C6-3EF0-A192-1CC73B2A0521}.MinSizeRel|x64.Build.0 = MinSizeRel|x64
		{2D6D7257-51C6-3EF0-A192-1CC73B2A0521}.RelWithDebInfo|x64.ActiveCfg = RelWithDebInfo|x64
		{2D6D7257-51C6-3EF0-A192-1CC73B2A0521}.RelWithDebInfo|x64.Build.0 = RelWithDebInfo|x64
		{AC51F142-7438-3D27-8981-FAB4E3B608D3}.Debug|x64.ActiveCfg = Debug|x64
		{AC51F142-7438-3D27-8981-FAB4E3B608D3}.Debug|x64.Build.0 = Debug|x64
		{AC51F142-7438-3D27-8981-FAB4E3B608D3}.Release|x64.ActiveCfg = Release|x64
		{AC51F142-7438-3D27-8981-FAB4E3B608D3}.Release|x64.Build.0 = Release|x64
		{AC51F142-7438-3D27-8981-FAB4E3B608D3}.MinSizeRel|x64.ActiveCfg = MinSizeRel|x64
		{AC51F142-7438-3D27-8981-FAB4E3B608D3}.MinSizeRel|x64.Build.0 = MinSizeRel|x64
		{AC51F142-7438-3D27-8981-FAB4E3B608D3}.RelWithDebInfo|x64.ActiveCfg = RelWithDebInfo|x64
		{AC51F142-7438-3D27-8981-FAB4E3B608D3}.RelWithDebInfo|x64.Build.0 = RelWithDebInfo|x64
		{43BA5109-1B79-3C08-BDEF-913D1D8C7821}.Debug|x64.ActiveCfg = Debug|x64
		{43BA5109-1B79-3C08-BDEF-913D1D8C7821}.Debug|x64.Build.0 = Debug|x64
		{43BA5109-1B79-3C08-BDEF-913D1D8C7821}.Release|x64.ActiveCfg = Release|x64
		{43BA5109-1B79-3C08-BDEF-913D1D8C7821}.Release|x64.Build.0 = Release|x64
		{43BA5109-1B79-3C08-BDEF-913D1D8C7821}.MinSizeRel|x64.ActiveCfg = MinSizeRel|x64
		{43BA5109-1B79-3C08-BDEF-913D1D8C7821}.MinSizeRel|x64.Build.0 = MinSizeRel|x64
		{43BA5109-1B79-3C08-BDEF-913D1D8C7821}.RelWithDebInfo|x64.ActiveCfg = RelWithDebInfo|x64
		{43BA5109-1B79-3C08-BDEF-913D1D8C7821}.RelWithDebInfo|x64.Build.0 = RelWithDebInfo|x64
		{21095F79-11C8-3D4D-B609-090B014BD6AE}.Debug|x64.ActiveCfg = Debug|x64
		{21095F79-11C8-3D4D-B609-090B014BD6AE}.Debug|x64.Build.0 = Debug|x64
		{21095F79-11C8-3D4D-B609-090B014BD6AE}.Release|x64.ActiveCfg = Release|x64
		{21095F79-11C8-3D4D-B609-090B014BD6AE}.Release|x64.Build.0 = Release|x64
		{21095F79-11C8-3D4D-B609-090B014BD6AE}.MinSizeRel|x64.ActiveCfg = MinSizeRel|x64
		{21095F79-11C8-3D4D-B609-090B014BD6AE}.MinSizeRel|x64.Build.0 = MinSizeRel|x64
		{21095F79-11C8-3D4D-B609-090B014BD6AE}.RelWithDebInfo|x64.ActiveCfg = RelWithDebInfo|x64
		{21095F79-11C8-3D4D-B609-090B014BD6AE}.RelWithDebInfo|x64.Build.0 = RelWithDebInfo|x64
		{468BF725-30D5-3AF4-9805-EE9A3BFEC290}.Debug|x64.ActiveCfg = Debug|x64
		{468BF725-30D5-3AF4-9805-EE9A3BFEC290}.Debug|x64.Build.0 = Debug|x64
		{468BF725-30D5-3AF4-9805-EE9A3BFEC290}.Release|x64.ActiveCfg = Release|x64
		{468BF725-30D5-3AF4-9805-EE9A3BFEC290}.Release|x64.Build.0 = Release|x64
		{468BF725-30D5-3AF4-9805-EE9A3BFEC290}.MinSizeRel|x64.ActiveCfg = MinSizeRel|x64
		{468BF725-30D5-3AF4-9805-EE9A3BFEC290}.MinSizeRel|x64.Build.0 = MinSizeRel|x64
		{468BF725-30D5-3AF4-9805-EE9A3BFEC290}.RelWithDebInfo|x64.ActiveCfg = RelWithDebInfo|x64
		{468BF725-30D5-3AF4-9805-EE9A3BFEC290}.RelWithDebInfo|x64.Build.0 = RelWithDebInfo|x64
		{D7D34BEE-2493-3125-A37D-290C9F3E076D}.Debug|x64.ActiveCfg = Debug|x64
		{D7D34BEE-2493-3125-A37D-290C9F3E076D}.Debug|x64.Build.0 = Debug|x64
		{D7D34BEE-2493-3125-A37D-290C9F3E076D}.Release|x64.ActiveCfg = Release|x64
		{D7D34BEE-2493-3125-A37D-290C9F3E076D}.Release|x64.Build.0 = Release|x64
		{D7D34BEE-2493-3125-A37D-290C9F3E076D}.MinSizeRel|x64.ActiveCfg = MinSizeRel|x64
		{D7D34BEE-2493-3125-A37D-290C9F3E076D}.MinSizeRel|x64.Build.0 = MinSizeRel|x64
		{D7D34BEE-2493-3125-A37D-290C9F3E076D}.RelWithDebInfo|x64.ActiveCfg = RelWithDebInfo|x64
		{D7D34BEE-2493-3125-A37D-290C9F3E076D}.RelWithDebInfo|x64.Build.0 = RelWithDebInfo|x64
		{3992837D-FC94-3286-8726-AF04F15DA82F}.Debug|x64.ActiveCfg = Debug|x64
		{3992837D-FC94-3286-8726-AF04F15DA82F}.Debug|x64.Build.0 = Debug|x64
		{3992837D-FC94-3286-8726-AF04F15DA82F}.Release|x64.ActiveCfg = Release|x64
		{3992837D-FC94-3286-8726-AF04F15DA82F}.Release|x64.Build.0 = Release|x64
		{3992837D-FC94-3286-8726-AF04F15DA82F}.MinSizeRel|x64.ActiveCfg = MinSizeRel|x64
		{3992837D-FC94-3286-8726-AF04F15DA82F}.MinSizeRel|x64.Build.0 = MinSizeRel|x64
		{3992837D-FC94-3286-8726-AF04F15DA82F}.RelWithDebInfo|x64.ActiveCfg = RelWithDebInfo|x64
		{3992837D-FC94-3286-8726-AF04F15DA82F}.RelWithDebInfo|x64.Build.0 = RelWithDebInfo|x64
	EndGlobalSection
	GlobalSection(ExtensibilityGlobals) = postSolution
		SolutionGuid = {E83A97A6-2E40-352B-813D-3BCE716F3ACB}
	EndGlobalSection
	GlobalSection(ExtensibilityAddIns) = postSolution
	EndGlobalSection
EndGlobal
