
Microsoft Visual Studio Solution File, Format Version 12.00
# Visual Studio Version 16
Project("{8BC9CEB8-8B4A-11D0-8D11-00A0C91BC942}") = "ALL_BUILD", "ALL_BUILD.vcxproj", "{596F79C5-8C01-3A7E-A89A-0008D32FE662}"
	ProjectSection(ProjectDependencies) = postProject
		{F3434BE5-D94E-3E8C-A408-CC721407012B} = {F3434BE5-D94E-3E8C-A408-CC721407012B}
		{590F07F7-FB01-3813-956F-BAC503B5B190} = {590F07F7-FB01-3813-956F-BAC503B5B190}
		{2A1375B9-3338-32AD-A78B-D59D753E87AD} = {2A1375B9-3338-32AD-A78B-D59D753E87AD}
		{3B98FAE6-272D-317A-8AA8-95193756E9C7} = {3B98FAE6-272D-317A-8AA8-95193756E9C7}
		{79750483-8B01-3850-89B9-3C5195875E1F} = {79750483-8B01-3850-89B9-3C5195875E1F}
		{DF693721-63A4-3702-9950-2965F01B9894} = {DF693721-63A4-3702-9950-2965F01B9894}
		{00D4BA47-5B7B-33C9-96EC-F1B3951E9D69} = {00D4BA47-5B7B-33C9-96EC-F1B3951E9D69}
		{DDFD4FC5-5194-37D8-B564-E0D0E9092132} = {DDFD4FC5-5194-37D8-B564-E0D0E9092132}
		{2C79FF6F-144C-3F53-A2E6-C4B28A16A760} = {2C79FF6F-144C-3F53-A2E6-C4B28A16A760}
		{E8605EEE-22E3-356A-8B1A-C95144B3E930} = {E8605EEE-22E3-356A-8B1A-C95144B3E930}
		{5556157F-C8CB-3D65-8A72-84E07579B066} = {5556157F-C8CB-3D65-8A72-84E07579B066}
		{833CE0CD-576E-3881-8AE2-592D6ECF1340} = {833CE0CD-576E-3881-8AE2-592D6ECF1340}
		{7D1E7942-1A54-33E0-8570-2E29C8B466BD} = {7D1E7942-1A54-33E0-8570-2E29C8B466BD}
		{96920819-9D1E-3C7E-AA0C-71924B3C9783} = {96920819-9D1E-3C7E-AA0C-71924B3C9783}
		{C9BDDC90-0419-3862-82D0-D68147646D92} = {C9BDDC90-0419-3862-82D0-D68147646D92}
	EndProjectSection
EndProject
Project("{8BC9CEB8-8B4A-11D0-8D11-00A0C91BC942}") = "Continuous", "Continuous.vcxproj", "{4FD90A9F-F812-3928-BBB3-C5F7C90F609C}"
	ProjectSection(ProjectDependencies) = postProject
		{F3434BE5-D94E-3E8C-A408-CC721407012B} = {F3434BE5-D94E-3E8C-A408-CC721407012B}
	EndProjectSection
EndProject
Project("{8BC9CEB8-8B4A-11D0-8D11-00A0C91BC942}") = "Experimental", "Experimental.vcxproj", "{CA4D0A6A-28E4-3528-8E70-44AFE0336599}"
	ProjectSection(ProjectDependencies) = postProject
		{F3434BE5-D94E-3E8C-A408-CC721407012B} = {F3434BE5-D94E-3E8C-A408-CC721407012B}
	EndProjectSection
EndProject
Project("{8BC9CEB8-8B4A-11D0-8D11-00A0C91BC942}") = "INSTALL", "INSTALL.vcxproj", "{B3D7C4DC-9769-393A-BEDE-E92DDE476365}"
	ProjectSection(ProjectDependencies) = postProject
		{596F79C5-8C01-3A7E-A89A-0008D32FE662} = {596F79C5-8C01-3A7E-A89A-0008D32FE662}
		{F3434BE5-D94E-3E8C-A408-CC721407012B} = {F3434BE5-D94E-3E8C-A408-CC721407012B}
	EndProjectSection
EndProject
Project("{8BC9CEB8-8B4A-11D0-8D11-00A0C91BC942}") = "Nightly", "Nightly.vcxproj", "{FF684648-B7F1-3944-A383-975AFD23F9D6}"
	ProjectSection(ProjectDependencies) = postProject
		{F3434BE5-D94E-3E8C-A408-CC721407012B} = {F3434BE5-D94E-3E8C-A408-CC721407012B}
	EndProjectSection
EndProject
Project("{8BC9CEB8-8B4A-11D0-8D11-00A0C91BC942}") = "NightlyMemoryCheck", "NightlyMemoryCheck.vcxproj", "{E601971A-DC55-37C9-9C1E-149D612D2B8B}"
	ProjectSection(ProjectDependencies) = postProject
		{F3434BE5-D94E-3E8C-A408-CC721407012B} = {F3434BE5-D94E-3E8C-A408-CC721407012B}
	EndProjectSection
EndProject
Project("{8BC9CEB8-8B4A-11D0-8D11-00A0C91BC942}") = "RUN_TESTS", "RUN_TESTS.vcxproj", "{BA98569B-D31E-3D15-B917-337BE0AAA06D}"
	ProjectSection(ProjectDependencies) = postProject
		{F3434BE5-D94E-3E8C-A408-CC721407012B} = {F3434BE5-D94E-3E8C-A408-CC721407012B}
	EndProjectSection
EndProject
Project("{8BC9CEB8-8B4A-11D0-8D11-00A0C91BC942}") = "ZERO_CHECK", "ZERO_CHECK.vcxproj", "{F3434BE5-D94E-3E8C-A408-CC721407012B}"
	ProjectSection(ProjectDependencies) = postProject
	EndProjectSection
EndProject
Project("{8BC9CEB8-8B4A-11D0-8D11-00A0C91BC942}") = "example-deconstructor", "tests\example-deconstructor.vcxproj", "{590F07F7-FB01-3813-956F-BAC503B5B190}"
	ProjectSection(ProjectDependencies) = postProject
		{F3434BE5-D94E-3E8C-A408-CC721407012B} = {F3434BE5-D94E-3E8C-A408-CC721407012B}
		{C9BDDC90-0419-3862-82D0-D68147646D92} = {C9BDDC90-0419-3862-82D0-D68147646D92}
	EndProjectSection
EndProject
Project("{8BC9CEB8-8B4A-11D0-8D11-00A0C91BC942}") = "example-deconstructor-alt", "tests\example-deconstructor-alt.vcxproj", "{2A1375B9-3338-32AD-A78B-D59D753E87AD}"
	ProjectSection(ProjectDependencies) = postProject
		{F3434BE5-D94E-3E8C-A408-CC721407012B} = {F3434BE5-D94E-3E8C-A408-CC721407012B}
		{C9BDDC90-0419-3862-82D0-D68147646D92} = {C9BDDC90-0419-3862-82D0-D68147646D92}
	EndProjectSection
EndProject
Project("{8BC9CEB8-8B4A-11D0-8D11-00A0C91BC942}") = "example-reformatter", "tests\example-reformatter.vcxproj", "{3B98FAE6-272D-317A-8AA8-95193756E9C7}"
	ProjectSection(ProjectDependencies) = postProject
		{F3434BE5-D94E-3E8C-A408-CC721407012B} = {F3434BE5-D94E-3E8C-A408-CC721407012B}
		{C9BDDC90-0419-3862-82D0-D68147646D92} = {C9BDDC90-0419-3862-82D0-D68147646D92}
	EndProjectSection
EndProject
Project("{8BC9CEB8-8B4A-11D0-8D11-00A0C91BC942}") = "example-reformatter-alt", "tests\example-reformatter-alt.vcxproj", "{79750483-8B01-3850-89B9-3C5195875E1F}"
	ProjectSection(ProjectDependencies) = postProject
		{F3434BE5-D94E-3E8C-A408-CC721407012B} = {F3434BE5-D94E-3E8C-A408-CC721407012B}
		{C9BDDC90-0419-3862-82D0-D68147646D92} = {C9BDDC90-0419-3862-82D0-D68147646D92}
	EndProjectSection
EndProject
Project("{8BC9CEB8-8B4A-11D0-8D11-00A0C91BC942}") = "run-dumper", "tests\run-dumper.vcxproj", "{DF693721-63A4-3702-9950-2965F01B9894}"
	ProjectSection(ProjectDependencies) = postProject
		{F3434BE5-D94E-3E8C-A408-CC721407012B} = {F3434BE5-D94E-3E8C-A408-CC721407012B}
		{C9BDDC90-0419-3862-82D0-D68147646D92} = {C9BDDC90-0419-3862-82D0-D68147646D92}
	EndProjectSection
EndProject
Project("{8BC9CEB8-8B4A-11D0-8D11-00A0C91BC942}") = "run-emitter", "tests\run-emitter.vcxproj", "{00D4BA47-5B7B-33C9-96EC-F1B3951E9D69}"
	ProjectSection(ProjectDependencies) = postProject
		{F3434BE5-D94E-3E8C-A408-CC721407012B} = {F3434BE5-D94E-3E8C-A408-CC721407012B}
		{C9BDDC90-0419-3862-82D0-D68147646D92} = {C9BDDC90-0419-3862-82D0-D68147646D92}
	EndProjectSection
EndProject
Project("{8BC9CEB8-8B4A-11D0-8D11-00A0C91BC942}") = "run-emitter-test-suite", "tests\run-emitter-test-suite.vcxproj", "{DDFD4FC5-5194-37D8-B564-E0D0E9092132}"
	ProjectSection(ProjectDependencies) = postProject
		{F3434BE5-D94E-3E8C-A408-CC721407012B} = {F3434BE5-D94E-3E8C-A408-CC721407012B}
		{C9BDDC90-0419-3862-82D0-D68147646D92} = {C9BDDC90-0419-3862-82D0-D68147646D92}
	EndProjectSection
EndProject
Project("{8BC9CEB8-8B4A-11D0-8D11-00A0C91BC942}") = "run-loader", "tests\run-loader.vcxproj", "{2C79FF6F-144C-3F53-A2E6-C4B28A16A760}"
	ProjectSection(ProjectDependencies) = postProject
		{F3434BE5-D94E-3E8C-A408-CC721407012B} = {F3434BE5-D94E-3E8C-A408-CC721407012B}
		{C9BDDC90-0419-3862-82D0-D68147646D92} = {C9BDDC90-0419-3862-82D0-D68147646D92}
	EndProjectSection
EndProject
Project("{8BC9CEB8-8B4A-11D0-8D11-00A0C91BC942}") = "run-parser", "tests\run-parser.vcxproj", "{E8605EEE-22E3-356A-8B1A-C95144B3E930}"
	ProjectSection(ProjectDependencies) = postProject
		{F3434BE5-D94E-3E8C-A408-CC721407012B} = {F3434BE5-D94E-3E8C-A408-CC721407012B}
		{C9BDDC90-0419-3862-82D0-D68147646D92} = {C9BDDC90-0419-3862-82D0-D68147646D92}
	EndProjectSection
EndProject
Project("{8BC9CEB8-8B4A-11D0-8D11-00A0C91BC942}") = "run-parser-test-suite", "tests\run-parser-test-suite.vcxproj", "{5556157F-C8CB-3D65-8A72-84E07579B066}"
	ProjectSection(ProjectDependencies) = postProject
		{F3434BE5-D94E-3E8C-A408-CC721407012B} = {F3434BE5-D94E-3E8C-A408-CC721407012B}
		{C9BDDC90-0419-3862-82D0-D68147646D92} = {C9BDDC90-0419-3862-82D0-D68147646D92}
	EndProjectSection
EndProject
Project("{8BC9CEB8-8B4A-11D0-8D11-00A0C91BC942}") = "run-scanner", "tests\run-scanner.vcxproj", "{833CE0CD-576E-3881-8AE2-592D6ECF1340}"
	ProjectSection(ProjectDependencies) = postProject
		{F3434BE5-D94E-3E8C-A408-CC721407012B} = {F3434BE5-D94E-3E8C-A408-CC721407012B}
		{C9BDDC90-0419-3862-82D0-D68147646D92} = {C9BDDC90-0419-3862-82D0-D68147646D92}
	EndProjectSection
EndProject
Project("{8BC9CEB8-8B4A-11D0-8D11-00A0C91BC942}") = "test-reader", "tests\test-reader.vcxproj", "{7D1E7942-1A54-33E0-8570-2E29C8B466BD}"
	ProjectSection(ProjectDependencies) = postProject
		{F3434BE5-D94E-3E8C-A408-CC721407012B} = {F3434BE5-D94E-3E8C-A408-CC721407012B}
		{C9BDDC90-0419-3862-82D0-D68147646D92} = {C9BDDC90-0419-3862-82D0-D68147646D92}
	EndProjectSection
EndProject
Project("{8BC9CEB8-8B4A-11D0-8D11-00A0C91BC942}") = "test-version", "tests\test-version.vcxproj", "{96920819-9D1E-3C7E-AA0C-71924B3C9783}"
	ProjectSection(ProjectDependencies) = postProject
		{F3434BE5-D94E-3E8C-A408-CC721407012B} = {F3434BE5-D94E-3E8C-A408-CC721407012B}
		{C9BDDC90-0419-3862-82D0-D68147646D92} = {C9BDDC90-0419-3862-82D0-D68147646D92}
	EndProjectSection
EndProject
Project("{8BC9CEB8-8B4A-11D0-8D11-00A0C91BC942}") = "yaml", "yaml.vcxproj", "{C9BDDC90-0419-3862-82D0-D68147646D92}"
	ProjectSection(ProjectDependencies) = postProject
		{F3434BE5-D94E-3E8C-A408-CC721407012B} = {F3434BE5-D94E-3E8C-A408-CC721407012B}
	EndProjectSection
EndProject
Global
	GlobalSection(SolutionConfigurationPlatforms) = preSolution
		Debug|Win32 = Debug|Win32
		Release|Win32 = Release|Win32
		MinSizeRel|Win32 = MinSizeRel|Win32
		RelWithDebInfo|Win32 = RelWithDebInfo|Win32
	EndGlobalSection
	GlobalSection(ProjectConfigurationPlatforms) = postSolution
		{596F79C5-8C01-3A7E-A89A-0008D32FE662}.Debug|Win32.ActiveCfg = Debug|Win32
		{596F79C5-8C01-3A7E-A89A-0008D32FE662}.Debug|Win32.Build.0 = Debug|Win32
		{596F79C5-8C01-3A7E-A89A-0008D32FE662}.Release|Win32.ActiveCfg = Release|Win32
		{596F79C5-8C01-3A7E-A89A-0008D32FE662}.Release|Win32.Build.0 = Release|Win32
		{596F79C5-8C01-3A7E-A89A-0008D32FE662}.MinSizeRel|Win32.ActiveCfg = MinSizeRel|Win32
		{596F79C5-8C01-3A7E-A89A-0008D32FE662}.MinSizeRel|Win32.Build.0 = MinSizeRel|Win32
		{596F79C5-8C01-3A7E-A89A-0008D32FE662}.RelWithDebInfo|Win32.ActiveCfg = RelWithDebInfo|Win32
		{596F79C5-8C01-3A7E-A89A-0008D32FE662}.RelWithDebInfo|Win32.Build.0 = RelWithDebInfo|Win32
		{4FD90A9F-F812-3928-BBB3-C5F7C90F609C}.Debug|Win32.ActiveCfg = Debug|Win32
		{4FD90A9F-F812-3928-BBB3-C5F7C90F609C}.Release|Win32.ActiveCfg = Release|Win32
		{4FD90A9F-F812-3928-BBB3-C5F7C90F609C}.MinSizeRel|Win32.ActiveCfg = MinSizeRel|Win32
		{4FD90A9F-F812-3928-BBB3-C5F7C90F609C}.RelWithDebInfo|Win32.ActiveCfg = RelWithDebInfo|Win32
		{CA4D0A6A-28E4-3528-8E70-44AFE0336599}.Debug|Win32.ActiveCfg = Debug|Win32
		{CA4D0A6A-28E4-3528-8E70-44AFE0336599}.Release|Win32.ActiveCfg = Release|Win32
		{CA4D0A6A-28E4-3528-8E70-44AFE0336599}.MinSizeRel|Win32.ActiveCfg = MinSizeRel|Win32
		{CA4D0A6A-28E4-3528-8E70-44AFE0336599}.RelWithDebInfo|Win32.ActiveCfg = RelWithDebInfo|Win32
		{B3D7C4DC-9769-393A-BEDE-E92DDE476365}.Debug|Win32.ActiveCfg = Debug|Win32
		{B3D7C4DC-9769-393A-BEDE-E92DDE476365}.Release|Win32.ActiveCfg = Release|Win32
		{B3D7C4DC-9769-393A-BEDE-E92DDE476365}.MinSizeRel|Win32.ActiveCfg = MinSizeRel|Win32
		{B3D7C4DC-9769-393A-BEDE-E92DDE476365}.RelWithDebInfo|Win32.ActiveCfg = RelWithDebInfo|Win32
		{FF684648-B7F1-3944-A383-975AFD23F9D6}.Debug|Win32.ActiveCfg = Debug|Win32
		{FF684648-B7F1-3944-A383-975AFD23F9D6}.Release|Win32.ActiveCfg = Release|Win32
		{FF684648-B7F1-3944-A383-975AFD23F9D6}.MinSizeRel|Win32.ActiveCfg = MinSizeRel|Win32
		{FF684648-B7F1-3944-A383-975AFD23F9D6}.RelWithDebInfo|Win32.ActiveCfg = RelWithDebInfo|Win32
		{E601971A-DC55-37C9-9C1E-149D612D2B8B}.Debug|Win32.ActiveCfg = Debug|Win32
		{E601971A-DC55-37C9-9C1E-149D612D2B8B}.Release|Win32.ActiveCfg = Release|Win32
		{E601971A-DC55-37C9-9C1E-149D612D2B8B}.MinSizeRel|Win32.ActiveCfg = MinSizeRel|Win32
		{E601971A-DC55-37C9-9C1E-149D612D2B8B}.RelWithDebInfo|Win32.ActiveCfg = RelWithDebInfo|Win32
		{BA98569B-D31E-3D15-B917-337BE0AAA06D}.Debug|Win32.ActiveCfg = Debug|Win32
		{BA98569B-D31E-3D15-B917-337BE0AAA06D}.Release|Win32.ActiveCfg = Release|Win32
		{BA98569B-D31E-3D15-B917-337BE0AAA06D}.MinSizeRel|Win32.ActiveCfg = MinSizeRel|Win32
		{BA98569B-D31E-3D15-B917-337BE0AAA06D}.RelWithDebInfo|Win32.ActiveCfg = RelWithDebInfo|Win32
		{F3434BE5-D94E-3E8C-A408-CC721407012B}.Debug|Win32.ActiveCfg = Debug|Win32
		{F3434BE5-D94E-3E8C-A408-CC721407012B}.Debug|Win32.Build.0 = Debug|Win32
		{F3434BE5-D94E-3E8C-A408-CC721407012B}.Release|Win32.ActiveCfg = Release|Win32
		{F3434BE5-D94E-3E8C-A408-CC721407012B}.Release|Win32.Build.0 = Release|Win32
		{F3434BE5-D94E-3E8C-A408-CC721407012B}.MinSizeRel|Win32.ActiveCfg = MinSizeRel|Win32
		{F3434BE5-D94E-3E8C-A408-CC721407012B}.MinSizeRel|Win32.Build.0 = MinSizeRel|Win32
		{F3434BE5-D94E-3E8C-A408-CC721407012B}.RelWithDebInfo|Win32.ActiveCfg = RelWithDebInfo|Win32
		{F3434BE5-D94E-3E8C-A408-CC721407012B}.RelWithDebInfo|Win32.Build.0 = RelWithDebInfo|Win32
		{590F07F7-FB01-3813-956F-BAC503B5B190}.Debug|Win32.ActiveCfg = Debug|Win32
		{590F07F7-FB01-3813-956F-BAC503B5B190}.Debug|Win32.Build.0 = Debug|Win32
		{590F07F7-FB01-3813-956F-BAC503B5B190}.Release|Win32.ActiveCfg = Release|Win32
		{590F07F7-FB01-3813-956F-BAC503B5B190}.Release|Win32.Build.0 = Release|Win32
		{590F07F7-FB01-3813-956F-BAC503B5B190}.MinSizeRel|Win32.ActiveCfg = MinSizeRel|Win32
		{590F07F7-FB01-3813-956F-BAC503B5B190}.MinSizeRel|Win32.Build.0 = MinSizeRel|Win32
		{590F07F7-FB01-3813-956F-BAC503B5B190}.RelWithDebInfo|Win32.ActiveCfg = RelWithDebInfo|Win32
		{590F07F7-FB01-3813-956F-BAC503B5B190}.RelWithDebInfo|Win32.Build.0 = RelWithDebInfo|Win32
		{2A1375B9-3338-32AD-A78B-D59D753E87AD}.Debug|Win32.ActiveCfg = Debug|Win32
		{2A1375B9-3338-32AD-A78B-D59D753E87AD}.Debug|Win32.Build.0 = Debug|Win32
		{2A1375B9-3338-32AD-A78B-D59D753E87AD}.Release|Win32.ActiveCfg = Release|Win32
		{2A1375B9-3338-32AD-A78B-D59D753E87AD}.Release|Win32.Build.0 = Release|Win32
		{2A1375B9-3338-32AD-A78B-D59D753E87AD}.MinSizeRel|Win32.ActiveCfg = MinSizeRel|Win32
		{2A1375B9-3338-32AD-A78B-D59D753E87AD}.MinSizeRel|Win32.Build.0 = MinSizeRel|Win32
		{2A1375B9-3338-32AD-A78B-D59D753E87AD}.RelWithDebInfo|Win32.ActiveCfg = RelWithDebInfo|Win32
		{2A1375B9-3338-32AD-A78B-D59D753E87AD}.RelWithDebInfo|Win32.Build.0 = RelWithDebInfo|Win32
		{3B98FAE6-272D-317A-8AA8-95193756E9C7}.Debug|Win32.ActiveCfg = Debug|Win32
		{3B98FAE6-272D-317A-8AA8-95193756E9C7}.Debug|Win32.Build.0 = Debug|Win32
		{3B98FAE6-272D-317A-8AA8-95193756E9C7}.Release|Win32.ActiveCfg = Release|Win32
		{3B98FAE6-272D-317A-8AA8-95193756E9C7}.Release|Win32.Build.0 = Release|Win32
		{3B98FAE6-272D-317A-8AA8-95193756E9C7}.MinSizeRel|Win32.ActiveCfg = MinSizeRel|Win32
		{3B98FAE6-272D-317A-8AA8-95193756E9C7}.MinSizeRel|Win32.Build.0 = MinSizeRel|Win32
		{3B98FAE6-272D-317A-8AA8-95193756E9C7}.RelWithDebInfo|Win32.ActiveCfg = RelWithDebInfo|Win32
		{3B98FAE6-272D-317A-8AA8-95193756E9C7}.RelWithDebInfo|Win32.Build.0 = RelWithDebInfo|Win32
		{79750483-8B01-3850-89B9-3C5195875E1F}.Debug|Win32.ActiveCfg = Debug|Win32
		{79750483-8B01-3850-89B9-3C5195875E1F}.Debug|Win32.Build.0 = Debug|Win32
		{79750483-8B01-3850-89B9-3C5195875E1F}.Release|Win32.ActiveCfg = Release|Win32
		{79750483-8B01-3850-89B9-3C5195875E1F}.Release|Win32.Build.0 = Release|Win32
		{79750483-8B01-3850-89B9-3C5195875E1F}.MinSizeRel|Win32.ActiveCfg = MinSizeRel|Win32
		{79750483-8B01-3850-89B9-3C5195875E1F}.MinSizeRel|Win32.Build.0 = MinSizeRel|Win32
		{79750483-8B01-3850-89B9-3C5195875E1F}.RelWithDebInfo|Win32.ActiveCfg = RelWithDebInfo|Win32
		{79750483-8B01-3850-89B9-3C5195875E1F}.RelWithDebInfo|Win32.Build.0 = RelWithDebInfo|Win32
		{DF693721-63A4-3702-9950-2965F01B9894}.Debug|Win32.ActiveCfg = Debug|Win32
		{DF693721-63A4-3702-9950-2965F01B9894}.Debug|Win32.Build.0 = Debug|Win32
		{DF693721-63A4-3702-9950-2965F01B9894}.Release|Win32.ActiveCfg = Release|Win32
		{DF693721-63A4-3702-9950-2965F01B9894}.Release|Win32.Build.0 = Release|Win32
		{DF693721-63A4-3702-9950-2965F01B9894}.MinSizeRel|Win32.ActiveCfg = MinSizeRel|Win32
		{DF693721-63A4-3702-9950-2965F01B9894}.MinSizeRel|Win32.Build.0 = MinSizeRel|Win32
		{DF693721-63A4-3702-9950-2965F01B9894}.RelWithDebInfo|Win32.ActiveCfg = RelWithDebInfo|Win32
		{DF693721-63A4-3702-9950-2965F01B9894}.RelWithDebInfo|Win32.Build.0 = RelWithDebInfo|Win32
		{00D4BA47-5B7B-33C9-96EC-F1B3951E9D69}.Debug|Win32.ActiveCfg = Debug|Win32
		{00D4BA47-5B7B-33C9-96EC-F1B3951E9D69}.Debug|Win32.Build.0 = Debug|Win32
		{00D4BA47-5B7B-33C9-96EC-F1B3951E9D69}.Release|Win32.ActiveCfg = Release|Win32
		{00D4BA47-5B7B-33C9-96EC-F1B3951E9D69}.Release|Win32.Build.0 = Release|Win32
		{00D4BA47-5B7B-33C9-96EC-F1B3951E9D69}.MinSizeRel|Win32.ActiveCfg = MinSizeRel|Win32
		{00D4BA47-5B7B-33C9-96EC-F1B3951E9D69}.MinSizeRel|Win32.Build.0 = MinSizeRel|Win32
		{00D4BA47-5B7B-33C9-96EC-F1B3951E9D69}.RelWithDebInfo|Win32.ActiveCfg = RelWithDebInfo|Win32
		{00D4BA47-5B7B-33C9-96EC-F1B3951E9D69}.RelWithDebInfo|Win32.Build.0 = RelWithDebInfo|Win32
		{DDFD4FC5-5194-37D8-B564-E0D0E9092132}.Debug|Win32.ActiveCfg = Debug|Win32
		{DDFD4FC5-5194-37D8-B564-E0D0E9092132}.Debug|Win32.Build.0 = Debug|Win32
		{DDFD4FC5-5194-37D8-B564-E0D0E9092132}.Release|Win32.ActiveCfg = Release|Win32
		{DDFD4FC5-5194-37D8-B564-E0D0E9092132}.Release|Win32.Build.0 = Release|Win32
		{DDFD4FC5-5194-37D8-B564-E0D0E9092132}.MinSizeRel|Win32.ActiveCfg = MinSizeRel|Win32
		{DDFD4FC5-5194-37D8-B564-E0D0E9092132}.MinSizeRel|Win32.Build.0 = MinSizeRel|Win32
		{DDFD4FC5-5194-37D8-B564-E0D0E9092132}.RelWithDebInfo|Win32.ActiveCfg = RelWithDebInfo|Win32
		{DDFD4FC5-5194-37D8-B564-E0D0E9092132}.RelWithDebInfo|Win32.Build.0 = RelWithDebInfo|Win32
		{2C79FF6F-144C-3F53-A2E6-C4B28A16A760}.Debug|Win32.ActiveCfg = Debug|Win32
		{2C79FF6F-144C-3F53-A2E6-C4B28A16A760}.Debug|Win32.Build.0 = Debug|Win32
		{2C79FF6F-144C-3F53-A2E6-C4B28A16A760}.Release|Win32.ActiveCfg = Release|Win32
		{2C79FF6F-144C-3F53-A2E6-C4B28A16A760}.Release|Win32.Build.0 = Release|Win32
		{2C79FF6F-144C-3F53-A2E6-C4B28A16A760}.MinSizeRel|Win32.ActiveCfg = MinSizeRel|Win32
		{2C79FF6F-144C-3F53-A2E6-C4B28A16A760}.MinSizeRel|Win32.Build.0 = MinSizeRel|Win32
		{2C79FF6F-144C-3F53-A2E6-C4B28A16A760}.RelWithDebInfo|Win32.ActiveCfg = RelWithDebInfo|Win32
		{2C79FF6F-144C-3F53-A2E6-C4B28A16A760}.RelWithDebInfo|Win32.Build.0 = RelWithDebInfo|Win32
		{E8605EEE-22E3-356A-8B1A-C95144B3E930}.Debug|Win32.ActiveCfg = Debug|Win32
		{E8605EEE-22E3-356A-8B1A-C95144B3E930}.Debug|Win32.Build.0 = Debug|Win32
		{E8605EEE-22E3-356A-8B1A-C95144B3E930}.Release|Win32.ActiveCfg = Release|Win32
		{E8605EEE-22E3-356A-8B1A-C95144B3E930}.Release|Win32.Build.0 = Release|Win32
		{E8605EEE-22E3-356A-8B1A-C95144B3E930}.MinSizeRel|Win32.ActiveCfg = MinSizeRel|Win32
		{E8605EEE-22E3-356A-8B1A-C95144B3E930}.MinSizeRel|Win32.Build.0 = MinSizeRel|Win32
		{E8605EEE-22E3-356A-8B1A-C95144B3E930}.RelWithDebInfo|Win32.ActiveCfg = RelWithDebInfo|Win32
		{E8605EEE-22E3-356A-8B1A-C95144B3E930}.RelWithDebInfo|Win32.Build.0 = RelWithDebInfo|Win32
		{5556157F-C8CB-3D65-8A72-84E07579B066}.Debug|Win32.ActiveCfg = Debug|Win32
		{5556157F-C8CB-3D65-8A72-84E07579B066}.Debug|Win32.Build.0 = Debug|Win32
		{5556157F-C8CB-3D65-8A72-84E07579B066}.Release|Win32.ActiveCfg = Release|Win32
		{5556157F-C8CB-3D65-8A72-84E07579B066}.Release|Win32.Build.0 = Release|Win32
		{5556157F-C8CB-3D65-8A72-84E07579B066}.MinSizeRel|Win32.ActiveCfg = MinSizeRel|Win32
		{5556157F-C8CB-3D65-8A72-84E07579B066}.MinSizeRel|Win32.Build.0 = MinSizeRel|Win32
		{5556157F-C8CB-3D65-8A72-84E07579B066}.RelWithDebInfo|Win32.ActiveCfg = RelWithDebInfo|Win32
		{5556157F-C8CB-3D65-8A72-84E07579B066}.RelWithDebInfo|Win32.Build.0 = RelWithDebInfo|Win32
		{833CE0CD-576E-3881-8AE2-592D6ECF1340}.Debug|Win32.ActiveCfg = Debug|Win32
		{833CE0CD-576E-3881-8AE2-592D6ECF1340}.Debug|Win32.Build.0 = Debug|Win32
		{833CE0CD-576E-3881-8AE2-592D6ECF1340}.Release|Win32.ActiveCfg = Release|Win32
		{833CE0CD-576E-3881-8AE2-592D6ECF1340}.Release|Win32.Build.0 = Release|Win32
		{833CE0CD-576E-3881-8AE2-592D6ECF1340}.MinSizeRel|Win32.ActiveCfg = MinSizeRel|Win32
		{833CE0CD-576E-3881-8AE2-592D6ECF1340}.MinSizeRel|Win32.Build.0 = MinSizeRel|Win32
		{833CE0CD-576E-3881-8AE2-592D6ECF1340}.RelWithDebInfo|Win32.ActiveCfg = RelWithDebInfo|Win32
		{833CE0CD-576E-3881-8AE2-592D6ECF1340}.RelWithDebInfo|Win32.Build.0 = RelWithDebInfo|Win32
		{7D1E7942-1A54-33E0-8570-2E29C8B466BD}.Debug|Win32.ActiveCfg = Debug|Win32
		{7D1E7942-1A54-33E0-8570-2E29C8B466BD}.Debug|Win32.Build.0 = Debug|Win32
		{7D1E7942-1A54-33E0-8570-2E29C8B466BD}.Release|Win32.ActiveCfg = Release|Win32
		{7D1E7942-1A54-33E0-8570-2E29C8B466BD}.Release|Win32.Build.0 = Release|Win32
		{7D1E7942-1A54-33E0-8570-2E29C8B466BD}.MinSizeRel|Win32.ActiveCfg = MinSizeRel|Win32
		{7D1E7942-1A54-33E0-8570-2E29C8B466BD}.MinSizeRel|Win32.Build.0 = MinSizeRel|Win32
		{7D1E7942-1A54-33E0-8570-2E29C8B466BD}.RelWithDebInfo|Win32.ActiveCfg = RelWithDebInfo|Win32
		{7D1E7942-1A54-33E0-8570-2E29C8B466BD}.RelWithDebInfo|Win32.Build.0 = RelWithDebInfo|Win32
		{96920819-9D1E-3C7E-AA0C-71924B3C9783}.Debug|Win32.ActiveCfg = Debug|Win32
		{96920819-9D1E-3C7E-AA0C-71924B3C9783}.Debug|Win32.Build.0 = Debug|Win32
		{96920819-9D1E-3C7E-AA0C-71924B3C9783}.Release|Win32.ActiveCfg = Release|Win32
		{96920819-9D1E-3C7E-AA0C-71924B3C9783}.Release|Win32.Build.0 = Release|Win32
		{96920819-9D1E-3C7E-AA0C-71924B3C9783}.MinSizeRel|Win32.ActiveCfg = MinSizeRel|Win32
		{96920819-9D1E-3C7E-AA0C-71924B3C9783}.MinSizeRel|Win32.Build.0 = MinSizeRel|Win32
		{96920819-9D1E-3C7E-AA0C-71924B3C9783}.RelWithDebInfo|Win32.ActiveCfg = RelWithDebInfo|Win32
		{96920819-9D1E-3C7E-AA0C-71924B3C9783}.RelWithDebInfo|Win32.Build.0 = RelWithDebInfo|Win32
		{C9BDDC90-0419-3862-82D0-D68147646D92}.Debug|Win32.ActiveCfg = Debug|Win32
		{C9BDDC90-0419-3862-82D0-D68147646D92}.Debug|Win32.Build.0 = Debug|Win32
		{C9BDDC90-0419-3862-82D0-D68147646D92}.Release|Win32.ActiveCfg = Release|Win32
		{C9BDDC90-0419-3862-82D0-D68147646D92}.Release|Win32.Build.0 = Release|Win32
		{C9BDDC90-0419-3862-82D0-D68147646D92}.MinSizeRel|Win32.ActiveCfg = MinSizeRel|Win32
		{C9BDDC90-0419-3862-82D0-D68147646D92}.MinSizeRel|Win32.Build.0 = MinSizeRel|Win32
		{C9BDDC90-0419-3862-82D0-D68147646D92}.RelWithDebInfo|Win32.ActiveCfg = RelWithDebInfo|Win32
		{C9BDDC90-0419-3862-82D0-D68147646D92}.RelWithDebInfo|Win32.Build.0 = RelWithDebInfo|Win32
	EndGlobalSection
	GlobalSection(ExtensibilityGlobals) = postSolution
		SolutionGuid = {0511EF14-DCFD-3774-BDD9-F03597906BFC}
	EndGlobalSection
	GlobalSection(ExtensibilityAddIns) = postSolution
	EndGlobalSection
EndGlobal
