
Microsoft Visual Studio Solution File, Format Version 12.00
# Visual Studio Version 17
Project("{8BC9CEB8-8B4A-11D0-8D11-00A0C91BC942}") = "ALL_BUILD", "ALL_BUILD.vcxproj", "{3CE5A9BF-9594-3A7D-A549-397F0538A4FF}"
	ProjectSection(ProjectDependencies) = postProject
		{2BAEB0E4-FE88-3B2A-94CB-656E4D65B8CE} = {2BAEB0E4-FE88-3B2A-94CB-656E4D65B8CE}
		{F296E818-78C1-3739-9806-365C72D626B4} = {F296E818-78C1-3739-9806-365C72D626B4}
		{FC5BAFC1-74D3-3E21-9664-9CA39363CC2B} = {FC5BAFC1-74D3-3E21-9664-9CA39363CC2B}
		{FDE1F7EB-9EA6-368E-A6EE-79B8C6153345} = {FDE1F7EB-9EA6-368E-A6EE-79B8C6153345}
		{28110D06-BC03-3AA3-8167-AB3023EC8E8A} = {28110D06-BC03-3AA3-8167-AB3023EC8E8A}
		{C0A89CC4-4910-3B66-87C9-4112F935ADD8} = {C0A89CC4-4910-3B66-87C9-4112F935ADD8}
		{5498C1F4-E801-30BD-92BE-FD7868FA32B0} = {5498C1F4-E801-30BD-92BE-FD7868FA32B0}
		{BA7063CC-4EE4-3B0C-A8CC-90CC497CA9A3} = {BA7063CC-4EE4-3B0C-A8CC-90CC497CA9A3}
		{8FA3CFA9-EDD8-373E-BE7D-DB7E9522DA40} = {8FA3CFA9-EDD8-373E-BE7D-DB7E9522DA40}
		{D7F6B989-E1A1-39B7-BA04-431C425BE55A} = {D7F6B989-E1A1-39B7-BA04-431C425BE55A}
	EndProjectSection
EndProject
Project("{8BC9CEB8-8B4A-11D0-8D11-00A0C91BC942}") = "Continuous", "Continuous.vcxproj", "{8DF11165-7B6F-3224-B5ED-231869BB668A}"
	ProjectSection(ProjectDependencies) = postProject
		{2BAEB0E4-FE88-3B2A-94CB-656E4D65B8CE} = {2BAEB0E4-FE88-3B2A-94CB-656E4D65B8CE}
	EndProjectSection
EndProject
Project("{8BC9CEB8-8B4A-11D0-8D11-00A0C91BC942}") = "Experimental", "Experimental.vcxproj", "{152BD073-A9E6-3E96-AE30-88F5C58582F7}"
	ProjectSection(ProjectDependencies) = postProject
		{2BAEB0E4-FE88-3B2A-94CB-656E4D65B8CE} = {2BAEB0E4-FE88-3B2A-94CB-656E4D65B8CE}
	EndProjectSection
EndProject
Project("{8BC9CEB8-8B4A-11D0-8D11-00A0C91BC942}") = "INSTALL", "INSTALL.vcxproj", "{1E7EB288-5B02-3A10-98E0-7C1B3A5FF970}"
	ProjectSection(ProjectDependencies) = postProject
		{3CE5A9BF-9594-3A7D-A549-397F0538A4FF} = {3CE5A9BF-9594-3A7D-A549-397F0538A4FF}
		{2BAEB0E4-FE88-3B2A-94CB-656E4D65B8CE} = {2BAEB0E4-FE88-3B2A-94CB-656E4D65B8CE}
	EndProjectSection
EndProject
Project("{8BC9CEB8-8B4A-11D0-8D11-00A0C91BC942}") = "Nightly", "Nightly.vcxproj", "{9C818394-13B4-37A0-8D82-AA1E35DDB7FE}"
	ProjectSection(ProjectDependencies) = postProject
		{2BAEB0E4-FE88-3B2A-94CB-656E4D65B8CE} = {2BAEB0E4-FE88-3B2A-94CB-656E4D65B8CE}
	EndProjectSection
EndProject
Project("{8BC9CEB8-8B4A-11D0-8D11-00A0C91BC942}") = "NightlyMemoryCheck", "NightlyMemoryCheck.vcxproj", "{559C45B0-5B9E-3D7B-BC1B-075E1D1A1C97}"
	ProjectSection(ProjectDependencies) = postProject
		{2BAEB0E4-FE88-3B2A-94CB-656E4D65B8CE} = {2BAEB0E4-FE88-3B2A-94CB-656E4D65B8CE}
	EndProjectSection
EndProject
Project("{8BC9CEB8-8B4A-11D0-8D11-00A0C91BC942}") = "RUN_TESTS", "RUN_TESTS.vcxproj", "{1FE1F7F5-765C-3C4E-9617-122BE63B7FAD}"
	ProjectSection(ProjectDependencies) = postProject
		{2BAEB0E4-FE88-3B2A-94CB-656E4D65B8CE} = {2BAEB0E4-FE88-3B2A-94CB-656E4D65B8CE}
	EndProjectSection
EndProject
Project("{8BC9CEB8-8B4A-11D0-8D11-00A0C91BC942}") = "ZERO_CHECK", "ZERO_CHECK.vcxproj", "{2BAEB0E4-FE88-3B2A-94CB-656E4D65B8CE}"
	ProjectSection(ProjectDependencies) = postProject
	EndProjectSection
EndProject
Project("{8BC9CEB8-8B4A-11D0-8D11-00A0C91BC942}") = "gmock", "test\prefix\googlemock\gmock.vcxproj", "{F296E818-78C1-3739-9806-365C72D626B4}"
	ProjectSection(ProjectDependencies) = postProject
		{2BAEB0E4-FE88-3B2A-94CB-656E4D65B8CE} = {2BAEB0E4-FE88-3B2A-94CB-656E4D65B8CE}
	EndProjectSection
EndProject
Project("{8BC9CEB8-8B4A-11D0-8D11-00A0C91BC942}") = "gmock_main", "test\prefix\googlemock\gmock_main.vcxproj", "{FC5BAFC1-74D3-3E21-9664-9CA39363CC2B}"
	ProjectSection(ProjectDependencies) = postProject
		{2BAEB0E4-FE88-3B2A-94CB-656E4D65B8CE} = {2BAEB0E4-FE88-3B2A-94CB-656E4D65B8CE}
	EndProjectSection
EndProject
Project("{8BC9CEB8-8B4A-11D0-8D11-00A0C91BC942}") = "gtest", "test\prefix\googletest\gtest.vcxproj", "{FDE1F7EB-9EA6-368E-A6EE-79B8C6153345}"
	ProjectSection(ProjectDependencies) = postProject
		{2BAEB0E4-FE88-3B2A-94CB-656E4D65B8CE} = {2BAEB0E4-FE88-3B2A-94CB-656E4D65B8CE}
	EndProjectSection
EndProject
Project("{8BC9CEB8-8B4A-11D0-8D11-00A0C91BC942}") = "gtest_main", "test\prefix\googletest\gtest_main.vcxproj", "{28110D06-BC03-3AA3-8167-AB3023EC8E8A}"
	ProjectSection(ProjectDependencies) = postProject
		{2BAEB0E4-FE88-3B2A-94CB-656E4D65B8CE} = {2BAEB0E4-FE88-3B2A-94CB-656E4D65B8CE}
		{FDE1F7EB-9EA6-368E-A6EE-79B8C6153345} = {FDE1F7EB-9EA6-368E-A6EE-79B8C6153345}
	EndProjectSection
EndProject
Project("{8BC9CEB8-8B4A-11D0-8D11-00A0C91BC942}") = "uninstall", "uninstall.vcxproj", "{AFAD87DF-60EE-303A-9F20-5E5C46A1A504}"
	ProjectSection(ProjectDependencies) = postProject
		{2BAEB0E4-FE88-3B2A-94CB-656E4D65B8CE} = {2BAEB0E4-FE88-3B2A-94CB-656E4D65B8CE}
	EndProjectSection
EndProject
Project("{8BC9CEB8-8B4A-11D0-8D11-00A0C91BC942}") = "yaml-cpp", "yaml-cpp.vcxproj", "{C0A89CC4-4910-3B66-87C9-4112F935ADD8}"
	ProjectSection(ProjectDependencies) = postProject
		{2BAEB0E4-FE88-3B2A-94CB-656E4D65B8CE} = {2BAEB0E4-FE88-3B2A-94CB-656E4D65B8CE}
	EndProjectSection
EndProject
Project("{8BC9CEB8-8B4A-11D0-8D11-00A0C91BC942}") = "yaml-cpp-parse", "util\yaml-cpp-parse.vcxproj", "{5498C1F4-E801-30BD-92BE-FD7868FA32B0}"
	ProjectSection(ProjectDependencies) = postProject
		{2BAEB0E4-FE88-3B2A-94CB-656E4D65B8CE} = {2BAEB0E4-FE88-3B2A-94CB-656E4D65B8CE}
		{C0A89CC4-4910-3B66-87C9-4112F935ADD8} = {C0A89CC4-4910-3B66-87C9-4112F935ADD8}
	EndProjectSection
EndProject
Project("{8BC9CEB8-8B4A-11D0-8D11-00A0C91BC942}") = "yaml-cpp-read", "util\yaml-cpp-read.vcxproj", "{BA7063CC-4EE4-3B0C-A8CC-90CC497CA9A3}"
	ProjectSection(ProjectDependencies) = postProject
		{2BAEB0E4-FE88-3B2A-94CB-656E4D65B8CE} = {2BAEB0E4-FE88-3B2A-94CB-656E4D65B8CE}
		{C0A89CC4-4910-3B66-87C9-4112F935ADD8} = {C0A89CC4-4910-3B66-87C9-4112F935ADD8}
	EndProjectSection
EndProject
Project("{8BC9CEB8-8B4A-11D0-8D11-00A0C91BC942}") = "yaml-cpp-sandbox", "util\yaml-cpp-sandbox.vcxproj", "{8FA3CFA9-EDD8-373E-BE7D-DB7E9522DA40}"
	ProjectSection(ProjectDependencies) = postProject
		{2BAEB0E4-FE88-3B2A-94CB-656E4D65B8CE} = {2BAEB0E4-FE88-3B2A-94CB-656E4D65B8CE}
		{C0A89CC4-4910-3B66-87C9-4112F935ADD8} = {C0A89CC4-4910-3B66-87C9-4112F935ADD8}
	EndProjectSection
EndProject
Project("{8BC9CEB8-8B4A-11D0-8D11-00A0C91BC942}") = "yaml-cpp-tests", "test\yaml-cpp-tests.vcxproj", "{D7F6B989-E1A1-39B7-BA04-431C425BE55A}"
	ProjectSection(ProjectDependencies) = postProject
		{2BAEB0E4-FE88-3B2A-94CB-656E4D65B8CE} = {2BAEB0E4-FE88-3B2A-94CB-656E4D65B8CE}
		{F296E818-78C1-3739-9806-365C72D626B4} = {F296E818-78C1-3739-9806-365C72D626B4}
		{C0A89CC4-4910-3B66-87C9-4112F935ADD8} = {C0A89CC4-4910-3B66-87C9-4112F935ADD8}
	EndProjectSection
EndProject
Global
	GlobalSection(SolutionConfigurationPlatforms) = preSolution
		Debug|x64 = Debug|x64
		Release|x64 = Release|x64
		MinSizeRel|x64 = MinSizeRel|x64
		RelWithDebInfo|x64 = RelWithDebInfo|x64
	EndGlobalSection
	GlobalSection(ProjectConfigurationPlatforms) = postSolution
		{3CE5A9BF-9594-3A7D-A549-397F0538A4FF}.Debug|x64.ActiveCfg = Debug|x64
		{3CE5A9BF-9594-3A7D-A549-397F0538A4FF}.Debug|x64.Build.0 = Debug|x64
		{3CE5A9BF-9594-3A7D-A549-397F0538A4FF}.Release|x64.ActiveCfg = Release|x64
		{3CE5A9BF-9594-3A7D-A549-397F0538A4FF}.Release|x64.Build.0 = Release|x64
		{3CE5A9BF-9594-3A7D-A549-397F0538A4FF}.MinSizeRel|x64.ActiveCfg = MinSizeRel|x64
		{3CE5A9BF-9594-3A7D-A549-397F0538A4FF}.MinSizeRel|x64.Build.0 = MinSizeRel|x64
		{3CE5A9BF-9594-3A7D-A549-397F0538A4FF}.RelWithDebInfo|x64.ActiveCfg = RelWithDebInfo|x64
		{3CE5A9BF-9594-3A7D-A549-397F0538A4FF}.RelWithDebInfo|x64.Build.0 = RelWithDebInfo|x64
		{8DF11165-7B6F-3224-B5ED-231869BB668A}.Debug|x64.ActiveCfg = Debug|x64
		{8DF11165-7B6F-3224-B5ED-231869BB668A}.Release|x64.ActiveCfg = Release|x64
		{8DF11165-7B6F-3224-B5ED-231869BB668A}.MinSizeRel|x64.ActiveCfg = MinSizeRel|x64
		{8DF11165-7B6F-3224-B5ED-231869BB668A}.RelWithDebInfo|x64.ActiveCfg = RelWithDebInfo|x64
		{152BD073-A9E6-3E96-AE30-88F5C58582F7}.Debug|x64.ActiveCfg = Debug|x64
		{152BD073-A9E6-3E96-AE30-88F5C58582F7}.Release|x64.ActiveCfg = Release|x64
		{152BD073-A9E6-3E96-AE30-88F5C58582F7}.MinSizeRel|x64.ActiveCfg = MinSizeRel|x64
		{152BD073-A9E6-3E96-AE30-88F5C58582F7}.RelWithDebInfo|x64.ActiveCfg = RelWithDebInfo|x64
		{1E7EB288-5B02-3A10-98E0-7C1B3A5FF970}.Debug|x64.ActiveCfg = Debug|x64
		{1E7EB288-5B02-3A10-98E0-7C1B3A5FF970}.Release|x64.ActiveCfg = Release|x64
		{1E7EB288-5B02-3A10-98E0-7C1B3A5FF970}.MinSizeRel|x64.ActiveCfg = MinSizeRel|x64
		{1E7EB288-5B02-3A10-98E0-7C1B3A5FF970}.RelWithDebInfo|x64.ActiveCfg = RelWithDebInfo|x64
		{9C818394-13B4-37A0-8D82-AA1E35DDB7FE}.Debug|x64.ActiveCfg = Debug|x64
		{9C818394-13B4-37A0-8D82-AA1E35DDB7FE}.Release|x64.ActiveCfg = Release|x64
		{9C818394-13B4-37A0-8D82-AA1E35DDB7FE}.MinSizeRel|x64.ActiveCfg = MinSizeRel|x64
		{9C818394-13B4-37A0-8D82-AA1E35DDB7FE}.RelWithDebInfo|x64.ActiveCfg = RelWithDebInfo|x64
		{559C45B0-5B9E-3D7B-BC1B-075E1D1A1C97}.Debug|x64.ActiveCfg = Debug|x64
		{559C45B0-5B9E-3D7B-BC1B-075E1D1A1C97}.Release|x64.ActiveCfg = Release|x64
		{559C45B0-5B9E-3D7B-BC1B-075E1D1A1C97}.MinSizeRel|x64.ActiveCfg = MinSizeRel|x64
		{559C45B0-5B9E-3D7B-BC1B-075E1D1A1C97}.RelWithDebInfo|x64.ActiveCfg = RelWithDebInfo|x64
		{1FE1F7F5-765C-3C4E-9617-122BE63B7FAD}.Debug|x64.ActiveCfg = Debug|x64
		{1FE1F7F5-765C-3C4E-9617-122BE63B7FAD}.Release|x64.ActiveCfg = Release|x64
		{1FE1F7F5-765C-3C4E-9617-122BE63B7FAD}.MinSizeRel|x64.ActiveCfg = MinSizeRel|x64
		{1FE1F7F5-765C-3C4E-9617-122BE63B7FAD}.RelWithDebInfo|x64.ActiveCfg = RelWithDebInfo|x64
		{2BAEB0E4-FE88-3B2A-94CB-656E4D65B8CE}.Debug|x64.ActiveCfg = Debug|x64
		{2BAEB0E4-FE88-3B2A-94CB-656E4D65B8CE}.Debug|x64.Build.0 = Debug|x64
		{2BAEB0E4-FE88-3B2A-94CB-656E4D65B8CE}.Release|x64.ActiveCfg = Release|x64
		{2BAEB0E4-FE88-3B2A-94CB-656E4D65B8CE}.Release|x64.Build.0 = Release|x64
		{2BAEB0E4-FE88-3B2A-94CB-656E4D65B8CE}.MinSizeRel|x64.ActiveCfg = MinSizeRel|x64
		{2BAEB0E4-FE88-3B2A-94CB-656E4D65B8CE}.MinSizeRel|x64.Build.0 = MinSizeRel|x64
		{2BAEB0E4-FE88-3B2A-94CB-656E4D65B8CE}.RelWithDebInfo|x64.ActiveCfg = RelWithDebInfo|x64
		{2BAEB0E4-FE88-3B2A-94CB-656E4D65B8CE}.RelWithDebInfo|x64.Build.0 = RelWithDebInfo|x64
		{F296E818-78C1-3739-9806-365C72D626B4}.Debug|x64.ActiveCfg = Debug|x64
		{F296E818-78C1-3739-9806-365C72D626B4}.Debug|x64.Build.0 = Debug|x64
		{F296E818-78C1-3739-9806-365C72D626B4}.Release|x64.ActiveCfg = Release|x64
		{F296E818-78C1-3739-9806-365C72D626B4}.Release|x64.Build.0 = Release|x64
		{F296E818-78C1-3739-9806-365C72D626B4}.MinSizeRel|x64.ActiveCfg = MinSizeRel|x64
		{F296E818-78C1-3739-9806-365C72D626B4}.MinSizeRel|x64.Build.0 = MinSizeRel|x64
		{F296E818-78C1-3739-9806-365C72D626B4}.RelWithDebInfo|x64.ActiveCfg = RelWithDebInfo|x64
		{F296E818-78C1-3739-9806-365C72D626B4}.RelWithDebInfo|x64.Build.0 = RelWithDebInfo|x64
		{FC5BAFC1-74D3-3E21-9664-9CA39363CC2B}.Debug|x64.ActiveCfg = Debug|x64
		{FC5BAFC1-74D3-3E21-9664-9CA39363CC2B}.Debug|x64.Build.0 = Debug|x64
		{FC5BAFC1-74D3-3E21-9664-9CA39363CC2B}.Release|x64.ActiveCfg = Release|x64
		{FC5BAFC1-74D3-3E21-9664-9CA39363CC2B}.Release|x64.Build.0 = Release|x64
		{FC5BAFC1-74D3-3E21-9664-9CA39363CC2B}.MinSizeRel|x64.ActiveCfg = MinSizeRel|x64
		{FC5BAFC1-74D3-3E21-9664-9CA39363CC2B}.MinSizeRel|x64.Build.0 = MinSizeRel|x64
		{FC5BAFC1-74D3-3E21-9664-9CA39363CC2B}.RelWithDebInfo|x64.ActiveCfg = RelWithDebInfo|x64
		{FC5BAFC1-74D3-3E21-9664-9CA39363CC2B}.RelWithDebInfo|x64.Build.0 = RelWithDebInfo|x64
		{FDE1F7EB-9EA6-368E-A6EE-79B8C6153345}.Debug|x64.ActiveCfg = Debug|x64
		{FDE1F7EB-9EA6-368E-A6EE-79B8C6153345}.Debug|x64.Build.0 = Debug|x64
		{FDE1F7EB-9EA6-368E-A6EE-79B8C6153345}.Release|x64.ActiveCfg = Release|x64
		{FDE1F7EB-9EA6-368E-A6EE-79B8C6153345}.Release|x64.Build.0 = Release|x64
		{FDE1F7EB-9EA6-368E-A6EE-79B8C6153345}.MinSizeRel|x64.ActiveCfg = MinSizeRel|x64
		{FDE1F7EB-9EA6-368E-A6EE-79B8C6153345}.MinSizeRel|x64.Build.0 = MinSizeRel|x64
		{FDE1F7EB-9EA6-368E-A6EE-79B8C6153345}.RelWithDebInfo|x64.ActiveCfg = RelWithDebInfo|x64
		{FDE1F7EB-9EA6-368E-A6EE-79B8C6153345}.RelWithDebInfo|x64.Build.0 = RelWithDebInfo|x64
		{28110D06-BC03-3AA3-8167-AB3023EC8E8A}.Debug|x64.ActiveCfg = Debug|x64
		{28110D06-BC03-3AA3-8167-AB3023EC8E8A}.Debug|x64.Build.0 = Debug|x64
		{28110D06-BC03-3AA3-8167-AB3023EC8E8A}.Release|x64.ActiveCfg = Release|x64
		{28110D06-BC03-3AA3-8167-AB3023EC8E8A}.Release|x64.Build.0 = Release|x64
		{28110D06-BC03-3AA3-8167-AB3023EC8E8A}.MinSizeRel|x64.ActiveCfg = MinSizeRel|x64
		{28110D06-BC03-3AA3-8167-AB3023EC8E8A}.MinSizeRel|x64.Build.0 = MinSizeRel|x64
		{28110D06-BC03-3AA3-8167-AB3023EC8E8A}.RelWithDebInfo|x64.ActiveCfg = RelWithDebInfo|x64
		{28110D06-BC03-3AA3-8167-AB3023EC8E8A}.RelWithDebInfo|x64.Build.0 = RelWithDebInfo|x64
		{AFAD87DF-60EE-303A-9F20-5E5C46A1A504}.Debug|x64.ActiveCfg = Debug|x64
		{AFAD87DF-60EE-303A-9F20-5E5C46A1A504}.Release|x64.ActiveCfg = Release|x64
		{AFAD87DF-60EE-303A-9F20-5E5C46A1A504}.MinSizeRel|x64.ActiveCfg = MinSizeRel|x64
		{AFAD87DF-60EE-303A-9F20-5E5C46A1A504}.RelWithDebInfo|x64.ActiveCfg = RelWithDebInfo|x64
		{C0A89CC4-4910-3B66-87C9-4112F935ADD8}.Debug|x64.ActiveCfg = Debug|x64
		{C0A89CC4-4910-3B66-87C9-4112F935ADD8}.Debug|x64.Build.0 = Debug|x64
		{C0A89CC4-4910-3B66-87C9-4112F935ADD8}.Release|x64.ActiveCfg = Release|x64
		{C0A89CC4-4910-3B66-87C9-4112F935ADD8}.Release|x64.Build.0 = Release|x64
		{C0A89CC4-4910-3B66-87C9-4112F935ADD8}.MinSizeRel|x64.ActiveCfg = MinSizeRel|x64
		{C0A89CC4-4910-3B66-87C9-4112F935ADD8}.MinSizeRel|x64.Build.0 = MinSizeRel|x64
		{C0A89CC4-4910-3B66-87C9-4112F935ADD8}.RelWithDebInfo|x64.ActiveCfg = RelWithDebInfo|x64
		{C0A89CC4-4910-3B66-87C9-4112F935ADD8}.RelWithDebInfo|x64.Build.0 = RelWithDebInfo|x64
		{5498C1F4-E801-30BD-92BE-FD7868FA32B0}.Debug|x64.ActiveCfg = Debug|x64
		{5498C1F4-E801-30BD-92BE-FD7868FA32B0}.Debug|x64.Build.0 = Debug|x64
		{5498C1F4-E801-30BD-92BE-FD7868FA32B0}.Release|x64.ActiveCfg = Release|x64
		{5498C1F4-E801-30BD-92BE-FD7868FA32B0}.Release|x64.Build.0 = Release|x64
		{5498C1F4-E801-30BD-92BE-FD7868FA32B0}.MinSizeRel|x64.ActiveCfg = MinSizeRel|x64
		{5498C1F4-E801-30BD-92BE-FD7868FA32B0}.MinSizeRel|x64.Build.0 = MinSizeRel|x64
		{5498C1F4-E801-30BD-92BE-FD7868FA32B0}.RelWithDebInfo|x64.ActiveCfg = RelWithDebInfo|x64
		{5498C1F4-E801-30BD-92BE-FD7868FA32B0}.RelWithDebInfo|x64.Build.0 = RelWithDebInfo|x64
		{BA7063CC-4EE4-3B0C-A8CC-90CC497CA9A3}.Debug|x64.ActiveCfg = Debug|x64
		{BA7063CC-4EE4-3B0C-A8CC-90CC497CA9A3}.Debug|x64.Build.0 = Debug|x64
		{BA7063CC-4EE4-3B0C-A8CC-90CC497CA9A3}.Release|x64.ActiveCfg = Release|x64
		{BA7063CC-4EE4-3B0C-A8CC-90CC497CA9A3}.Release|x64.Build.0 = Release|x64
		{BA7063CC-4EE4-3B0C-A8CC-90CC497CA9A3}.MinSizeRel|x64.ActiveCfg = MinSizeRel|x64
		{BA7063CC-4EE4-3B0C-A8CC-90CC497CA9A3}.MinSizeRel|x64.Build.0 = MinSizeRel|x64
		{BA7063CC-4EE4-3B0C-A8CC-90CC497CA9A3}.RelWithDebInfo|x64.ActiveCfg = RelWithDebInfo|x64
		{BA7063CC-4EE4-3B0C-A8CC-90CC497CA9A3}.RelWithDebInfo|x64.Build.0 = RelWithDebInfo|x64
		{8FA3CFA9-EDD8-373E-BE7D-DB7E9522DA40}.Debug|x64.ActiveCfg = Debug|x64
		{8FA3CFA9-EDD8-373E-BE7D-DB7E9522DA40}.Debug|x64.Build.0 = Debug|x64
		{8FA3CFA9-EDD8-373E-BE7D-DB7E9522DA40}.Release|x64.ActiveCfg = Release|x64
		{8FA3CFA9-EDD8-373E-BE7D-DB7E9522DA40}.Release|x64.Build.0 = Release|x64
		{8FA3CFA9-EDD8-373E-BE7D-DB7E9522DA40}.MinSizeRel|x64.ActiveCfg = MinSizeRel|x64
		{8FA3CFA9-EDD8-373E-BE7D-DB7E9522DA40}.MinSizeRel|x64.Build.0 = MinSizeRel|x64
		{8FA3CFA9-EDD8-373E-BE7D-DB7E9522DA40}.RelWithDebInfo|x64.ActiveCfg = RelWithDebInfo|x64
		{8FA3CFA9-EDD8-373E-BE7D-DB7E9522DA40}.RelWithDebInfo|x64.Build.0 = RelWithDebInfo|x64
		{D7F6B989-E1A1-39B7-BA04-431C425BE55A}.Debug|x64.ActiveCfg = Debug|x64
		{D7F6B989-E1A1-39B7-BA04-431C425BE55A}.Debug|x64.Build.0 = Debug|x64
		{D7F6B989-E1A1-39B7-BA04-431C425BE55A}.Release|x64.ActiveCfg = Release|x64
		{D7F6B989-E1A1-39B7-BA04-431C425BE55A}.Release|x64.Build.0 = Release|x64
		{D7F6B989-E1A1-39B7-BA04-431C425BE55A}.MinSizeRel|x64.ActiveCfg = MinSizeRel|x64
		{D7F6B989-E1A1-39B7-BA04-431C425BE55A}.MinSizeRel|x64.Build.0 = MinSizeRel|x64
		{D7F6B989-E1A1-39B7-BA04-431C425BE55A}.RelWithDebInfo|x64.ActiveCfg = RelWithDebInfo|x64
		{D7F6B989-E1A1-39B7-BA04-431C425BE55A}.RelWithDebInfo|x64.Build.0 = RelWithDebInfo|x64
	EndGlobalSection
	GlobalSection(ExtensibilityGlobals) = postSolution
		SolutionGuid = {74EF77AD-A9A6-30EC-B359-6DD34019CBF0}
	EndGlobalSection
	GlobalSection(ExtensibilityAddIns) = postSolution
	EndGlobalSection
EndGlobal
