
Microsoft Visual Studio Solution File, Format Version 12.00
# Visual Studio Version 16
VisualStudioVersion = 16.0.31911.196
MinimumVisualStudioVersion = 10.0.40219.1
Project("{8BC9CEB8-8B4A-11D0-8D11-00A0C91BC942}") = "scan", "scan\scan.vcxproj", "{79534C1B-505E-4BAB-ABA1-C2F4BBC6FC02}"
	ProjectSection(ProjectDependencies) = postProject
		{77427D08-54F8-46F4-80E4-A147B852E1BF} = {77427D08-54F8-46F4-80E4-A147B852E1BF}
	EndProjectSection
EndProject
Project("{8BC9CEB8-8B4A-11D0-8D11-00A0C91BC942}") = "libnet", "lib\libnet\libnet\libnet.vcxproj", "{77427D08-54F8-46F4-80E4-A147B852E1BF}"
EndProject
Project("{8BC9CEB8-8B4A-11D0-8D11-00A0C91BC942}") = "sqlite3", "sqlite3\sqlite3.vcxproj", "{70EEC590-C2A6-4D86-B287-D8F716401673}"
EndProject
Global
	GlobalSection(SolutionConfigurationPlatforms) = preSolution
		Debug|x64 = Debug|x64
		Debug|x86 = Debug|x86
		Release|x64 = Release|x64
		Release|x86 = Release|x86
	EndGlobalSection
	GlobalSection(ProjectConfigurationPlatforms) = postSolution
		{79534C1B-505E-4BAB-ABA1-C2F4BBC6FC02}.Debug|x64.ActiveCfg = Debug|x64
		{79534C1B-505E-4BAB-ABA1-C2F4BBC6FC02}.Debug|x64.Build.0 = Debug|x64
		{79534C1B-505E-4BAB-ABA1-C2F4BBC6FC02}.Debug|x86.ActiveCfg = Debug|Win32
		{79534C1B-505E-4BAB-ABA1-C2F4BBC6FC02}.Debug|x86.Build.0 = Debug|Win32
		{79534C1B-505E-4BAB-ABA1-C2F4BBC6FC02}.Release|x64.ActiveCfg = Release|x64
		{79534C1B-505E-4BAB-ABA1-C2F4BBC6FC02}.Release|x64.Build.0 = Release|x64
		{79534C1B-505E-4BAB-ABA1-C2F4BBC6FC02}.Release|x86.ActiveCfg = Release|Win32
		{79534C1B-505E-4BAB-ABA1-C2F4BBC6FC02}.Release|x86.Build.0 = Release|Win32
		{77427D08-54F8-46F4-80E4-A147B852E1BF}.Debug|x64.ActiveCfg = Debug|x64
		{77427D08-54F8-46F4-80E4-A147B852E1BF}.Debug|x64.Build.0 = Debug|x64
		{77427D08-54F8-46F4-80E4-A147B852E1BF}.Debug|x86.ActiveCfg = Debug|Win32
		{77427D08-54F8-46F4-80E4-A147B852E1BF}.Debug|x86.Build.0 = Debug|Win32
		{77427D08-54F8-46F4-80E4-A147B852E1BF}.Release|x64.ActiveCfg = Release|x64
		{77427D08-54F8-46F4-80E4-A147B852E1BF}.Release|x64.Build.0 = Release|x64
		{77427D08-54F8-46F4-80E4-A147B852E1BF}.Release|x86.ActiveCfg = Release|Win32
		{77427D08-54F8-46F4-80E4-A147B852E1BF}.Release|x86.Build.0 = Release|Win32
		{70EEC590-C2A6-4D86-B287-D8F716401673}.Debug|x64.ActiveCfg = Debug|x64
		{70EEC590-C2A6-4D86-B287-D8F716401673}.Debug|x64.Build.0 = Debug|x64
		{70EEC590-C2A6-4D86-B287-D8F716401673}.Debug|x86.ActiveCfg = Debug|Win32
		{70EEC590-C2A6-4D86-B287-D8F716401673}.Debug|x86.Build.0 = Debug|Win32
		{70EEC590-C2A6-4D86-B287-D8F716401673}.Release|x64.ActiveCfg = Release|x64
		{70EEC590-C2A6-4D86-B287-D8F716401673}.Release|x64.Build.0 = Release|x64
		{70EEC590-C2A6-4D86-B287-D8F716401673}.Release|x86.ActiveCfg = Release|Win32
		{70EEC590-C2A6-4D86-B287-D8F716401673}.Release|x86.Build.0 = Release|Win32
	EndGlobalSection
	GlobalSection(SolutionProperties) = preSolution
		HideSolutionNode = FALSE
	EndGlobalSection
	GlobalSection(ExtensibilityGlobals) = postSolution
		SolutionGuid = {6CEC55ED-B8F2-4D38-AC6B-BB2CA2A28742}
	EndGlobalSection
EndGlobal
