<?xml version="1.0" encoding="utf-8"?>
<Project ToolsVersion="17.0" xmlns="http://schemas.microsoft.com/developer/msbuild/2003">
  <ItemGroup>
    <CustomBuild Include="D:\git\github\windows\libs\winlibyaml\trunk\solution\yaml-cpp-x64\CMakeFiles\f1e629f7c4773eb9589cc70b2b38bd8c\INSTALL_force.rule">
      <Filter>CMake Rules</Filter>
    </CustomBuild>
  </ItemGroup>
  <ItemGroup>
    <Filter Include="CMake Rules">
      <UniqueIdentifier>{8678FCF2-F6EE-3CD0-89DC-E1B607D809B9}</UniqueIdentifier>
    </Filter>
  </ItemGroup>
</Project>
